
Microsoft Visual Studio Solution File, Format Version 12.00
# Visual Studio Version 17
VisualStudioVersion = 17.0.31806.525
MinimumVisualStudioVersion = 10.0.40219.1
Project("{9A19103F-16F7-4668-BE54-9A1E7A4F7556}") = "Comet-net6", "src\Comet\Comet-net6.csproj", "{1817646E-E71E-48CF-80A4-3030EF870D61}"
EndProject
Project("{2150E333-8FDC-42A3-9474-1A3956D46DE8}") = "Sample", "Sample", "{C3FDCDB7-0C29-472D-A406-E2F21A4B0EAE}"
EndProject
Project("{2150E333-8FDC-42A3-9474-1A3956D46DE8}") = "Solution Items", "Solution Items", "{BC86B934-3C23-4DA8-A4F4-BB2B0C298DF5}"
	ProjectSection(SolutionItems) = preProject
		.editorconfig = .editorconfig
	EndProjectSection
EndProject
Project("{9A19103F-16F7-4668-BE54-9A1E7A4F7556}") = "Comet.Samples-net6", "sample\Comet.Samples\Comet.Samples-net6.csproj", "{D4931444-94DD-49C6-8AFC-2228CDBDD5EA}"
EndProject
Project("{9A19103F-16F7-4668-BE54-9A1E7A4F7556}") = "Comet.SingleProject.Sample", "sample\Comet.SingleProject.Sample\Comet.SingleProject.Sample.csproj", "{F193CE01-DF8B-4BC1-B9D5-C259455F61D6}"
EndProject
Project("{9A19103F-16F7-4668-BE54-9A1E7A4F7556}") = "Comet.SourceGenerator", "src\Comet.SourceGenerator\Comet.SourceGenerator.csproj", "{E8853E46-534E-46EC-840B-5AD3C47FEBA0}"
EndProject
Project("{9A19103F-16F7-4668-BE54-9A1E7A4F7556}") = "Comet.Reload", "src\Comet.Reload\Comet.Reload.csproj", "{D56EC99F-6752-4DBA-B48B-FB1FF65380AC}"
EndProject
Global
	GlobalSection(SolutionConfigurationPlatforms) = preSolution
		Debug|Any CPU = Debug|Any CPU
		Debug|ARM = Debug|ARM
		Debug|ARM64 = Debug|ARM64
		Debug|iPhone = Debug|iPhone
		Debug|iPhoneSimulator = Debug|iPhoneSimulator
		Debug|x64 = Debug|x64
		Debug|x86 = Debug|x86
		Release|Any CPU = Release|Any CPU
		Release|ARM = Release|ARM
		Release|ARM64 = Release|ARM64
		Release|iPhone = Release|iPhone
		Release|iPhoneSimulator = Release|iPhoneSimulator
		Release|x64 = Release|x64
		Release|x86 = Release|x86
	EndGlobalSection
	GlobalSection(ProjectConfigurationPlatforms) = postSolution
		{1817646E-E71E-48CF-80A4-3030EF870D61}.Debug|Any CPU.ActiveCfg = Debug|Any CPU
		{1817646E-E71E-48CF-80A4-3030EF870D61}.Debug|Any CPU.Build.0 = Debug|Any CPU
		{1817646E-E71E-48CF-80A4-3030EF870D61}.Debug|ARM.ActiveCfg = Debug|Any CPU
		{1817646E-E71E-48CF-80A4-3030EF870D61}.Debug|ARM.Build.0 = Debug|Any CPU
		{1817646E-E71E-48CF-80A4-3030EF870D61}.Debug|ARM64.ActiveCfg = Debug|Any CPU
		{1817646E-E71E-48CF-80A4-3030EF870D61}.Debug|ARM64.Build.0 = Debug|Any CPU
		{1817646E-E71E-48CF-80A4-3030EF870D61}.Debug|iPhone.ActiveCfg = Debug|Any CPU
		{1817646E-E71E-48CF-80A4-3030EF870D61}.Debug|iPhone.Build.0 = Debug|Any CPU
		{1817646E-E71E-48CF-80A4-3030EF870D61}.Debug|iPhoneSimulator.ActiveCfg = Debug|Any CPU
		{1817646E-E71E-48CF-80A4-3030EF870D61}.Debug|iPhoneSimulator.Build.0 = Debug|Any CPU
		{1817646E-E71E-48CF-80A4-3030EF870D61}.Debug|x64.ActiveCfg = Debug|Any CPU
		{1817646E-E71E-48CF-80A4-3030EF870D61}.Debug|x64.Build.0 = Debug|Any CPU
		{1817646E-E71E-48CF-80A4-3030EF870D61}.Debug|x86.ActiveCfg = Debug|Any CPU
		{1817646E-E71E-48CF-80A4-3030EF870D61}.Debug|x86.Build.0 = Debug|Any CPU
		{1817646E-E71E-48CF-80A4-3030EF870D61}.Release|Any CPU.ActiveCfg = Release|Any CPU
		{1817646E-E71E-48CF-80A4-3030EF870D61}.Release|Any CPU.Build.0 = Release|Any CPU
		{1817646E-E71E-48CF-80A4-3030EF870D61}.Release|ARM.ActiveCfg = Release|Any CPU
		{1817646E-E71E-48CF-80A4-3030EF870D61}.Release|ARM.Build.0 = Release|Any CPU
		{1817646E-E71E-48CF-80A4-3030EF870D61}.Release|ARM64.ActiveCfg = Release|Any CPU
		{1817646E-E71E-48CF-80A4-3030EF870D61}.Release|ARM64.Build.0 = Release|Any CPU
		{1817646E-E71E-48CF-80A4-3030EF870D61}.Release|iPhone.ActiveCfg = Release|Any CPU
		{1817646E-E71E-48CF-80A4-3030EF870D61}.Release|iPhone.Build.0 = Release|Any CPU
		{1817646E-E71E-48CF-80A4-3030EF870D61}.Release|iPhoneSimulator.ActiveCfg = Release|Any CPU
		{1817646E-E71E-48CF-80A4-3030EF870D61}.Release|iPhoneSimulator.Build.0 = Release|Any CPU
		{1817646E-E71E-48CF-80A4-3030EF870D61}.Release|x64.ActiveCfg = Release|Any CPU
		{1817646E-E71E-48CF-80A4-3030EF870D61}.Release|x64.Build.0 = Release|Any CPU
		{1817646E-E71E-48CF-80A4-3030EF870D61}.Release|x86.ActiveCfg = Release|Any CPU
		{1817646E-E71E-48CF-80A4-3030EF870D61}.Release|x86.Build.0 = Release|Any CPU
		{D4931444-94DD-49C6-8AFC-2228CDBDD5EA}.Debug|Any CPU.ActiveCfg = Debug|Any CPU
		{D4931444-94DD-49C6-8AFC-2228CDBDD5EA}.Debug|Any CPU.Build.0 = Debug|Any CPU
		{D4931444-94DD-49C6-8AFC-2228CDBDD5EA}.Debug|ARM.ActiveCfg = Debug|Any CPU
		{D4931444-94DD-49C6-8AFC-2228CDBDD5EA}.Debug|ARM.Build.0 = Debug|Any CPU
		{D4931444-94DD-49C6-8AFC-2228CDBDD5EA}.Debug|ARM64.ActiveCfg = Debug|Any CPU
		{D4931444-94DD-49C6-8AFC-2228CDBDD5EA}.Debug|ARM64.Build.0 = Debug|Any CPU
		{D4931444-94DD-49C6-8AFC-2228CDBDD5EA}.Debug|iPhone.ActiveCfg = Debug|Any CPU
		{D4931444-94DD-49C6-8AFC-2228CDBDD5EA}.Debug|iPhone.Build.0 = Debug|Any CPU
		{D4931444-94DD-49C6-8AFC-2228CDBDD5EA}.Debug|iPhoneSimulator.ActiveCfg = Debug|Any CPU
		{D4931444-94DD-49C6-8AFC-2228CDBDD5EA}.Debug|iPhoneSimulator.Build.0 = Debug|Any CPU
		{D4931444-94DD-49C6-8AFC-2228CDBDD5EA}.Debug|x64.ActiveCfg = Debug|Any CPU
		{D4931444-94DD-49C6-8AFC-2228CDBDD5EA}.Debug|x64.Build.0 = Debug|Any CPU
		{D4931444-94DD-49C6-8AFC-2228CDBDD5EA}.Debug|x86.ActiveCfg = Debug|Any CPU
		{D4931444-94DD-49C6-8AFC-2228CDBDD5EA}.Debug|x86.Build.0 = Debug|Any CPU
		{D4931444-94DD-49C6-8AFC-2228CDBDD5EA}.Release|Any CPU.ActiveCfg = Release|Any CPU
		{D4931444-94DD-49C6-8AFC-2228CDBDD5EA}.Release|Any CPU.Build.0 = Release|Any CPU
		{D4931444-94DD-49C6-8AFC-2228CDBDD5EA}.Release|ARM.ActiveCfg = Release|Any CPU
		{D4931444-94DD-49C6-8AFC-2228CDBDD5EA}.Release|ARM.Build.0 = Release|Any CPU
		{D4931444-94DD-49C6-8AFC-2228CDBDD5EA}.Release|ARM64.ActiveCfg = Release|Any CPU
		{D4931444-94DD-49C6-8AFC-2228CDBDD5EA}.Release|ARM64.Build.0 = Release|Any CPU
		{D4931444-94DD-49C6-8AFC-2228CDBDD5EA}.Release|iPhone.ActiveCfg = Release|Any CPU
		{D4931444-94DD-49C6-8AFC-2228CDBDD5EA}.Release|iPhone.Build.0 = Release|Any CPU
		{D4931444-94DD-49C6-8AFC-2228CDBDD5EA}.Release|iPhoneSimulator.ActiveCfg = Release|Any CPU
		{D4931444-94DD-49C6-8AFC-2228CDBDD5EA}.Release|iPhoneSimulator.Build.0 = Release|Any CPU
		{D4931444-94DD-49C6-8AFC-2228CDBDD5EA}.Release|x64.ActiveCfg = Release|Any CPU
		{D4931444-94DD-49C6-8AFC-2228CDBDD5EA}.Release|x64.Build.0 = Release|Any CPU
		{D4931444-94DD-49C6-8AFC-2228CDBDD5EA}.Release|x86.ActiveCfg = Release|Any CPU
		{D4931444-94DD-49C6-8AFC-2228CDBDD5EA}.Release|x86.Build.0 = Release|Any CPU
		{F193CE01-DF8B-4BC1-B9D5-C259455F61D6}.Debug|Any CPU.ActiveCfg = Debug|Any CPU
		{F193CE01-DF8B-4BC1-B9D5-C259455F61D6}.Debug|Any CPU.Build.0 = Debug|Any CPU
		{F193CE01-DF8B-4BC1-B9D5-C259455F61D6}.Debug|Any CPU.Deploy.0 = Debug|Any CPU
		{F193CE01-DF8B-4BC1-B9D5-C259455F61D6}.Debug|ARM.ActiveCfg = Debug|Any CPU
		{F193CE01-DF8B-4BC1-B9D5-C259455F61D6}.Debug|ARM.Build.0 = Debug|Any CPU
		{F193CE01-DF8B-4BC1-B9D5-C259455F61D6}.Debug|ARM.Deploy.0 = Debug|Any CPU
		{F193CE01-DF8B-4BC1-B9D5-C259455F61D6}.Debug|ARM64.ActiveCfg = Debug|Any CPU
		{F193CE01-DF8B-4BC1-B9D5-C259455F61D6}.Debug|ARM64.Build.0 = Debug|Any CPU
		{F193CE01-DF8B-4BC1-B9D5-C259455F61D6}.Debug|ARM64.Deploy.0 = Debug|Any CPU
		{F193CE01-DF8B-4BC1-B9D5-C259455F61D6}.Debug|iPhone.ActiveCfg = Debug|Any CPU
		{F193CE01-DF8B-4BC1-B9D5-C259455F61D6}.Debug|iPhone.Build.0 = Debug|Any CPU
		{F193CE01-DF8B-4BC1-B9D5-C259455F61D6}.Debug|iPhone.Deploy.0 = Debug|Any CPU
		{F193CE01-DF8B-4BC1-B9D5-C259455F61D6}.Debug|iPhoneSimulator.ActiveCfg = Debug|Any CPU
		{F193CE01-DF8B-4BC1-B9D5-C259455F61D6}.Debug|iPhoneSimulator.Build.0 = Debug|Any CPU
		{F193CE01-DF8B-4BC1-B9D5-C259455F61D6}.Debug|iPhoneSimulator.Deploy.0 = Debug|Any CPU
		{F193CE01-DF8B-4BC1-B9D5-C259455F61D6}.Debug|x64.ActiveCfg = Debug|Any CPU
		{F193CE01-DF8B-4BC1-B9D5-C259455F61D6}.Debug|x64.Build.0 = Debug|Any CPU
		{F193CE01-DF8B-4BC1-B9D5-C259455F61D6}.Debug|x64.Deploy.0 = Debug|Any CPU
		{F193CE01-DF8B-4BC1-B9D5-C259455F61D6}.Debug|x86.ActiveCfg = Debug|Any CPU
		{F193CE01-DF8B-4BC1-B9D5-C259455F61D6}.Debug|x86.Build.0 = Debug|Any CPU
		{F193CE01-DF8B-4BC1-B9D5-C259455F61D6}.Debug|x86.Deploy.0 = Debug|Any CPU
		{F193CE01-DF8B-4BC1-B9D5-C259455F61D6}.Release|Any CPU.ActiveCfg = Release|Any CPU
		{F193CE01-DF8B-4BC1-B9D5-C259455F61D6}.Release|Any CPU.Build.0 = Release|Any CPU
		{F193CE01-DF8B-4BC1-B9D5-C259455F61D6}.Release|Any CPU.Deploy.0 = Release|Any CPU
		{F193CE01-DF8B-4BC1-B9D5-C259455F61D6}.Release|ARM.ActiveCfg = Release|Any CPU
		{F193CE01-DF8B-4BC1-B9D5-C259455F61D6}.Release|ARM.Build.0 = Release|Any CPU
		{F193CE01-DF8B-4BC1-B9D5-C259455F61D6}.Release|ARM.Deploy.0 = Release|Any CPU
		{F193CE01-DF8B-4BC1-B9D5-C259455F61D6}.Release|ARM64.ActiveCfg = Release|Any CPU
		{F193CE01-DF8B-4BC1-B9D5-C259455F61D6}.Release|ARM64.Build.0 = Release|Any CPU
		{F193CE01-DF8B-4BC1-B9D5-C259455F61D6}.Release|ARM64.Deploy.0 = Release|Any CPU
		{F193CE01-DF8B-4BC1-B9D5-C259455F61D6}.Release|iPhone.ActiveCfg = Release|Any CPU
		{F193CE01-DF8B-4BC1-B9D5-C259455F61D6}.Release|iPhone.Build.0 = Release|Any CPU
		{F193CE01-DF8B-4BC1-B9D5-C259455F61D6}.Release|iPhone.Deploy.0 = Release|Any CPU
		{F193CE01-DF8B-4BC1-B9D5-C259455F61D6}.Release|iPhoneSimulator.ActiveCfg = Release|Any CPU
		{F193CE01-DF8B-4BC1-B9D5-C259455F61D6}.Release|iPhoneSimulator.Build.0 = Release|Any CPU
		{F193CE01-DF8B-4BC1-B9D5-C259455F61D6}.Release|iPhoneSimulator.Deploy.0 = Release|Any CPU
		{F193CE01-DF8B-4BC1-B9D5-C259455F61D6}.Release|x64.ActiveCfg = Release|Any CPU
		{F193CE01-DF8B-4BC1-B9D5-C259455F61D6}.Release|x64.Build.0 = Release|Any CPU
		{F193CE01-DF8B-4BC1-B9D5-C259455F61D6}.Release|x64.Deploy.0 = Release|Any CPU
		{F193CE01-DF8B-4BC1-B9D5-C259455F61D6}.Release|x86.ActiveCfg = Release|Any CPU
		{F193CE01-DF8B-4BC1-B9D5-C259455F61D6}.Release|x86.Build.0 = Release|Any CPU
		{F193CE01-DF8B-4BC1-B9D5-C259455F61D6}.Release|x86.Deploy.0 = Release|Any CPU
		{E8853E46-534E-46EC-840B-5AD3C47FEBA0}.Debug|Any CPU.ActiveCfg = Debug|Any CPU
		{E8853E46-534E-46EC-840B-5AD3C47FEBA0}.Debug|Any CPU.Build.0 = Debug|Any CPU
		{E8853E46-534E-46EC-840B-5AD3C47FEBA0}.Debug|ARM.ActiveCfg = Debug|Any CPU
		{E8853E46-534E-46EC-840B-5AD3C47FEBA0}.Debug|ARM.Build.0 = Debug|Any CPU
		{E8853E46-534E-46EC-840B-5AD3C47FEBA0}.Debug|ARM64.ActiveCfg = Debug|Any CPU
		{E8853E46-534E-46EC-840B-5AD3C47FEBA0}.Debug|ARM64.Build.0 = Debug|Any CPU
		{E8853E46-534E-46EC-840B-5AD3C47FEBA0}.Debug|iPhone.ActiveCfg = Debug|Any CPU
		{E8853E46-534E-46EC-840B-5AD3C47FEBA0}.Debug|iPhone.Build.0 = Debug|Any CPU
		{E8853E46-534E-46EC-840B-5AD3C47FEBA0}.Debug|iPhoneSimulator.ActiveCfg = Debug|Any CPU
		{E8853E46-534E-46EC-840B-5AD3C47FEBA0}.Debug|iPhoneSimulator.Build.0 = Debug|Any CPU
		{E8853E46-534E-46EC-840B-5AD3C47FEBA0}.Debug|x64.ActiveCfg = Debug|Any CPU
		{E8853E46-534E-46EC-840B-5AD3C47FEBA0}.Debug|x64.Build.0 = Debug|Any CPU
		{E8853E46-534E-46EC-840B-5AD3C47FEBA0}.Debug|x86.ActiveCfg = Debug|Any CPU
		{E8853E46-534E-46EC-840B-5AD3C47FEBA0}.Debug|x86.Build.0 = Debug|Any CPU
		{E8853E46-534E-46EC-840B-5AD3C47FEBA0}.Release|Any CPU.ActiveCfg = Release|Any CPU
		{E8853E46-534E-46EC-840B-5AD3C47FEBA0}.Release|Any CPU.Build.0 = Release|Any CPU
		{E8853E46-534E-46EC-840B-5AD3C47FEBA0}.Release|ARM.ActiveCfg = Release|Any CPU
		{E8853E46-534E-46EC-840B-5AD3C47FEBA0}.Release|ARM.Build.0 = Release|Any CPU
		{E8853E46-534E-46EC-840B-5AD3C47FEBA0}.Release|ARM64.ActiveCfg = Release|Any CPU
		{E8853E46-534E-46EC-840B-5AD3C47FEBA0}.Release|ARM64.Build.0 = Release|Any CPU
		{E8853E46-534E-46EC-840B-5AD3C47FEBA0}.Release|iPhone.ActiveCfg = Release|Any CPU
		{E8853E46-534E-46EC-840B-5AD3C47FEBA0}.Release|iPhone.Build.0 = Release|Any CPU
		{E8853E46-534E-46EC-840B-5AD3C47FEBA0}.Release|iPhoneSimulator.ActiveCfg = Release|Any CPU
		{E8853E46-534E-46EC-840B-5AD3C47FEBA0}.Release|iPhoneSimulator.Build.0 = Release|Any CPU
		{E8853E46-534E-46EC-840B-5AD3C47FEBA0}.Release|x64.ActiveCfg = Release|Any CPU
		{E8853E46-534E-46EC-840B-5AD3C47FEBA0}.Release|x64.Build.0 = Release|Any CPU
		{E8853E46-534E-46EC-840B-5AD3C47FEBA0}.Release|x86.ActiveCfg = Release|Any CPU
		{E8853E46-534E-46EC-840B-5AD3C47FEBA0}.Release|x86.Build.0 = Release|Any CPU
		{D56EC99F-6752-4DBA-B48B-FB1FF65380AC}.Debug|Any CPU.ActiveCfg = Debug|Any CPU
		{D56EC99F-6752-4DBA-B48B-FB1FF65380AC}.Debug|Any CPU.Build.0 = Debug|Any CPU
		{D56EC99F-6752-4DBA-B48B-FB1FF65380AC}.Debug|ARM.ActiveCfg = Debug|Any CPU
		{D56EC99F-6752-4DBA-B48B-FB1FF65380AC}.Debug|ARM.Build.0 = Debug|Any CPU
		{D56EC99F-6752-4DBA-B48B-FB1FF65380AC}.Debug|ARM64.ActiveCfg = Debug|Any CPU
		{D56EC99F-6752-4DBA-B48B-FB1FF65380AC}.Debug|ARM64.Build.0 = Debug|Any CPU
		{D56EC99F-6752-4DBA-B48B-FB1FF65380AC}.Debug|iPhone.ActiveCfg = Debug|Any CPU
		{D56EC99F-6752-4DBA-B48B-FB1FF65380AC}.Debug|iPhone.Build.0 = Debug|Any CPU
		{D56EC99F-6752-4DBA-B48B-FB1FF65380AC}.Debug|iPhoneSimulator.ActiveCfg = Debug|Any CPU
		{D56EC99F-6752-4DBA-B48B-FB1FF65380AC}.Debug|iPhoneSimulator.Build.0 = Debug|Any CPU
		{D56EC99F-6752-4DBA-B48B-FB1FF65380AC}.Debug|x64.ActiveCfg = Debug|Any CPU
		{D56EC99F-6752-4DBA-B48B-FB1FF65380AC}.Debug|x64.Build.0 = Debug|Any CPU
		{D56EC99F-6752-4DBA-B48B-FB1FF65380AC}.Debug|x86.ActiveCfg = Debug|Any CPU
		{D56EC99F-6752-4DBA-B48B-FB1FF65380AC}.Debug|x86.Build.0 = Debug|Any CPU
		{D56EC99F-6752-4DBA-B48B-FB1FF65380AC}.Release|Any CPU.ActiveCfg = Release|Any CPU
		{D56EC99F-6752-4DBA-B48B-FB1FF65380AC}.Release|Any CPU.Build.0 = Release|Any CPU
		{D56EC99F-6752-4DBA-B48B-FB1FF65380AC}.Release|ARM.ActiveCfg = Release|Any CPU
		{D56EC99F-6752-4DBA-B48B-FB1FF65380AC}.Release|ARM.Build.0 = Release|Any CPU
		{D56EC99F-6752-4DBA-B48B-FB1FF65380AC}.Release|ARM64.ActiveCfg = Release|Any CPU
		{D56EC99F-6752-4DBA-B48B-FB1FF65380AC}.Release|ARM64.Build.0 = Release|Any CPU
		{D56EC99F-6752-4DBA-B48B-FB1FF65380AC}.Release|iPhone.ActiveCfg = Release|Any CPU
		{D56EC99F-6752-4DBA-B48B-FB1FF65380AC}.Release|iPhone.Build.0 = Release|Any CPU
		{D56EC99F-6752-4DBA-B48B-FB1FF65380AC}.Release|iPhoneSimulator.ActiveCfg = Release|Any CPU
		{D56EC99F-6752-4DBA-B48B-FB1FF65380AC}.Release|iPhoneSimulator.Build.0 = Release|Any CPU
		{D56EC99F-6752-4DBA-B48B-FB1FF65380AC}.Release|x64.ActiveCfg = Release|Any CPU
		{D56EC99F-6752-4DBA-B48B-FB1FF65380AC}.Release|x64.Build.0 = Release|Any CPU
		{D56EC99F-6752-4DBA-B48B-FB1FF65380AC}.Release|x86.ActiveCfg = Release|Any CPU
		{D56EC99F-6752-4DBA-B48B-FB1FF65380AC}.Release|x86.Build.0 = Release|Any CPU
	EndGlobalSection
	GlobalSection(SolutionProperties) = preSolution
		HideSolutionNode = FALSE
	EndGlobalSection
	GlobalSection(NestedProjects) = preSolution
		{D4931444-94DD-49C6-8AFC-2228CDBDD5EA} = {C3FDCDB7-0C29-472D-A406-E2F21A4B0EAE}
		{F193CE01-DF8B-4BC1-B9D5-C259455F61D6} = {C3FDCDB7-0C29-472D-A406-E2F21A4B0EAE}
	EndGlobalSection
	GlobalSection(ExtensibilityGlobals) = postSolution
		SolutionGuid = {0653DB4A-5BBE-4D78-99B2-DB1C82663246}
	EndGlobalSection
	GlobalSection(MonoDevelopProperties) = preSolution
		Policies = $0
		$0.DotNetNamingPolicy = $1
	EndGlobalSection
EndGlobal
