
Microsoft Visual Studio Solution File, Format Version 12.00
# Visual Studio Version 17
VisualStudioVersion = 17.0.31806.525
MinimumVisualStudioVersion = 10.0.40219.1
Project("{2150E333-8FDC-42A3-9474-1A3956D46DE8}") = "Sample", "Sample", "{C3FDCDB7-0C29-472D-A406-E2F21A4B0EAE}"
EndProject
Project("{2150E333-8FDC-42A3-9474-1A3956D46DE8}") = "Solution Items", "Solution Items", "{BC86B934-3C23-4DA8-A4F4-BB2B0C298DF5}"
	ProjectSection(SolutionItems) = preProject
		.editorconfig = .editorconfig
	EndProjectSection
EndProject
Project("{9A19103F-16F7-4668-BE54-9A1E7A4F7556}") = "Comet.Sample", "sample\Comet.Sample\Comet.Sample.csproj", "{F193CE01-DF8B-4BC1-B9D5-C259455F61D6}"
EndProject
Project("{9A19103F-16F7-4668-BE54-9A1E7A4F7556}") = "Comet.SourceGenerator", "src\Comet.SourceGenerator\Comet.SourceGenerator.csproj", "{E8853E46-534E-46EC-840B-5AD3C47FEBA0}"
EndProject
Project("{FAE04EC0-301F-11D3-BF4B-00C04F79EFBC}") = "Comet", "src\Comet\Comet.csproj", "{891389AB-92AF-4B7B-9DD6-3B39148898B9}"
EndProject
Global
	GlobalSection(SolutionConfigurationPlatforms) = preSolution
		Debug|Any CPU = Debug|Any CPU
		Debug|ARM = Debug|ARM
		Debug|ARM64 = Debug|ARM64
		Debug|iPhone = Debug|iPhone
		Debug|iPhoneSimulator = Debug|iPhoneSimulator
		Debug|x64 = Debug|x64
		Debug|x86 = Debug|x86
		Release|Any CPU = Release|Any CPU
		Release|ARM = Release|ARM
		Release|ARM64 = Release|ARM64
		Release|iPhone = Release|iPhone
		Release|iPhoneSimulator = Release|iPhoneSimulator
		Release|x64 = Release|x64
		Release|x86 = Release|x86
	EndGlobalSection
	GlobalSection(ProjectConfigurationPlatforms) = postSolution
		{F193CE01-DF8B-4BC1-B9D5-C259455F61D6}.Debug|Any CPU.ActiveCfg = Debug|Any CPU
		{F193CE01-DF8B-4BC1-B9D5-C259455F61D6}.Debug|Any CPU.Build.0 = Debug|Any CPU
		{F193CE01-DF8B-4BC1-B9D5-C259455F61D6}.Debug|Any CPU.Deploy.0 = Debug|Any CPU
		{F193CE01-DF8B-4BC1-B9D5-C259455F61D6}.Debug|ARM.ActiveCfg = Debug|Any CPU
		{F193CE01-DF8B-4BC1-B9D5-C259455F61D6}.Debug|ARM.Build.0 = Debug|Any CPU
		{F193CE01-DF8B-4BC1-B9D5-C259455F61D6}.Debug|ARM.Deploy.0 = Debug|Any CPU
		{F193CE01-DF8B-4BC1-B9D5-C259455F61D6}.Debug|ARM64.ActiveCfg = Debug|Any CPU
		{F193CE01-DF8B-4BC1-B9D5-C259455F61D6}.Debug|ARM64.Build.0 = Debug|Any CPU
		{F193CE01-DF8B-4BC1-B9D5-C259455F61D6}.Debug|ARM64.Deploy.0 = Debug|Any CPU
		{F193CE01-DF8B-4BC1-B9D5-C259455F61D6}.Debug|iPhone.ActiveCfg = Debug|Any CPU
		{F193CE01-DF8B-4BC1-B9D5-C259455F61D6}.Debug|iPhone.Build.0 = Debug|Any CPU
		{F193CE01-DF8B-4BC1-B9D5-C259455F61D6}.Debug|iPhone.Deploy.0 = Debug|Any CPU
		{F193CE01-DF8B-4BC1-B9D5-C259455F61D6}.Debug|iPhoneSimulator.ActiveCfg = Debug|Any CPU
		{F193CE01-DF8B-4BC1-B9D5-C259455F61D6}.Debug|iPhoneSimulator.Build.0 = Debug|Any CPU
		{F193CE01-DF8B-4BC1-B9D5-C259455F61D6}.Debug|iPhoneSimulator.Deploy.0 = Debug|Any CPU
		{F193CE01-DF8B-4BC1-B9D5-C259455F61D6}.Debug|x64.ActiveCfg = Debug|Any CPU
		{F193CE01-DF8B-4BC1-B9D5-C259455F61D6}.Debug|x64.Build.0 = Debug|Any CPU
		{F193CE01-DF8B-4BC1-B9D5-C259455F61D6}.Debug|x64.Deploy.0 = Debug|Any CPU
		{F193CE01-DF8B-4BC1-B9D5-C259455F61D6}.Debug|x86.ActiveCfg = Debug|Any CPU
		{F193CE01-DF8B-4BC1-B9D5-C259455F61D6}.Debug|x86.Build.0 = Debug|Any CPU
		{F193CE01-DF8B-4BC1-B9D5-C259455F61D6}.Debug|x86.Deploy.0 = Debug|Any CPU
		{F193CE01-DF8B-4BC1-B9D5-C259455F61D6}.Release|Any CPU.ActiveCfg = Release|Any CPU
		{F193CE01-DF8B-4BC1-B9D5-C259455F61D6}.Release|Any CPU.Build.0 = Release|Any CPU
		{F193CE01-DF8B-4BC1-B9D5-C259455F61D6}.Release|Any CPU.Deploy.0 = Release|Any CPU
		{F193CE01-DF8B-4BC1-B9D5-C259455F61D6}.Release|ARM.ActiveCfg = Release|Any CPU
		{F193CE01-DF8B-4BC1-B9D5-C259455F61D6}.Release|ARM.Build.0 = Release|Any CPU
		{F193CE01-DF8B-4BC1-B9D5-C259455F61D6}.Release|ARM.Deploy.0 = Release|Any CPU
		{F193CE01-DF8B-4BC1-B9D5-C259455F61D6}.Release|ARM64.ActiveCfg = Release|Any CPU
		{F193CE01-DF8B-4BC1-B9D5-C259455F61D6}.Release|ARM64.Build.0 = Release|Any CPU
		{F193CE01-DF8B-4BC1-B9D5-C259455F61D6}.Release|ARM64.Deploy.0 = Release|Any CPU
		{F193CE01-DF8B-4BC1-B9D5-C259455F61D6}.Release|iPhone.ActiveCfg = Release|Any CPU
		{F193CE01-DF8B-4BC1-B9D5-C259455F61D6}.Release|iPhone.Build.0 = Release|Any CPU
		{F193CE01-DF8B-4BC1-B9D5-C259455F61D6}.Release|iPhone.Deploy.0 = Release|Any CPU
		{F193CE01-DF8B-4BC1-B9D5-C259455F61D6}.Release|iPhoneSimulator.ActiveCfg = Release|Any CPU
		{F193CE01-DF8B-4BC1-B9D5-C259455F61D6}.Release|iPhoneSimulator.Build.0 = Release|Any CPU
		{F193CE01-DF8B-4BC1-B9D5-C259455F61D6}.Release|iPhoneSimulator.Deploy.0 = Release|Any CPU
		{F193CE01-DF8B-4BC1-B9D5-C259455F61D6}.Release|x64.ActiveCfg = Release|Any CPU
		{F193CE01-DF8B-4BC1-B9D5-C259455F61D6}.Release|x64.Build.0 = Release|Any CPU
		{F193CE01-DF8B-4BC1-B9D5-C259455F61D6}.Release|x64.Deploy.0 = Release|Any CPU
		{F193CE01-DF8B-4BC1-B9D5-C259455F61D6}.Release|x86.ActiveCfg = Release|Any CPU
		{F193CE01-DF8B-4BC1-B9D5-C259455F61D6}.Release|x86.Build.0 = Release|Any CPU
		{F193CE01-DF8B-4BC1-B9D5-C259455F61D6}.Release|x86.Deploy.0 = Release|Any CPU
		{E8853E46-534E-46EC-840B-5AD3C47FEBA0}.Debug|Any CPU.ActiveCfg = Debug|Any CPU
		{E8853E46-534E-46EC-840B-5AD3C47FEBA0}.Debug|Any CPU.Build.0 = Debug|Any CPU
		{E8853E46-534E-46EC-840B-5AD3C47FEBA0}.Debug|ARM.ActiveCfg = Debug|Any CPU
		{E8853E46-534E-46EC-840B-5AD3C47FEBA0}.Debug|ARM.Build.0 = Debug|Any CPU
		{E8853E46-534E-46EC-840B-5AD3C47FEBA0}.Debug|ARM64.ActiveCfg = Debug|Any CPU
		{E8853E46-534E-46EC-840B-5AD3C47FEBA0}.Debug|ARM64.Build.0 = Debug|Any CPU
		{E8853E46-534E-46EC-840B-5AD3C47FEBA0}.Debug|iPhone.ActiveCfg = Debug|Any CPU
		{E8853E46-534E-46EC-840B-5AD3C47FEBA0}.Debug|iPhone.Build.0 = Debug|Any CPU
		{E8853E46-534E-46EC-840B-5AD3C47FEBA0}.Debug|iPhoneSimulator.ActiveCfg = Debug|Any CPU
		{E8853E46-534E-46EC-840B-5AD3C47FEBA0}.Debug|iPhoneSimulator.Build.0 = Debug|Any CPU
		{E8853E46-534E-46EC-840B-5AD3C47FEBA0}.Debug|x64.ActiveCfg = Debug|Any CPU
		{E8853E46-534E-46EC-840B-5AD3C47FEBA0}.Debug|x64.Build.0 = Debug|Any CPU
		{E8853E46-534E-46EC-840B-5AD3C47FEBA0}.Debug|x86.ActiveCfg = Debug|Any CPU
		{E8853E46-534E-46EC-840B-5AD3C47FEBA0}.Debug|x86.Build.0 = Debug|Any CPU
		{E8853E46-534E-46EC-840B-5AD3C47FEBA0}.Release|Any CPU.ActiveCfg = Release|Any CPU
		{E8853E46-534E-46EC-840B-5AD3C47FEBA0}.Release|Any CPU.Build.0 = Release|Any CPU
		{E8853E46-534E-46EC-840B-5AD3C47FEBA0}.Release|ARM.ActiveCfg = Release|Any CPU
		{E8853E46-534E-46EC-840B-5AD3C47FEBA0}.Release|ARM.Build.0 = Release|Any CPU
		{E8853E46-534E-46EC-840B-5AD3C47FEBA0}.Release|ARM64.ActiveCfg = Release|Any CPU
		{E8853E46-534E-46EC-840B-5AD3C47FEBA0}.Release|ARM64.Build.0 = Release|Any CPU
		{E8853E46-534E-46EC-840B-5AD3C47FEBA0}.Release|iPhone.ActiveCfg = Release|Any CPU
		{E8853E46-534E-46EC-840B-5AD3C47FEBA0}.Release|iPhone.Build.0 = Release|Any CPU
		{E8853E46-534E-46EC-840B-5AD3C47FEBA0}.Release|iPhoneSimulator.ActiveCfg = Release|Any CPU
		{E8853E46-534E-46EC-840B-5AD3C47FEBA0}.Release|iPhoneSimulator.Build.0 = Release|Any CPU
		{E8853E46-534E-46EC-840B-5AD3C47FEBA0}.Release|x64.ActiveCfg = Release|Any CPU
		{E8853E46-534E-46EC-840B-5AD3C47FEBA0}.Release|x64.Build.0 = Release|Any CPU
		{E8853E46-534E-46EC-840B-5AD3C47FEBA0}.Release|x86.ActiveCfg = Release|Any CPU
		{E8853E46-534E-46EC-840B-5AD3C47FEBA0}.Release|x86.Build.0 = Release|Any CPU
		{891389AB-92AF-4B7B-9DD6-3B39148898B9}.Debug|Any CPU.ActiveCfg = Debug|Any CPU
		{891389AB-92AF-4B7B-9DD6-3B39148898B9}.Debug|Any CPU.Build.0 = Debug|Any CPU
		{891389AB-92AF-4B7B-9DD6-3B39148898B9}.Debug|ARM.ActiveCfg = Debug|Any CPU
		{891389AB-92AF-4B7B-9DD6-3B39148898B9}.Debug|ARM.Build.0 = Debug|Any CPU
		{891389AB-92AF-4B7B-9DD6-3B39148898B9}.Debug|ARM64.ActiveCfg = Debug|Any CPU
		{891389AB-92AF-4B7B-9DD6-3B39148898B9}.Debug|ARM64.Build.0 = Debug|Any CPU
		{891389AB-92AF-4B7B-9DD6-3B39148898B9}.Debug|iPhone.ActiveCfg = Debug|Any CPU
		{891389AB-92AF-4B7B-9DD6-3B39148898B9}.Debug|iPhone.Build.0 = Debug|Any CPU
		{891389AB-92AF-4B7B-9DD6-3B39148898B9}.Debug|iPhoneSimulator.ActiveCfg = Debug|Any CPU
		{891389AB-92AF-4B7B-9DD6-3B39148898B9}.Debug|iPhoneSimulator.Build.0 = Debug|Any CPU
		{891389AB-92AF-4B7B-9DD6-3B39148898B9}.Debug|x64.ActiveCfg = Debug|Any CPU
		{891389AB-92AF-4B7B-9DD6-3B39148898B9}.Debug|x64.Build.0 = Debug|Any CPU
		{891389AB-92AF-4B7B-9DD6-3B39148898B9}.Debug|x86.ActiveCfg = Debug|Any CPU
		{891389AB-92AF-4B7B-9DD6-3B39148898B9}.Debug|x86.Build.0 = Debug|Any CPU
		{891389AB-92AF-4B7B-9DD6-3B39148898B9}.Release|Any CPU.ActiveCfg = Release|Any CPU
		{891389AB-92AF-4B7B-9DD6-3B39148898B9}.Release|Any CPU.Build.0 = Release|Any CPU
		{891389AB-92AF-4B7B-9DD6-3B39148898B9}.Release|ARM.ActiveCfg = Release|Any CPU
		{891389AB-92AF-4B7B-9DD6-3B39148898B9}.Release|ARM.Build.0 = Release|Any CPU
		{891389AB-92AF-4B7B-9DD6-3B39148898B9}.Release|ARM64.ActiveCfg = Release|Any CPU
		{891389AB-92AF-4B7B-9DD6-3B39148898B9}.Release|ARM64.Build.0 = Release|Any CPU
		{891389AB-92AF-4B7B-9DD6-3B39148898B9}.Release|iPhone.ActiveCfg = Release|Any CPU
		{891389AB-92AF-4B7B-9DD6-3B39148898B9}.Release|iPhone.Build.0 = Release|Any CPU
		{891389AB-92AF-4B7B-9DD6-3B39148898B9}.Release|iPhoneSimulator.ActiveCfg = Release|Any CPU
		{891389AB-92AF-4B7B-9DD6-3B39148898B9}.Release|iPhoneSimulator.Build.0 = Release|Any CPU
		{891389AB-92AF-4B7B-9DD6-3B39148898B9}.Release|x64.ActiveCfg = Release|Any CPU
		{891389AB-92AF-4B7B-9DD6-3B39148898B9}.Release|x64.Build.0 = Release|Any CPU
		{891389AB-92AF-4B7B-9DD6-3B39148898B9}.Release|x86.ActiveCfg = Release|Any CPU
		{891389AB-92AF-4B7B-9DD6-3B39148898B9}.Release|x86.Build.0 = Release|Any CPU
	EndGlobalSection
	GlobalSection(SolutionProperties) = preSolution
		HideSolutionNode = FALSE
	EndGlobalSection
	GlobalSection(NestedProjects) = preSolution
		{F193CE01-DF8B-4BC1-B9D5-C259455F61D6} = {C3FDCDB7-0C29-472D-A406-E2F21A4B0EAE}
	EndGlobalSection
	GlobalSection(ExtensibilityGlobals) = postSolution
		SolutionGuid = {0653DB4A-5BBE-4D78-99B2-DB1C82663246}
	EndGlobalSection
	GlobalSection(MonoDevelopProperties) = preSolution
		Policies = $0
		$0.DotNetNamingPolicy = $1
	EndGlobalSection
EndGlobal
