
Microsoft Visual Studio Solution File, Format Version 12.00
# Visual Studio Version 16
VisualStudioVersion = 16.0.29020.237
MinimumVisualStudioVersion = 10.0.40219.1
Project("{FAE04EC0-301F-11D3-BF4B-00C04F79EFBC}") = "Comet", "src\Comet\Comet.csproj", "{1817646E-E71E-48CF-80A4-3030EF870D61}"
EndProject
Project("{2150E333-8FDC-42A3-9474-1A3956D46DE8}") = "Sample", "Sample", "{C3FDCDB7-0C29-472D-A406-E2F21A4B0EAE}"
EndProject
Project("{2150E333-8FDC-42A3-9474-1A3956D46DE8}") = "Tests", "Tests", "{586C3CCB-82A5-47F0-A099-B9A31BB4EA88}"
EndProject
Project("{FAE04EC0-301F-11D3-BF4B-00C04F79EFBC}") = "Comet.iOS.Sample", "sample\Comet.iOS.Sample\Comet.iOS.Sample.csproj", "{12BE5947-A64A-4968-96A6-5CA3CE36C244}"
EndProject
Project("{2150E333-8FDC-42A3-9474-1A3956D46DE8}") = "Solution Items", "Solution Items", "{BC86B934-3C23-4DA8-A4F4-BB2B0C298DF5}"
	ProjectSection(SolutionItems) = preProject
		.editorconfig = .editorconfig
	EndProjectSection
EndProject
Project("{FAE04EC0-301F-11D3-BF4B-00C04F79EFBC}") = "Comet.Samples", "sample\Comet.Samples\Comet.Samples.csproj", "{1057EEAD-899D-4BC2-BA73-6BC526AD3F19}"
EndProject
Project("{FAE04EC0-301F-11D3-BF4B-00C04F79EFBC}") = "Core", "external\Maui\src\Core\src\Core.csproj", "{8A53D192-072F-4EF2-8547-932D7538FFB9}"
EndProject
Project("{9344BDBB-3E7F-41FC-A0DD-8665D75EE146}") = "Comet.Tests", "tests\Comet.Tests\Comet.Tests.csproj", "{A94A318E-1F79-4AE9-9620-58D941382410}"
EndProject
Project("{FAE04EC0-301F-11D3-BF4B-00C04F79EFBC}") = "Essentials", "external\Maui\src\Essentials\src\Essentials.csproj", "{E2F234D6-3B2C-4F5E-B815-6D61B8AA5DC6}"
EndProject
Global
	GlobalSection(SolutionConfigurationPlatforms) = preSolution
		Debug|Any CPU = Debug|Any CPU
		Debug|ARM = Debug|ARM
		Debug|ARM64 = Debug|ARM64
		Debug|iPhone = Debug|iPhone
		Debug|iPhoneSimulator = Debug|iPhoneSimulator
		Debug|x64 = Debug|x64
		Debug|x86 = Debug|x86
		Release|Any CPU = Release|Any CPU
		Release|ARM = Release|ARM
		Release|ARM64 = Release|ARM64
		Release|iPhone = Release|iPhone
		Release|iPhoneSimulator = Release|iPhoneSimulator
		Release|x64 = Release|x64
		Release|x86 = Release|x86
	EndGlobalSection
	GlobalSection(ProjectConfigurationPlatforms) = postSolution
		{1817646E-E71E-48CF-80A4-3030EF870D61}.Debug|Any CPU.ActiveCfg = Debug|Any CPU
		{1817646E-E71E-48CF-80A4-3030EF870D61}.Debug|Any CPU.Build.0 = Debug|Any CPU
		{1817646E-E71E-48CF-80A4-3030EF870D61}.Debug|ARM.ActiveCfg = Debug|Any CPU
		{1817646E-E71E-48CF-80A4-3030EF870D61}.Debug|ARM.Build.0 = Debug|Any CPU
		{1817646E-E71E-48CF-80A4-3030EF870D61}.Debug|ARM64.ActiveCfg = Debug|Any CPU
		{1817646E-E71E-48CF-80A4-3030EF870D61}.Debug|ARM64.Build.0 = Debug|Any CPU
		{1817646E-E71E-48CF-80A4-3030EF870D61}.Debug|iPhone.ActiveCfg = Debug|Any CPU
		{1817646E-E71E-48CF-80A4-3030EF870D61}.Debug|iPhone.Build.0 = Debug|Any CPU
		{1817646E-E71E-48CF-80A4-3030EF870D61}.Debug|iPhoneSimulator.ActiveCfg = Debug|Any CPU
		{1817646E-E71E-48CF-80A4-3030EF870D61}.Debug|iPhoneSimulator.Build.0 = Debug|Any CPU
		{1817646E-E71E-48CF-80A4-3030EF870D61}.Debug|x64.ActiveCfg = Debug|Any CPU
		{1817646E-E71E-48CF-80A4-3030EF870D61}.Debug|x64.Build.0 = Debug|Any CPU
		{1817646E-E71E-48CF-80A4-3030EF870D61}.Debug|x86.ActiveCfg = Debug|Any CPU
		{1817646E-E71E-48CF-80A4-3030EF870D61}.Debug|x86.Build.0 = Debug|Any CPU
		{1817646E-E71E-48CF-80A4-3030EF870D61}.Release|Any CPU.ActiveCfg = Release|Any CPU
		{1817646E-E71E-48CF-80A4-3030EF870D61}.Release|Any CPU.Build.0 = Release|Any CPU
		{1817646E-E71E-48CF-80A4-3030EF870D61}.Release|ARM.ActiveCfg = Release|Any CPU
		{1817646E-E71E-48CF-80A4-3030EF870D61}.Release|ARM.Build.0 = Release|Any CPU
		{1817646E-E71E-48CF-80A4-3030EF870D61}.Release|ARM64.ActiveCfg = Release|Any CPU
		{1817646E-E71E-48CF-80A4-3030EF870D61}.Release|ARM64.Build.0 = Release|Any CPU
		{1817646E-E71E-48CF-80A4-3030EF870D61}.Release|iPhone.ActiveCfg = Release|Any CPU
		{1817646E-E71E-48CF-80A4-3030EF870D61}.Release|iPhone.Build.0 = Release|Any CPU
		{1817646E-E71E-48CF-80A4-3030EF870D61}.Release|iPhoneSimulator.ActiveCfg = Release|Any CPU
		{1817646E-E71E-48CF-80A4-3030EF870D61}.Release|iPhoneSimulator.Build.0 = Release|Any CPU
		{1817646E-E71E-48CF-80A4-3030EF870D61}.Release|x64.ActiveCfg = Release|Any CPU
		{1817646E-E71E-48CF-80A4-3030EF870D61}.Release|x64.Build.0 = Release|Any CPU
		{1817646E-E71E-48CF-80A4-3030EF870D61}.Release|x86.ActiveCfg = Release|Any CPU
		{1817646E-E71E-48CF-80A4-3030EF870D61}.Release|x86.Build.0 = Release|Any CPU
		{12BE5947-A64A-4968-96A6-5CA3CE36C244}.Debug|Any CPU.ActiveCfg = Debug|iPhoneSimulator
		{12BE5947-A64A-4968-96A6-5CA3CE36C244}.Debug|Any CPU.Build.0 = Debug|iPhoneSimulator
		{12BE5947-A64A-4968-96A6-5CA3CE36C244}.Debug|ARM.ActiveCfg = Debug|iPhone
		{12BE5947-A64A-4968-96A6-5CA3CE36C244}.Debug|ARM64.ActiveCfg = Debug|iPhone
		{12BE5947-A64A-4968-96A6-5CA3CE36C244}.Debug|iPhone.ActiveCfg = Debug|iPhone
		{12BE5947-A64A-4968-96A6-5CA3CE36C244}.Debug|iPhone.Build.0 = Debug|iPhone
		{12BE5947-A64A-4968-96A6-5CA3CE36C244}.Debug|iPhoneSimulator.ActiveCfg = Debug|iPhoneSimulator
		{12BE5947-A64A-4968-96A6-5CA3CE36C244}.Debug|iPhoneSimulator.Build.0 = Debug|iPhoneSimulator
		{12BE5947-A64A-4968-96A6-5CA3CE36C244}.Debug|x64.ActiveCfg = Debug|iPhone
		{12BE5947-A64A-4968-96A6-5CA3CE36C244}.Debug|x86.ActiveCfg = Debug|iPhone
		{12BE5947-A64A-4968-96A6-5CA3CE36C244}.Release|Any CPU.ActiveCfg = Debug|iPhoneSimulator
		{12BE5947-A64A-4968-96A6-5CA3CE36C244}.Release|Any CPU.Build.0 = Debug|iPhoneSimulator
		{12BE5947-A64A-4968-96A6-5CA3CE36C244}.Release|ARM.ActiveCfg = Release|iPhoneSimulator
		{12BE5947-A64A-4968-96A6-5CA3CE36C244}.Release|ARM64.ActiveCfg = Release|iPhoneSimulator
		{12BE5947-A64A-4968-96A6-5CA3CE36C244}.Release|iPhone.ActiveCfg = Release|iPhone
		{12BE5947-A64A-4968-96A6-5CA3CE36C244}.Release|iPhone.Build.0 = Release|iPhone
		{12BE5947-A64A-4968-96A6-5CA3CE36C244}.Release|iPhoneSimulator.ActiveCfg = Release|iPhoneSimulator
		{12BE5947-A64A-4968-96A6-5CA3CE36C244}.Release|iPhoneSimulator.Build.0 = Release|iPhoneSimulator
		{12BE5947-A64A-4968-96A6-5CA3CE36C244}.Release|x64.ActiveCfg = Release|iPhoneSimulator
		{12BE5947-A64A-4968-96A6-5CA3CE36C244}.Release|x86.ActiveCfg = Release|iPhoneSimulator
		{1057EEAD-899D-4BC2-BA73-6BC526AD3F19}.Debug|Any CPU.ActiveCfg = Debug|Any CPU
		{1057EEAD-899D-4BC2-BA73-6BC526AD3F19}.Debug|Any CPU.Build.0 = Debug|Any CPU
		{1057EEAD-899D-4BC2-BA73-6BC526AD3F19}.Debug|ARM.ActiveCfg = Debug|Any CPU
		{1057EEAD-899D-4BC2-BA73-6BC526AD3F19}.Debug|ARM.Build.0 = Debug|Any CPU
		{1057EEAD-899D-4BC2-BA73-6BC526AD3F19}.Debug|ARM64.ActiveCfg = Debug|Any CPU
		{1057EEAD-899D-4BC2-BA73-6BC526AD3F19}.Debug|ARM64.Build.0 = Debug|Any CPU
		{1057EEAD-899D-4BC2-BA73-6BC526AD3F19}.Debug|iPhone.ActiveCfg = Debug|Any CPU
		{1057EEAD-899D-4BC2-BA73-6BC526AD3F19}.Debug|iPhone.Build.0 = Debug|Any CPU
		{1057EEAD-899D-4BC2-BA73-6BC526AD3F19}.Debug|iPhoneSimulator.ActiveCfg = Debug|Any CPU
		{1057EEAD-899D-4BC2-BA73-6BC526AD3F19}.Debug|iPhoneSimulator.Build.0 = Debug|Any CPU
		{1057EEAD-899D-4BC2-BA73-6BC526AD3F19}.Debug|x64.ActiveCfg = Debug|Any CPU
		{1057EEAD-899D-4BC2-BA73-6BC526AD3F19}.Debug|x64.Build.0 = Debug|Any CPU
		{1057EEAD-899D-4BC2-BA73-6BC526AD3F19}.Debug|x86.ActiveCfg = Debug|Any CPU
		{1057EEAD-899D-4BC2-BA73-6BC526AD3F19}.Debug|x86.Build.0 = Debug|Any CPU
		{1057EEAD-899D-4BC2-BA73-6BC526AD3F19}.Release|Any CPU.ActiveCfg = Debug|Any CPU
		{1057EEAD-899D-4BC2-BA73-6BC526AD3F19}.Release|Any CPU.Build.0 = Debug|Any CPU
		{1057EEAD-899D-4BC2-BA73-6BC526AD3F19}.Release|ARM.ActiveCfg = Release|Any CPU
		{1057EEAD-899D-4BC2-BA73-6BC526AD3F19}.Release|ARM.Build.0 = Release|Any CPU
		{1057EEAD-899D-4BC2-BA73-6BC526AD3F19}.Release|ARM64.ActiveCfg = Release|Any CPU
		{1057EEAD-899D-4BC2-BA73-6BC526AD3F19}.Release|ARM64.Build.0 = Release|Any CPU
		{1057EEAD-899D-4BC2-BA73-6BC526AD3F19}.Release|iPhone.ActiveCfg = Release|Any CPU
		{1057EEAD-899D-4BC2-BA73-6BC526AD3F19}.Release|iPhone.Build.0 = Release|Any CPU
		{1057EEAD-899D-4BC2-BA73-6BC526AD3F19}.Release|iPhoneSimulator.ActiveCfg = Release|Any CPU
		{1057EEAD-899D-4BC2-BA73-6BC526AD3F19}.Release|iPhoneSimulator.Build.0 = Release|Any CPU
		{1057EEAD-899D-4BC2-BA73-6BC526AD3F19}.Release|x64.ActiveCfg = Release|Any CPU
		{1057EEAD-899D-4BC2-BA73-6BC526AD3F19}.Release|x64.Build.0 = Release|Any CPU
		{1057EEAD-899D-4BC2-BA73-6BC526AD3F19}.Release|x86.ActiveCfg = Release|Any CPU
		{1057EEAD-899D-4BC2-BA73-6BC526AD3F19}.Release|x86.Build.0 = Release|Any CPU
		{8A53D192-072F-4EF2-8547-932D7538FFB9}.Debug|Any CPU.ActiveCfg = Debug|Any CPU
		{8A53D192-072F-4EF2-8547-932D7538FFB9}.Debug|Any CPU.Build.0 = Debug|Any CPU
		{8A53D192-072F-4EF2-8547-932D7538FFB9}.Debug|ARM.ActiveCfg = Debug|Any CPU
		{8A53D192-072F-4EF2-8547-932D7538FFB9}.Debug|ARM.Build.0 = Debug|Any CPU
		{8A53D192-072F-4EF2-8547-932D7538FFB9}.Debug|ARM64.ActiveCfg = Debug|Any CPU
		{8A53D192-072F-4EF2-8547-932D7538FFB9}.Debug|ARM64.Build.0 = Debug|Any CPU
		{8A53D192-072F-4EF2-8547-932D7538FFB9}.Debug|iPhone.ActiveCfg = Debug|Any CPU
		{8A53D192-072F-4EF2-8547-932D7538FFB9}.Debug|iPhone.Build.0 = Debug|Any CPU
		{8A53D192-072F-4EF2-8547-932D7538FFB9}.Debug|iPhoneSimulator.ActiveCfg = Debug|Any CPU
		{8A53D192-072F-4EF2-8547-932D7538FFB9}.Debug|iPhoneSimulator.Build.0 = Debug|Any CPU
		{8A53D192-072F-4EF2-8547-932D7538FFB9}.Debug|x64.ActiveCfg = Debug|Any CPU
		{8A53D192-072F-4EF2-8547-932D7538FFB9}.Debug|x64.Build.0 = Debug|Any CPU
		{8A53D192-072F-4EF2-8547-932D7538FFB9}.Debug|x86.ActiveCfg = Debug|Any CPU
		{8A53D192-072F-4EF2-8547-932D7538FFB9}.Debug|x86.Build.0 = Debug|Any CPU
		{8A53D192-072F-4EF2-8547-932D7538FFB9}.Release|Any CPU.ActiveCfg = Release|Any CPU
		{8A53D192-072F-4EF2-8547-932D7538FFB9}.Release|Any CPU.Build.0 = Release|Any CPU
		{8A53D192-072F-4EF2-8547-932D7538FFB9}.Release|ARM.ActiveCfg = Release|Any CPU
		{8A53D192-072F-4EF2-8547-932D7538FFB9}.Release|ARM.Build.0 = Release|Any CPU
		{8A53D192-072F-4EF2-8547-932D7538FFB9}.Release|ARM64.ActiveCfg = Release|Any CPU
		{8A53D192-072F-4EF2-8547-932D7538FFB9}.Release|ARM64.Build.0 = Release|Any CPU
		{8A53D192-072F-4EF2-8547-932D7538FFB9}.Release|iPhone.ActiveCfg = Release|Any CPU
		{8A53D192-072F-4EF2-8547-932D7538FFB9}.Release|iPhone.Build.0 = Release|Any CPU
		{8A53D192-072F-4EF2-8547-932D7538FFB9}.Release|iPhoneSimulator.ActiveCfg = Release|Any CPU
		{8A53D192-072F-4EF2-8547-932D7538FFB9}.Release|iPhoneSimulator.Build.0 = Release|Any CPU
		{8A53D192-072F-4EF2-8547-932D7538FFB9}.Release|x64.ActiveCfg = Release|Any CPU
		{8A53D192-072F-4EF2-8547-932D7538FFB9}.Release|x64.Build.0 = Release|Any CPU
		{8A53D192-072F-4EF2-8547-932D7538FFB9}.Release|x86.ActiveCfg = Release|Any CPU
		{8A53D192-072F-4EF2-8547-932D7538FFB9}.Release|x86.Build.0 = Release|Any CPU
		{A94A318E-1F79-4AE9-9620-58D941382410}.Debug|Any CPU.ActiveCfg = Debug|Any CPU
		{A94A318E-1F79-4AE9-9620-58D941382410}.Debug|Any CPU.Build.0 = Debug|Any CPU
		{A94A318E-1F79-4AE9-9620-58D941382410}.Debug|ARM.ActiveCfg = Debug|Any CPU
		{A94A318E-1F79-4AE9-9620-58D941382410}.Debug|ARM.Build.0 = Debug|Any CPU
		{A94A318E-1F79-4AE9-9620-58D941382410}.Debug|ARM64.ActiveCfg = Debug|Any CPU
		{A94A318E-1F79-4AE9-9620-58D941382410}.Debug|ARM64.Build.0 = Debug|Any CPU
		{A94A318E-1F79-4AE9-9620-58D941382410}.Debug|iPhone.ActiveCfg = Debug|Any CPU
		{A94A318E-1F79-4AE9-9620-58D941382410}.Debug|iPhone.Build.0 = Debug|Any CPU
		{A94A318E-1F79-4AE9-9620-58D941382410}.Debug|iPhoneSimulator.ActiveCfg = Debug|Any CPU
		{A94A318E-1F79-4AE9-9620-58D941382410}.Debug|x64.ActiveCfg = Debug|Any CPU
		{A94A318E-1F79-4AE9-9620-58D941382410}.Debug|x64.Build.0 = Debug|Any CPU
		{A94A318E-1F79-4AE9-9620-58D941382410}.Debug|x86.ActiveCfg = Debug|Any CPU
		{A94A318E-1F79-4AE9-9620-58D941382410}.Debug|x86.Build.0 = Debug|Any CPU
		{A94A318E-1F79-4AE9-9620-58D941382410}.Release|Any CPU.ActiveCfg = Debug|Any CPU
		{A94A318E-1F79-4AE9-9620-58D941382410}.Release|Any CPU.Build.0 = Debug|Any CPU
		{A94A318E-1F79-4AE9-9620-58D941382410}.Release|ARM.ActiveCfg = Release|Any CPU
		{A94A318E-1F79-4AE9-9620-58D941382410}.Release|ARM.Build.0 = Release|Any CPU
		{A94A318E-1F79-4AE9-9620-58D941382410}.Release|ARM64.ActiveCfg = Release|Any CPU
		{A94A318E-1F79-4AE9-9620-58D941382410}.Release|ARM64.Build.0 = Release|Any CPU
		{A94A318E-1F79-4AE9-9620-58D941382410}.Release|iPhone.ActiveCfg = Release|Any CPU
		{A94A318E-1F79-4AE9-9620-58D941382410}.Release|iPhone.Build.0 = Release|Any CPU
		{A94A318E-1F79-4AE9-9620-58D941382410}.Release|iPhoneSimulator.ActiveCfg = Release|Any CPU
		{A94A318E-1F79-4AE9-9620-58D941382410}.Release|iPhoneSimulator.Build.0 = Release|Any CPU
		{A94A318E-1F79-4AE9-9620-58D941382410}.Release|x64.ActiveCfg = Release|Any CPU
		{A94A318E-1F79-4AE9-9620-58D941382410}.Release|x64.Build.0 = Release|Any CPU
		{A94A318E-1F79-4AE9-9620-58D941382410}.Release|x86.ActiveCfg = Release|Any CPU
		{A94A318E-1F79-4AE9-9620-58D941382410}.Release|x86.Build.0 = Release|Any CPU
		{E2F234D6-3B2C-4F5E-B815-6D61B8AA5DC6}.Debug|Any CPU.ActiveCfg = Debug|Any CPU
		{E2F234D6-3B2C-4F5E-B815-6D61B8AA5DC6}.Debug|Any CPU.Build.0 = Debug|Any CPU
		{E2F234D6-3B2C-4F5E-B815-6D61B8AA5DC6}.Debug|ARM.ActiveCfg = Debug|Any CPU
		{E2F234D6-3B2C-4F5E-B815-6D61B8AA5DC6}.Debug|ARM.Build.0 = Debug|Any CPU
		{E2F234D6-3B2C-4F5E-B815-6D61B8AA5DC6}.Debug|ARM64.ActiveCfg = Debug|Any CPU
		{E2F234D6-3B2C-4F5E-B815-6D61B8AA5DC6}.Debug|ARM64.Build.0 = Debug|Any CPU
		{E2F234D6-3B2C-4F5E-B815-6D61B8AA5DC6}.Debug|iPhone.ActiveCfg = Debug|Any CPU
		{E2F234D6-3B2C-4F5E-B815-6D61B8AA5DC6}.Debug|iPhone.Build.0 = Debug|Any CPU
		{E2F234D6-3B2C-4F5E-B815-6D61B8AA5DC6}.Debug|iPhoneSimulator.ActiveCfg = Debug|Any CPU
		{E2F234D6-3B2C-4F5E-B815-6D61B8AA5DC6}.Debug|iPhoneSimulator.Build.0 = Debug|Any CPU
		{E2F234D6-3B2C-4F5E-B815-6D61B8AA5DC6}.Debug|x64.ActiveCfg = Debug|Any CPU
		{E2F234D6-3B2C-4F5E-B815-6D61B8AA5DC6}.Debug|x64.Build.0 = Debug|Any CPU
		{E2F234D6-3B2C-4F5E-B815-6D61B8AA5DC6}.Debug|x86.ActiveCfg = Debug|Any CPU
		{E2F234D6-3B2C-4F5E-B815-6D61B8AA5DC6}.Debug|x86.Build.0 = Debug|Any CPU
		{E2F234D6-3B2C-4F5E-B815-6D61B8AA5DC6}.Release|Any CPU.ActiveCfg = Release|Any CPU
		{E2F234D6-3B2C-4F5E-B815-6D61B8AA5DC6}.Release|Any CPU.Build.0 = Release|Any CPU
		{E2F234D6-3B2C-4F5E-B815-6D61B8AA5DC6}.Release|ARM.ActiveCfg = Release|Any CPU
		{E2F234D6-3B2C-4F5E-B815-6D61B8AA5DC6}.Release|ARM.Build.0 = Release|Any CPU
		{E2F234D6-3B2C-4F5E-B815-6D61B8AA5DC6}.Release|ARM64.ActiveCfg = Release|Any CPU
		{E2F234D6-3B2C-4F5E-B815-6D61B8AA5DC6}.Release|ARM64.Build.0 = Release|Any CPU
		{E2F234D6-3B2C-4F5E-B815-6D61B8AA5DC6}.Release|iPhone.ActiveCfg = Release|Any CPU
		{E2F234D6-3B2C-4F5E-B815-6D61B8AA5DC6}.Release|iPhone.Build.0 = Release|Any CPU
		{E2F234D6-3B2C-4F5E-B815-6D61B8AA5DC6}.Release|iPhoneSimulator.ActiveCfg = Release|Any CPU
		{E2F234D6-3B2C-4F5E-B815-6D61B8AA5DC6}.Release|iPhoneSimulator.Build.0 = Release|Any CPU
		{E2F234D6-3B2C-4F5E-B815-6D61B8AA5DC6}.Release|x64.ActiveCfg = Release|Any CPU
		{E2F234D6-3B2C-4F5E-B815-6D61B8AA5DC6}.Release|x64.Build.0 = Release|Any CPU
		{E2F234D6-3B2C-4F5E-B815-6D61B8AA5DC6}.Release|x86.ActiveCfg = Release|Any CPU
		{E2F234D6-3B2C-4F5E-B815-6D61B8AA5DC6}.Release|x86.Build.0 = Release|Any CPU
	EndGlobalSection
	GlobalSection(SolutionProperties) = preSolution
		HideSolutionNode = FALSE
	EndGlobalSection
	GlobalSection(NestedProjects) = preSolution
		{12BE5947-A64A-4968-96A6-5CA3CE36C244} = {C3FDCDB7-0C29-472D-A406-E2F21A4B0EAE}
		{1057EEAD-899D-4BC2-BA73-6BC526AD3F19} = {C3FDCDB7-0C29-472D-A406-E2F21A4B0EAE}
		{A94A318E-1F79-4AE9-9620-58D941382410} = {586C3CCB-82A5-47F0-A099-B9A31BB4EA88}
	EndGlobalSection
	GlobalSection(ExtensibilityGlobals) = postSolution
		SolutionGuid = {0653DB4A-5BBE-4D78-99B2-DB1C82663246}
	EndGlobalSection
	GlobalSection(MonoDevelopProperties) = preSolution
		Policies = $0
		$0.DotNetNamingPolicy = $1
	EndGlobalSection
EndGlobal
