
Microsoft Visual Studio Solution File, Format Version 12.00
# Visual Studio Version 16
VisualStudioVersion = 16.0.29020.237
MinimumVisualStudioVersion = 10.0.40219.1
Project("{FAE04EC0-301F-11D3-BF4B-00C04F79EFBC}") = "Comet", "src\Comet\Comet.csproj", "{1817646E-E71E-48CF-80A4-3030EF870D61}"
EndProject
Project("{2150E333-8FDC-42A3-9474-1A3956D46DE8}") = "Sample", "Sample", "{C3FDCDB7-0C29-472D-A406-E2F21A4B0EAE}"
EndProject
Project("{2150E333-8FDC-42A3-9474-1A3956D46DE8}") = "Tests", "Tests", "{586C3CCB-82A5-47F0-A099-B9A31BB4EA88}"
EndProject
Project("{9A19103F-16F7-4668-BE54-9A1E7A4F7556}") = "Comet.Tests", "tests\Comet.Tests\Comet.Tests.csproj", "{EDC997D0-2358-416F-A628-5DFD85728060}"
EndProject
Project("{FAE04EC0-301F-11D3-BF4B-00C04F79EFBC}") = "Comet.iOS.Sample", "sample\Comet.iOS.Sample\Comet.iOS.Sample.csproj", "{12BE5947-A64A-4968-96A6-5CA3CE36C244}"
EndProject
Project("{2150E333-8FDC-42A3-9474-1A3956D46DE8}") = "Solution Items", "Solution Items", "{BC86B934-3C23-4DA8-A4F4-BB2B0C298DF5}"
	ProjectSection(SolutionItems) = preProject
		.editorconfig = .editorconfig
	EndProjectSection
EndProject
Project("{FAE04EC0-301F-11D3-BF4B-00C04F79EFBC}") = "Xamarin.Platform.Handlers", "external\Maui\src\Platform.Handlers\src\Xamarin.Platform.Handlers\Xamarin.Platform.Handlers.csproj", "{9C19FAED-2BCB-44E7-B33D-90ECD30D236B}"
EndProject
Project("{FAE04EC0-301F-11D3-BF4B-00C04F79EFBC}") = "Comet.Samples", "sample\Comet.Samples\Comet.Samples.csproj", "{1057EEAD-899D-4BC2-BA73-6BC526AD3F19}"
EndProject
Global
	GlobalSection(SolutionConfigurationPlatforms) = preSolution
		Debug|Any CPU = Debug|Any CPU
		Debug|ARM = Debug|ARM
		Debug|ARM64 = Debug|ARM64
		Debug|iPhone = Debug|iPhone
		Debug|iPhoneSimulator = Debug|iPhoneSimulator
		Debug|x64 = Debug|x64
		Debug|x86 = Debug|x86
		Release|Any CPU = Release|Any CPU
		Release|ARM = Release|ARM
		Release|ARM64 = Release|ARM64
		Release|iPhone = Release|iPhone
		Release|iPhoneSimulator = Release|iPhoneSimulator
		Release|x64 = Release|x64
		Release|x86 = Release|x86
	EndGlobalSection
	GlobalSection(ProjectConfigurationPlatforms) = postSolution
		{1817646E-E71E-48CF-80A4-3030EF870D61}.Debug|Any CPU.ActiveCfg = Debug|Any CPU
		{1817646E-E71E-48CF-80A4-3030EF870D61}.Debug|Any CPU.Build.0 = Debug|Any CPU
		{1817646E-E71E-48CF-80A4-3030EF870D61}.Debug|ARM.ActiveCfg = Debug|Any CPU
		{1817646E-E71E-48CF-80A4-3030EF870D61}.Debug|ARM.Build.0 = Debug|Any CPU
		{1817646E-E71E-48CF-80A4-3030EF870D61}.Debug|ARM64.ActiveCfg = Debug|Any CPU
		{1817646E-E71E-48CF-80A4-3030EF870D61}.Debug|ARM64.Build.0 = Debug|Any CPU
		{1817646E-E71E-48CF-80A4-3030EF870D61}.Debug|iPhone.ActiveCfg = Debug|Any CPU
		{1817646E-E71E-48CF-80A4-3030EF870D61}.Debug|iPhone.Build.0 = Debug|Any CPU
		{1817646E-E71E-48CF-80A4-3030EF870D61}.Debug|iPhoneSimulator.ActiveCfg = Debug|Any CPU
		{1817646E-E71E-48CF-80A4-3030EF870D61}.Debug|iPhoneSimulator.Build.0 = Debug|Any CPU
		{1817646E-E71E-48CF-80A4-3030EF870D61}.Debug|x64.ActiveCfg = Debug|Any CPU
		{1817646E-E71E-48CF-80A4-3030EF870D61}.Debug|x64.Build.0 = Debug|Any CPU
		{1817646E-E71E-48CF-80A4-3030EF870D61}.Debug|x86.ActiveCfg = Debug|Any CPU
		{1817646E-E71E-48CF-80A4-3030EF870D61}.Debug|x86.Build.0 = Debug|Any CPU
		{1817646E-E71E-48CF-80A4-3030EF870D61}.Release|Any CPU.ActiveCfg = Release|Any CPU
		{1817646E-E71E-48CF-80A4-3030EF870D61}.Release|Any CPU.Build.0 = Release|Any CPU
		{1817646E-E71E-48CF-80A4-3030EF870D61}.Release|ARM.ActiveCfg = Release|Any CPU
		{1817646E-E71E-48CF-80A4-3030EF870D61}.Release|ARM.Build.0 = Release|Any CPU
		{1817646E-E71E-48CF-80A4-3030EF870D61}.Release|ARM64.ActiveCfg = Release|Any CPU
		{1817646E-E71E-48CF-80A4-3030EF870D61}.Release|ARM64.Build.0 = Release|Any CPU
		{1817646E-E71E-48CF-80A4-3030EF870D61}.Release|iPhone.ActiveCfg = Release|Any CPU
		{1817646E-E71E-48CF-80A4-3030EF870D61}.Release|iPhone.Build.0 = Release|Any CPU
		{1817646E-E71E-48CF-80A4-3030EF870D61}.Release|iPhoneSimulator.ActiveCfg = Release|Any CPU
		{1817646E-E71E-48CF-80A4-3030EF870D61}.Release|iPhoneSimulator.Build.0 = Release|Any CPU
		{1817646E-E71E-48CF-80A4-3030EF870D61}.Release|x64.ActiveCfg = Release|Any CPU
		{1817646E-E71E-48CF-80A4-3030EF870D61}.Release|x64.Build.0 = Release|Any CPU
		{1817646E-E71E-48CF-80A4-3030EF870D61}.Release|x86.ActiveCfg = Release|Any CPU
		{1817646E-E71E-48CF-80A4-3030EF870D61}.Release|x86.Build.0 = Release|Any CPU
		{EDC997D0-2358-416F-A628-5DFD85728060}.Debug|Any CPU.ActiveCfg = Debug|Any CPU
		{EDC997D0-2358-416F-A628-5DFD85728060}.Debug|Any CPU.Build.0 = Debug|Any CPU
		{EDC997D0-2358-416F-A628-5DFD85728060}.Debug|ARM.ActiveCfg = Debug|Any CPU
		{EDC997D0-2358-416F-A628-5DFD85728060}.Debug|ARM.Build.0 = Debug|Any CPU
		{EDC997D0-2358-416F-A628-5DFD85728060}.Debug|ARM64.ActiveCfg = Debug|Any CPU
		{EDC997D0-2358-416F-A628-5DFD85728060}.Debug|ARM64.Build.0 = Debug|Any CPU
		{EDC997D0-2358-416F-A628-5DFD85728060}.Debug|iPhone.ActiveCfg = Debug|Any CPU
		{EDC997D0-2358-416F-A628-5DFD85728060}.Debug|iPhone.Build.0 = Debug|Any CPU
		{EDC997D0-2358-416F-A628-5DFD85728060}.Debug|iPhoneSimulator.ActiveCfg = Debug|Any CPU
		{EDC997D0-2358-416F-A628-5DFD85728060}.Debug|x64.ActiveCfg = Debug|Any CPU
		{EDC997D0-2358-416F-A628-5DFD85728060}.Debug|x64.Build.0 = Debug|Any CPU
		{EDC997D0-2358-416F-A628-5DFD85728060}.Debug|x86.ActiveCfg = Debug|Any CPU
		{EDC997D0-2358-416F-A628-5DFD85728060}.Debug|x86.Build.0 = Debug|Any CPU
		{EDC997D0-2358-416F-A628-5DFD85728060}.Release|Any CPU.ActiveCfg = Debug|Any CPU
		{EDC997D0-2358-416F-A628-5DFD85728060}.Release|Any CPU.Build.0 = Debug|Any CPU
		{EDC997D0-2358-416F-A628-5DFD85728060}.Release|ARM.ActiveCfg = Release|Any CPU
		{EDC997D0-2358-416F-A628-5DFD85728060}.Release|ARM.Build.0 = Release|Any CPU
		{EDC997D0-2358-416F-A628-5DFD85728060}.Release|ARM64.ActiveCfg = Release|Any CPU
		{EDC997D0-2358-416F-A628-5DFD85728060}.Release|ARM64.Build.0 = Release|Any CPU
		{EDC997D0-2358-416F-A628-5DFD85728060}.Release|iPhone.ActiveCfg = Release|Any CPU
		{EDC997D0-2358-416F-A628-5DFD85728060}.Release|iPhone.Build.0 = Release|Any CPU
		{EDC997D0-2358-416F-A628-5DFD85728060}.Release|iPhoneSimulator.ActiveCfg = Release|Any CPU
		{EDC997D0-2358-416F-A628-5DFD85728060}.Release|iPhoneSimulator.Build.0 = Release|Any CPU
		{EDC997D0-2358-416F-A628-5DFD85728060}.Release|x64.ActiveCfg = Release|Any CPU
		{EDC997D0-2358-416F-A628-5DFD85728060}.Release|x64.Build.0 = Release|Any CPU
		{EDC997D0-2358-416F-A628-5DFD85728060}.Release|x86.ActiveCfg = Release|Any CPU
		{EDC997D0-2358-416F-A628-5DFD85728060}.Release|x86.Build.0 = Release|Any CPU
		{12BE5947-A64A-4968-96A6-5CA3CE36C244}.Debug|Any CPU.ActiveCfg = Debug|iPhoneSimulator
		{12BE5947-A64A-4968-96A6-5CA3CE36C244}.Debug|Any CPU.Build.0 = Debug|iPhoneSimulator
		{12BE5947-A64A-4968-96A6-5CA3CE36C244}.Debug|ARM.ActiveCfg = Debug|iPhone
		{12BE5947-A64A-4968-96A6-5CA3CE36C244}.Debug|ARM64.ActiveCfg = Debug|iPhone
		{12BE5947-A64A-4968-96A6-5CA3CE36C244}.Debug|iPhone.ActiveCfg = Debug|iPhone
		{12BE5947-A64A-4968-96A6-5CA3CE36C244}.Debug|iPhone.Build.0 = Debug|iPhone
		{12BE5947-A64A-4968-96A6-5CA3CE36C244}.Debug|iPhoneSimulator.ActiveCfg = Debug|iPhoneSimulator
		{12BE5947-A64A-4968-96A6-5CA3CE36C244}.Debug|iPhoneSimulator.Build.0 = Debug|iPhoneSimulator
		{12BE5947-A64A-4968-96A6-5CA3CE36C244}.Debug|x64.ActiveCfg = Debug|iPhone
		{12BE5947-A64A-4968-96A6-5CA3CE36C244}.Debug|x86.ActiveCfg = Debug|iPhone
		{12BE5947-A64A-4968-96A6-5CA3CE36C244}.Release|Any CPU.ActiveCfg = Debug|iPhoneSimulator
		{12BE5947-A64A-4968-96A6-5CA3CE36C244}.Release|Any CPU.Build.0 = Debug|iPhoneSimulator
		{12BE5947-A64A-4968-96A6-5CA3CE36C244}.Release|ARM.ActiveCfg = Release|iPhoneSimulator
		{12BE5947-A64A-4968-96A6-5CA3CE36C244}.Release|ARM64.ActiveCfg = Release|iPhoneSimulator
		{12BE5947-A64A-4968-96A6-5CA3CE36C244}.Release|iPhone.ActiveCfg = Release|iPhone
		{12BE5947-A64A-4968-96A6-5CA3CE36C244}.Release|iPhone.Build.0 = Release|iPhone
		{12BE5947-A64A-4968-96A6-5CA3CE36C244}.Release|iPhoneSimulator.ActiveCfg = Release|iPhoneSimulator
		{12BE5947-A64A-4968-96A6-5CA3CE36C244}.Release|iPhoneSimulator.Build.0 = Release|iPhoneSimulator
		{12BE5947-A64A-4968-96A6-5CA3CE36C244}.Release|x64.ActiveCfg = Release|iPhoneSimulator
		{12BE5947-A64A-4968-96A6-5CA3CE36C244}.Release|x86.ActiveCfg = Release|iPhoneSimulator
		{9C19FAED-2BCB-44E7-B33D-90ECD30D236B}.Debug|Any CPU.ActiveCfg = Debug|Any CPU
		{9C19FAED-2BCB-44E7-B33D-90ECD30D236B}.Debug|Any CPU.Build.0 = Debug|Any CPU
		{9C19FAED-2BCB-44E7-B33D-90ECD30D236B}.Debug|ARM.ActiveCfg = Debug|Any CPU
		{9C19FAED-2BCB-44E7-B33D-90ECD30D236B}.Debug|ARM.Build.0 = Debug|Any CPU
		{9C19FAED-2BCB-44E7-B33D-90ECD30D236B}.Debug|ARM64.ActiveCfg = Debug|Any CPU
		{9C19FAED-2BCB-44E7-B33D-90ECD30D236B}.Debug|ARM64.Build.0 = Debug|Any CPU
		{9C19FAED-2BCB-44E7-B33D-90ECD30D236B}.Debug|iPhone.ActiveCfg = Debug|Any CPU
		{9C19FAED-2BCB-44E7-B33D-90ECD30D236B}.Debug|iPhone.Build.0 = Debug|Any CPU
		{9C19FAED-2BCB-44E7-B33D-90ECD30D236B}.Debug|iPhoneSimulator.ActiveCfg = Debug|Any CPU
		{9C19FAED-2BCB-44E7-B33D-90ECD30D236B}.Debug|iPhoneSimulator.Build.0 = Debug|Any CPU
		{9C19FAED-2BCB-44E7-B33D-90ECD30D236B}.Debug|x64.ActiveCfg = Debug|Any CPU
		{9C19FAED-2BCB-44E7-B33D-90ECD30D236B}.Debug|x64.Build.0 = Debug|Any CPU
		{9C19FAED-2BCB-44E7-B33D-90ECD30D236B}.Debug|x86.ActiveCfg = Debug|Any CPU
		{9C19FAED-2BCB-44E7-B33D-90ECD30D236B}.Debug|x86.Build.0 = Debug|Any CPU
		{9C19FAED-2BCB-44E7-B33D-90ECD30D236B}.Release|Any CPU.ActiveCfg = Release|Any CPU
		{9C19FAED-2BCB-44E7-B33D-90ECD30D236B}.Release|Any CPU.Build.0 = Release|Any CPU
		{9C19FAED-2BCB-44E7-B33D-90ECD30D236B}.Release|ARM.ActiveCfg = Release|Any CPU
		{9C19FAED-2BCB-44E7-B33D-90ECD30D236B}.Release|ARM.Build.0 = Release|Any CPU
		{9C19FAED-2BCB-44E7-B33D-90ECD30D236B}.Release|ARM64.ActiveCfg = Release|Any CPU
		{9C19FAED-2BCB-44E7-B33D-90ECD30D236B}.Release|ARM64.Build.0 = Release|Any CPU
		{9C19FAED-2BCB-44E7-B33D-90ECD30D236B}.Release|iPhone.ActiveCfg = Release|Any CPU
		{9C19FAED-2BCB-44E7-B33D-90ECD30D236B}.Release|iPhone.Build.0 = Release|Any CPU
		{9C19FAED-2BCB-44E7-B33D-90ECD30D236B}.Release|iPhoneSimulator.ActiveCfg = Release|Any CPU
		{9C19FAED-2BCB-44E7-B33D-90ECD30D236B}.Release|iPhoneSimulator.Build.0 = Release|Any CPU
		{9C19FAED-2BCB-44E7-B33D-90ECD30D236B}.Release|x64.ActiveCfg = Release|Any CPU
		{9C19FAED-2BCB-44E7-B33D-90ECD30D236B}.Release|x64.Build.0 = Release|Any CPU
		{9C19FAED-2BCB-44E7-B33D-90ECD30D236B}.Release|x86.ActiveCfg = Release|Any CPU
		{9C19FAED-2BCB-44E7-B33D-90ECD30D236B}.Release|x86.Build.0 = Release|Any CPU
		{1057EEAD-899D-4BC2-BA73-6BC526AD3F19}.Debug|Any CPU.ActiveCfg = Debug|Any CPU
		{1057EEAD-899D-4BC2-BA73-6BC526AD3F19}.Debug|Any CPU.Build.0 = Debug|Any CPU
		{1057EEAD-899D-4BC2-BA73-6BC526AD3F19}.Debug|ARM.ActiveCfg = Debug|Any CPU
		{1057EEAD-899D-4BC2-BA73-6BC526AD3F19}.Debug|ARM.Build.0 = Debug|Any CPU
		{1057EEAD-899D-4BC2-BA73-6BC526AD3F19}.Debug|ARM64.ActiveCfg = Debug|Any CPU
		{1057EEAD-899D-4BC2-BA73-6BC526AD3F19}.Debug|ARM64.Build.0 = Debug|Any CPU
		{1057EEAD-899D-4BC2-BA73-6BC526AD3F19}.Debug|iPhone.ActiveCfg = Debug|Any CPU
		{1057EEAD-899D-4BC2-BA73-6BC526AD3F19}.Debug|iPhone.Build.0 = Debug|Any CPU
		{1057EEAD-899D-4BC2-BA73-6BC526AD3F19}.Debug|iPhoneSimulator.ActiveCfg = Debug|Any CPU
		{1057EEAD-899D-4BC2-BA73-6BC526AD3F19}.Debug|iPhoneSimulator.Build.0 = Debug|Any CPU
		{1057EEAD-899D-4BC2-BA73-6BC526AD3F19}.Debug|x64.ActiveCfg = Debug|Any CPU
		{1057EEAD-899D-4BC2-BA73-6BC526AD3F19}.Debug|x64.Build.0 = Debug|Any CPU
		{1057EEAD-899D-4BC2-BA73-6BC526AD3F19}.Debug|x86.ActiveCfg = Debug|Any CPU
		{1057EEAD-899D-4BC2-BA73-6BC526AD3F19}.Debug|x86.Build.0 = Debug|Any CPU
		{1057EEAD-899D-4BC2-BA73-6BC526AD3F19}.Release|Any CPU.ActiveCfg = Debug|Any CPU
		{1057EEAD-899D-4BC2-BA73-6BC526AD3F19}.Release|Any CPU.Build.0 = Debug|Any CPU
		{1057EEAD-899D-4BC2-BA73-6BC526AD3F19}.Release|ARM.ActiveCfg = Release|Any CPU
		{1057EEAD-899D-4BC2-BA73-6BC526AD3F19}.Release|ARM.Build.0 = Release|Any CPU
		{1057EEAD-899D-4BC2-BA73-6BC526AD3F19}.Release|ARM64.ActiveCfg = Release|Any CPU
		{1057EEAD-899D-4BC2-BA73-6BC526AD3F19}.Release|ARM64.Build.0 = Release|Any CPU
		{1057EEAD-899D-4BC2-BA73-6BC526AD3F19}.Release|iPhone.ActiveCfg = Release|Any CPU
		{1057EEAD-899D-4BC2-BA73-6BC526AD3F19}.Release|iPhone.Build.0 = Release|Any CPU
		{1057EEAD-899D-4BC2-BA73-6BC526AD3F19}.Release|iPhoneSimulator.ActiveCfg = Release|Any CPU
		{1057EEAD-899D-4BC2-BA73-6BC526AD3F19}.Release|iPhoneSimulator.Build.0 = Release|Any CPU
		{1057EEAD-899D-4BC2-BA73-6BC526AD3F19}.Release|x64.ActiveCfg = Release|Any CPU
		{1057EEAD-899D-4BC2-BA73-6BC526AD3F19}.Release|x64.Build.0 = Release|Any CPU
		{1057EEAD-899D-4BC2-BA73-6BC526AD3F19}.Release|x86.ActiveCfg = Release|Any CPU
		{1057EEAD-899D-4BC2-BA73-6BC526AD3F19}.Release|x86.Build.0 = Release|Any CPU
	EndGlobalSection
	GlobalSection(SolutionProperties) = preSolution
		HideSolutionNode = FALSE
	EndGlobalSection
	GlobalSection(NestedProjects) = preSolution
		{EDC997D0-2358-416F-A628-5DFD85728060} = {586C3CCB-82A5-47F0-A099-B9A31BB4EA88}
		{12BE5947-A64A-4968-96A6-5CA3CE36C244} = {C3FDCDB7-0C29-472D-A406-E2F21A4B0EAE}
		{1057EEAD-899D-4BC2-BA73-6BC526AD3F19} = {C3FDCDB7-0C29-472D-A406-E2F21A4B0EAE}
	EndGlobalSection
	GlobalSection(ExtensibilityGlobals) = postSolution
		SolutionGuid = {0653DB4A-5BBE-4D78-99B2-DB1C82663246}
	EndGlobalSection
	GlobalSection(MonoDevelopProperties) = preSolution
		Policies = $0
		$0.DotNetNamingPolicy = $1
	EndGlobalSection
EndGlobal
