
Microsoft Visual Studio Solution File, Format Version 12.00
# Visual Studio Version 16
VisualStudioVersion = 16.0.29020.237
MinimumVisualStudioVersion = 10.0.40219.1
Project("{9A19103F-16F7-4668-BE54-9A1E7A4F7556}") = "Comet", "src\Comet\Comet.csproj", "{1817646E-E71E-48CF-80A4-3030EF870D61}"
EndProject
Project("{2150E333-8FDC-42A3-9474-1A3956D46DE8}") = "Sample", "Sample", "{C3FDCDB7-0C29-472D-A406-E2F21A4B0EAE}"
EndProject
Project("{2150E333-8FDC-42A3-9474-1A3956D46DE8}") = "Platforms", "Platforms", "{AB9AD206-4B1E-4B0C-88A2-5C769314E8A4}"
EndProject
Project("{FAE04EC0-301F-11D3-BF4B-00C04F79EFBC}") = "Comet.iOS", "src\Comet.iOS\Comet.iOS.csproj", "{9DF36DBF-AFE6-438D-B7A6-1B5FB3D1D6D1}"
EndProject
Project("{9A19103F-16F7-4668-BE54-9A1E7A4F7556}") = "Comet.Samples", "sample\Comet.Samples\Comet.Samples.csproj", "{D058A769-9AE6-438F-960C-2ECC287F6D1E}"
EndProject
Project("{FAE04EC0-301F-11D3-BF4B-00C04F79EFBC}") = "Comet.Android.Sample", "sample\Comet.Android.Sample\Comet.Android.Sample.csproj", "{1B3F8AD2-4252-44CA-8DD6-A7702C46A25D}"
EndProject
Project("{FAE04EC0-301F-11D3-BF4B-00C04F79EFBC}") = "Comet.Mac.Sample", "sample\Comet.Mac.Sample\Comet.Mac.Sample.csproj", "{6F6832FA-2E11-4324-B336-5673DFE15862}"
EndProject
Project("{FAE04EC0-301F-11D3-BF4B-00C04F79EFBC}") = "Comet.Mac", "src\Comet.Mac\Comet.Mac.csproj", "{BCAF5569-30DB-4D44-BF46-DFFE93DDCBD0}"
EndProject
Project("{FAE04EC0-301F-11D3-BF4B-00C04F79EFBC}") = "Comet.Android", "src\Comet.Android\Comet.Android.csproj", "{1E8FBBC2-9E06-4960-A116-65CDEFEFE11D}"
EndProject
Project("{2150E333-8FDC-42A3-9474-1A3956D46DE8}") = "Tests", "Tests", "{586C3CCB-82A5-47F0-A099-B9A31BB4EA88}"
EndProject
Project("{9A19103F-16F7-4668-BE54-9A1E7A4F7556}") = "Comet.Tests", "tests\Comet.Tests\Comet.Tests.csproj", "{EDC997D0-2358-416F-A628-5DFD85728060}"
EndProject
Project("{9A19103F-16F7-4668-BE54-9A1E7A4F7556}") = "Comet.Skia", "src\Comet.Skia\Comet.Skia.csproj", "{BF15264B-D7C7-4F09-B13B-487D60D649BD}"
EndProject
Project("{2150E333-8FDC-42A3-9474-1A3956D46DE8}") = "Skia", "Skia", "{BDB6346D-E97A-49F4-81D6-664390944360}"
EndProject
Project("{FAE04EC0-301F-11D3-BF4B-00C04F79EFBC}") = "Comet.Skia.Mac", "src\Comet.Skia.Mac\Comet.Skia.Mac.csproj", "{00B248D0-382A-4504-A126-76B9C892583E}"
EndProject
Project("{FAE04EC0-301F-11D3-BF4B-00C04F79EFBC}") = "Comet.Skia.Android", "src\Comet.Skia.Android\Comet.Skia.Android.csproj", "{F5FFBB2C-23BE-4029-BFD1-1028F1461F86}"
EndProject
Project("{FAE04EC0-301F-11D3-BF4B-00C04F79EFBC}") = "Comet.iOS.Sample", "sample\Comet.iOS.Sample\Comet.iOS.Sample.csproj", "{12BE5947-A64A-4968-96A6-5CA3CE36C244}"
EndProject
Project("{FAE04EC0-301F-11D3-BF4B-00C04F79EFBC}") = "Comet.Skia.iOS", "src\Comet.Skia.iOS\Comet.Skia.iOS.csproj", "{9ACC68A5-5A5C-409D-A379-D62220A9F49F}"
EndProject
Project("{2150E333-8FDC-42A3-9474-1A3956D46DE8}") = "Material", "Material", "{38B6E8C3-58E4-487E-92C8-3EB5EC6F2F9D}"
EndProject
Project("{FAE04EC0-301F-11D3-BF4B-00C04F79EFBC}") = "Comet.Material.iOS", "src\Material\Comet.Material.iOS\Comet.Material.iOS.csproj", "{86DE0847-5552-4103-AA9F-53A5C8BDDAAE}"
EndProject
Global
	GlobalSection(SolutionConfigurationPlatforms) = preSolution
		Debug|Any CPU = Debug|Any CPU
		Debug|ARM = Debug|ARM
		Debug|ARM64 = Debug|ARM64
		Debug|iPhone = Debug|iPhone
		Debug|iPhoneSimulator = Debug|iPhoneSimulator
		Debug|x64 = Debug|x64
		Debug|x86 = Debug|x86
		Release|Any CPU = Release|Any CPU
		Release|ARM = Release|ARM
		Release|ARM64 = Release|ARM64
		Release|iPhone = Release|iPhone
		Release|iPhoneSimulator = Release|iPhoneSimulator
		Release|x64 = Release|x64
		Release|x86 = Release|x86
	EndGlobalSection
	GlobalSection(ProjectConfigurationPlatforms) = postSolution
		{1817646E-E71E-48CF-80A4-3030EF870D61}.Debug|Any CPU.ActiveCfg = Debug|Any CPU
		{1817646E-E71E-48CF-80A4-3030EF870D61}.Debug|Any CPU.Build.0 = Debug|Any CPU
		{1817646E-E71E-48CF-80A4-3030EF870D61}.Debug|ARM.ActiveCfg = Debug|Any CPU
		{1817646E-E71E-48CF-80A4-3030EF870D61}.Debug|ARM.Build.0 = Debug|Any CPU
		{1817646E-E71E-48CF-80A4-3030EF870D61}.Debug|ARM64.ActiveCfg = Debug|Any CPU
		{1817646E-E71E-48CF-80A4-3030EF870D61}.Debug|ARM64.Build.0 = Debug|Any CPU
		{1817646E-E71E-48CF-80A4-3030EF870D61}.Debug|iPhone.ActiveCfg = Debug|Any CPU
		{1817646E-E71E-48CF-80A4-3030EF870D61}.Debug|iPhone.Build.0 = Debug|Any CPU
		{1817646E-E71E-48CF-80A4-3030EF870D61}.Debug|iPhoneSimulator.ActiveCfg = Debug|Any CPU
		{1817646E-E71E-48CF-80A4-3030EF870D61}.Debug|iPhoneSimulator.Build.0 = Debug|Any CPU
		{1817646E-E71E-48CF-80A4-3030EF870D61}.Debug|x64.ActiveCfg = Debug|Any CPU
		{1817646E-E71E-48CF-80A4-3030EF870D61}.Debug|x64.Build.0 = Debug|Any CPU
		{1817646E-E71E-48CF-80A4-3030EF870D61}.Debug|x86.ActiveCfg = Debug|Any CPU
		{1817646E-E71E-48CF-80A4-3030EF870D61}.Debug|x86.Build.0 = Debug|Any CPU
		{1817646E-E71E-48CF-80A4-3030EF870D61}.Release|Any CPU.ActiveCfg = Release|Any CPU
		{1817646E-E71E-48CF-80A4-3030EF870D61}.Release|Any CPU.Build.0 = Release|Any CPU
		{1817646E-E71E-48CF-80A4-3030EF870D61}.Release|ARM.ActiveCfg = Release|Any CPU
		{1817646E-E71E-48CF-80A4-3030EF870D61}.Release|ARM.Build.0 = Release|Any CPU
		{1817646E-E71E-48CF-80A4-3030EF870D61}.Release|ARM64.ActiveCfg = Release|Any CPU
		{1817646E-E71E-48CF-80A4-3030EF870D61}.Release|ARM64.Build.0 = Release|Any CPU
		{1817646E-E71E-48CF-80A4-3030EF870D61}.Release|iPhone.ActiveCfg = Release|Any CPU
		{1817646E-E71E-48CF-80A4-3030EF870D61}.Release|iPhone.Build.0 = Release|Any CPU
		{1817646E-E71E-48CF-80A4-3030EF870D61}.Release|iPhoneSimulator.ActiveCfg = Release|Any CPU
		{1817646E-E71E-48CF-80A4-3030EF870D61}.Release|iPhoneSimulator.Build.0 = Release|Any CPU
		{1817646E-E71E-48CF-80A4-3030EF870D61}.Release|x64.ActiveCfg = Release|Any CPU
		{1817646E-E71E-48CF-80A4-3030EF870D61}.Release|x64.Build.0 = Release|Any CPU
		{1817646E-E71E-48CF-80A4-3030EF870D61}.Release|x86.ActiveCfg = Release|Any CPU
		{1817646E-E71E-48CF-80A4-3030EF870D61}.Release|x86.Build.0 = Release|Any CPU
		{9DF36DBF-AFE6-438D-B7A6-1B5FB3D1D6D1}.Debug|Any CPU.ActiveCfg = Debug|Any CPU
		{9DF36DBF-AFE6-438D-B7A6-1B5FB3D1D6D1}.Debug|Any CPU.Build.0 = Debug|Any CPU
		{9DF36DBF-AFE6-438D-B7A6-1B5FB3D1D6D1}.Debug|ARM.ActiveCfg = Debug|Any CPU
		{9DF36DBF-AFE6-438D-B7A6-1B5FB3D1D6D1}.Debug|ARM.Build.0 = Debug|Any CPU
		{9DF36DBF-AFE6-438D-B7A6-1B5FB3D1D6D1}.Debug|ARM64.ActiveCfg = Debug|Any CPU
		{9DF36DBF-AFE6-438D-B7A6-1B5FB3D1D6D1}.Debug|ARM64.Build.0 = Debug|Any CPU
		{9DF36DBF-AFE6-438D-B7A6-1B5FB3D1D6D1}.Debug|iPhone.ActiveCfg = Debug|Any CPU
		{9DF36DBF-AFE6-438D-B7A6-1B5FB3D1D6D1}.Debug|iPhone.Build.0 = Debug|Any CPU
		{9DF36DBF-AFE6-438D-B7A6-1B5FB3D1D6D1}.Debug|iPhoneSimulator.ActiveCfg = Debug|Any CPU
		{9DF36DBF-AFE6-438D-B7A6-1B5FB3D1D6D1}.Debug|iPhoneSimulator.Build.0 = Debug|Any CPU
		{9DF36DBF-AFE6-438D-B7A6-1B5FB3D1D6D1}.Debug|x64.ActiveCfg = Debug|Any CPU
		{9DF36DBF-AFE6-438D-B7A6-1B5FB3D1D6D1}.Debug|x64.Build.0 = Debug|Any CPU
		{9DF36DBF-AFE6-438D-B7A6-1B5FB3D1D6D1}.Debug|x86.ActiveCfg = Debug|Any CPU
		{9DF36DBF-AFE6-438D-B7A6-1B5FB3D1D6D1}.Debug|x86.Build.0 = Debug|Any CPU
		{9DF36DBF-AFE6-438D-B7A6-1B5FB3D1D6D1}.Release|Any CPU.ActiveCfg = Debug|Any CPU
		{9DF36DBF-AFE6-438D-B7A6-1B5FB3D1D6D1}.Release|Any CPU.Build.0 = Debug|Any CPU
		{9DF36DBF-AFE6-438D-B7A6-1B5FB3D1D6D1}.Release|ARM.ActiveCfg = Release|Any CPU
		{9DF36DBF-AFE6-438D-B7A6-1B5FB3D1D6D1}.Release|ARM.Build.0 = Release|Any CPU
		{9DF36DBF-AFE6-438D-B7A6-1B5FB3D1D6D1}.Release|ARM64.ActiveCfg = Release|Any CPU
		{9DF36DBF-AFE6-438D-B7A6-1B5FB3D1D6D1}.Release|ARM64.Build.0 = Release|Any CPU
		{9DF36DBF-AFE6-438D-B7A6-1B5FB3D1D6D1}.Release|iPhone.ActiveCfg = Release|Any CPU
		{9DF36DBF-AFE6-438D-B7A6-1B5FB3D1D6D1}.Release|iPhone.Build.0 = Release|Any CPU
		{9DF36DBF-AFE6-438D-B7A6-1B5FB3D1D6D1}.Release|iPhoneSimulator.ActiveCfg = Release|Any CPU
		{9DF36DBF-AFE6-438D-B7A6-1B5FB3D1D6D1}.Release|iPhoneSimulator.Build.0 = Release|Any CPU
		{9DF36DBF-AFE6-438D-B7A6-1B5FB3D1D6D1}.Release|x64.ActiveCfg = Release|Any CPU
		{9DF36DBF-AFE6-438D-B7A6-1B5FB3D1D6D1}.Release|x64.Build.0 = Release|Any CPU
		{9DF36DBF-AFE6-438D-B7A6-1B5FB3D1D6D1}.Release|x86.ActiveCfg = Release|Any CPU
		{9DF36DBF-AFE6-438D-B7A6-1B5FB3D1D6D1}.Release|x86.Build.0 = Release|Any CPU
		{D058A769-9AE6-438F-960C-2ECC287F6D1E}.Debug|Any CPU.ActiveCfg = Debug|Any CPU
		{D058A769-9AE6-438F-960C-2ECC287F6D1E}.Debug|Any CPU.Build.0 = Debug|Any CPU
		{D058A769-9AE6-438F-960C-2ECC287F6D1E}.Debug|ARM.ActiveCfg = Debug|Any CPU
		{D058A769-9AE6-438F-960C-2ECC287F6D1E}.Debug|ARM.Build.0 = Debug|Any CPU
		{D058A769-9AE6-438F-960C-2ECC287F6D1E}.Debug|ARM64.ActiveCfg = Debug|Any CPU
		{D058A769-9AE6-438F-960C-2ECC287F6D1E}.Debug|ARM64.Build.0 = Debug|Any CPU
		{D058A769-9AE6-438F-960C-2ECC287F6D1E}.Debug|iPhone.ActiveCfg = Debug|Any CPU
		{D058A769-9AE6-438F-960C-2ECC287F6D1E}.Debug|iPhone.Build.0 = Debug|Any CPU
		{D058A769-9AE6-438F-960C-2ECC287F6D1E}.Debug|iPhoneSimulator.ActiveCfg = Debug|Any CPU
		{D058A769-9AE6-438F-960C-2ECC287F6D1E}.Debug|iPhoneSimulator.Build.0 = Debug|Any CPU
		{D058A769-9AE6-438F-960C-2ECC287F6D1E}.Debug|x64.ActiveCfg = Debug|Any CPU
		{D058A769-9AE6-438F-960C-2ECC287F6D1E}.Debug|x64.Build.0 = Debug|Any CPU
		{D058A769-9AE6-438F-960C-2ECC287F6D1E}.Debug|x86.ActiveCfg = Debug|Any CPU
		{D058A769-9AE6-438F-960C-2ECC287F6D1E}.Debug|x86.Build.0 = Debug|Any CPU
		{D058A769-9AE6-438F-960C-2ECC287F6D1E}.Release|Any CPU.ActiveCfg = Debug|Any CPU
		{D058A769-9AE6-438F-960C-2ECC287F6D1E}.Release|Any CPU.Build.0 = Debug|Any CPU
		{D058A769-9AE6-438F-960C-2ECC287F6D1E}.Release|ARM.ActiveCfg = Release|Any CPU
		{D058A769-9AE6-438F-960C-2ECC287F6D1E}.Release|ARM.Build.0 = Release|Any CPU
		{D058A769-9AE6-438F-960C-2ECC287F6D1E}.Release|ARM64.ActiveCfg = Release|Any CPU
		{D058A769-9AE6-438F-960C-2ECC287F6D1E}.Release|ARM64.Build.0 = Release|Any CPU
		{D058A769-9AE6-438F-960C-2ECC287F6D1E}.Release|iPhone.ActiveCfg = Release|Any CPU
		{D058A769-9AE6-438F-960C-2ECC287F6D1E}.Release|iPhone.Build.0 = Release|Any CPU
		{D058A769-9AE6-438F-960C-2ECC287F6D1E}.Release|iPhoneSimulator.ActiveCfg = Release|Any CPU
		{D058A769-9AE6-438F-960C-2ECC287F6D1E}.Release|iPhoneSimulator.Build.0 = Release|Any CPU
		{D058A769-9AE6-438F-960C-2ECC287F6D1E}.Release|x64.ActiveCfg = Release|Any CPU
		{D058A769-9AE6-438F-960C-2ECC287F6D1E}.Release|x64.Build.0 = Release|Any CPU
		{D058A769-9AE6-438F-960C-2ECC287F6D1E}.Release|x86.ActiveCfg = Release|Any CPU
		{D058A769-9AE6-438F-960C-2ECC287F6D1E}.Release|x86.Build.0 = Release|Any CPU
		{1B3F8AD2-4252-44CA-8DD6-A7702C46A25D}.Debug|Any CPU.ActiveCfg = Debug|Any CPU
		{1B3F8AD2-4252-44CA-8DD6-A7702C46A25D}.Debug|Any CPU.Build.0 = Debug|Any CPU
		{1B3F8AD2-4252-44CA-8DD6-A7702C46A25D}.Debug|Any CPU.Deploy.0 = Debug|Any CPU
		{1B3F8AD2-4252-44CA-8DD6-A7702C46A25D}.Debug|ARM.ActiveCfg = Debug|Any CPU
		{1B3F8AD2-4252-44CA-8DD6-A7702C46A25D}.Debug|ARM.Build.0 = Debug|Any CPU
		{1B3F8AD2-4252-44CA-8DD6-A7702C46A25D}.Debug|ARM.Deploy.0 = Debug|Any CPU
		{1B3F8AD2-4252-44CA-8DD6-A7702C46A25D}.Debug|ARM64.ActiveCfg = Debug|Any CPU
		{1B3F8AD2-4252-44CA-8DD6-A7702C46A25D}.Debug|ARM64.Build.0 = Debug|Any CPU
		{1B3F8AD2-4252-44CA-8DD6-A7702C46A25D}.Debug|ARM64.Deploy.0 = Debug|Any CPU
		{1B3F8AD2-4252-44CA-8DD6-A7702C46A25D}.Debug|iPhone.ActiveCfg = Debug|Any CPU
		{1B3F8AD2-4252-44CA-8DD6-A7702C46A25D}.Debug|iPhone.Build.0 = Debug|Any CPU
		{1B3F8AD2-4252-44CA-8DD6-A7702C46A25D}.Debug|iPhoneSimulator.ActiveCfg = Debug|Any CPU
		{1B3F8AD2-4252-44CA-8DD6-A7702C46A25D}.Debug|x64.ActiveCfg = Debug|Any CPU
		{1B3F8AD2-4252-44CA-8DD6-A7702C46A25D}.Debug|x64.Build.0 = Debug|Any CPU
		{1B3F8AD2-4252-44CA-8DD6-A7702C46A25D}.Debug|x64.Deploy.0 = Debug|Any CPU
		{1B3F8AD2-4252-44CA-8DD6-A7702C46A25D}.Debug|x86.ActiveCfg = Debug|Any CPU
		{1B3F8AD2-4252-44CA-8DD6-A7702C46A25D}.Debug|x86.Build.0 = Debug|Any CPU
		{1B3F8AD2-4252-44CA-8DD6-A7702C46A25D}.Debug|x86.Deploy.0 = Debug|Any CPU
		{1B3F8AD2-4252-44CA-8DD6-A7702C46A25D}.Release|Any CPU.ActiveCfg = Debug|Any CPU
		{1B3F8AD2-4252-44CA-8DD6-A7702C46A25D}.Release|Any CPU.Build.0 = Debug|Any CPU
		{1B3F8AD2-4252-44CA-8DD6-A7702C46A25D}.Release|Any CPU.Deploy.0 = Debug|Any CPU
		{1B3F8AD2-4252-44CA-8DD6-A7702C46A25D}.Release|ARM.ActiveCfg = Release|Any CPU
		{1B3F8AD2-4252-44CA-8DD6-A7702C46A25D}.Release|ARM.Build.0 = Release|Any CPU
		{1B3F8AD2-4252-44CA-8DD6-A7702C46A25D}.Release|ARM.Deploy.0 = Release|Any CPU
		{1B3F8AD2-4252-44CA-8DD6-A7702C46A25D}.Release|ARM64.ActiveCfg = Release|Any CPU
		{1B3F8AD2-4252-44CA-8DD6-A7702C46A25D}.Release|ARM64.Build.0 = Release|Any CPU
		{1B3F8AD2-4252-44CA-8DD6-A7702C46A25D}.Release|ARM64.Deploy.0 = Release|Any CPU
		{1B3F8AD2-4252-44CA-8DD6-A7702C46A25D}.Release|iPhone.ActiveCfg = Release|Any CPU
		{1B3F8AD2-4252-44CA-8DD6-A7702C46A25D}.Release|iPhone.Build.0 = Release|Any CPU
		{1B3F8AD2-4252-44CA-8DD6-A7702C46A25D}.Release|iPhoneSimulator.ActiveCfg = Release|Any CPU
		{1B3F8AD2-4252-44CA-8DD6-A7702C46A25D}.Release|iPhoneSimulator.Build.0 = Release|Any CPU
		{1B3F8AD2-4252-44CA-8DD6-A7702C46A25D}.Release|x64.ActiveCfg = Release|Any CPU
		{1B3F8AD2-4252-44CA-8DD6-A7702C46A25D}.Release|x64.Build.0 = Release|Any CPU
		{1B3F8AD2-4252-44CA-8DD6-A7702C46A25D}.Release|x64.Deploy.0 = Release|Any CPU
		{1B3F8AD2-4252-44CA-8DD6-A7702C46A25D}.Release|x86.ActiveCfg = Release|Any CPU
		{1B3F8AD2-4252-44CA-8DD6-A7702C46A25D}.Release|x86.Build.0 = Release|Any CPU
		{1B3F8AD2-4252-44CA-8DD6-A7702C46A25D}.Release|x86.Deploy.0 = Release|Any CPU
		{6F6832FA-2E11-4324-B336-5673DFE15862}.Debug|Any CPU.ActiveCfg = Debug|Any CPU
		{6F6832FA-2E11-4324-B336-5673DFE15862}.Debug|Any CPU.Build.0 = Debug|Any CPU
		{6F6832FA-2E11-4324-B336-5673DFE15862}.Debug|ARM.ActiveCfg = Debug|Any CPU
		{6F6832FA-2E11-4324-B336-5673DFE15862}.Debug|ARM.Build.0 = Debug|Any CPU
		{6F6832FA-2E11-4324-B336-5673DFE15862}.Debug|ARM64.ActiveCfg = Debug|Any CPU
		{6F6832FA-2E11-4324-B336-5673DFE15862}.Debug|ARM64.Build.0 = Debug|Any CPU
		{6F6832FA-2E11-4324-B336-5673DFE15862}.Debug|iPhone.ActiveCfg = Debug|Any CPU
		{6F6832FA-2E11-4324-B336-5673DFE15862}.Debug|iPhone.Build.0 = Debug|Any CPU
		{6F6832FA-2E11-4324-B336-5673DFE15862}.Debug|iPhoneSimulator.ActiveCfg = Debug|Any CPU
		{6F6832FA-2E11-4324-B336-5673DFE15862}.Debug|iPhoneSimulator.Build.0 = Debug|Any CPU
		{6F6832FA-2E11-4324-B336-5673DFE15862}.Debug|x64.ActiveCfg = Debug|Any CPU
		{6F6832FA-2E11-4324-B336-5673DFE15862}.Debug|x64.Build.0 = Debug|Any CPU
		{6F6832FA-2E11-4324-B336-5673DFE15862}.Debug|x86.ActiveCfg = Debug|Any CPU
		{6F6832FA-2E11-4324-B336-5673DFE15862}.Debug|x86.Build.0 = Debug|Any CPU
		{6F6832FA-2E11-4324-B336-5673DFE15862}.Release|Any CPU.ActiveCfg = Debug|Any CPU
		{6F6832FA-2E11-4324-B336-5673DFE15862}.Release|Any CPU.Build.0 = Debug|Any CPU
		{6F6832FA-2E11-4324-B336-5673DFE15862}.Release|ARM.ActiveCfg = Release|Any CPU
		{6F6832FA-2E11-4324-B336-5673DFE15862}.Release|ARM.Build.0 = Release|Any CPU
		{6F6832FA-2E11-4324-B336-5673DFE15862}.Release|ARM64.ActiveCfg = Release|Any CPU
		{6F6832FA-2E11-4324-B336-5673DFE15862}.Release|ARM64.Build.0 = Release|Any CPU
		{6F6832FA-2E11-4324-B336-5673DFE15862}.Release|iPhone.ActiveCfg = Release|Any CPU
		{6F6832FA-2E11-4324-B336-5673DFE15862}.Release|iPhone.Build.0 = Release|Any CPU
		{6F6832FA-2E11-4324-B336-5673DFE15862}.Release|iPhoneSimulator.ActiveCfg = Release|Any CPU
		{6F6832FA-2E11-4324-B336-5673DFE15862}.Release|iPhoneSimulator.Build.0 = Release|Any CPU
		{6F6832FA-2E11-4324-B336-5673DFE15862}.Release|x64.ActiveCfg = Release|Any CPU
		{6F6832FA-2E11-4324-B336-5673DFE15862}.Release|x64.Build.0 = Release|Any CPU
		{6F6832FA-2E11-4324-B336-5673DFE15862}.Release|x86.ActiveCfg = Release|Any CPU
		{6F6832FA-2E11-4324-B336-5673DFE15862}.Release|x86.Build.0 = Release|Any CPU
		{BCAF5569-30DB-4D44-BF46-DFFE93DDCBD0}.Debug|Any CPU.ActiveCfg = Debug|Any CPU
		{BCAF5569-30DB-4D44-BF46-DFFE93DDCBD0}.Debug|Any CPU.Build.0 = Debug|Any CPU
		{BCAF5569-30DB-4D44-BF46-DFFE93DDCBD0}.Debug|ARM.ActiveCfg = Debug|Any CPU
		{BCAF5569-30DB-4D44-BF46-DFFE93DDCBD0}.Debug|ARM.Build.0 = Debug|Any CPU
		{BCAF5569-30DB-4D44-BF46-DFFE93DDCBD0}.Debug|ARM64.ActiveCfg = Debug|Any CPU
		{BCAF5569-30DB-4D44-BF46-DFFE93DDCBD0}.Debug|ARM64.Build.0 = Debug|Any CPU
		{BCAF5569-30DB-4D44-BF46-DFFE93DDCBD0}.Debug|iPhone.ActiveCfg = Debug|Any CPU
		{BCAF5569-30DB-4D44-BF46-DFFE93DDCBD0}.Debug|iPhone.Build.0 = Debug|Any CPU
		{BCAF5569-30DB-4D44-BF46-DFFE93DDCBD0}.Debug|iPhoneSimulator.ActiveCfg = Debug|Any CPU
		{BCAF5569-30DB-4D44-BF46-DFFE93DDCBD0}.Debug|iPhoneSimulator.Build.0 = Debug|Any CPU
		{BCAF5569-30DB-4D44-BF46-DFFE93DDCBD0}.Debug|x64.ActiveCfg = Debug|Any CPU
		{BCAF5569-30DB-4D44-BF46-DFFE93DDCBD0}.Debug|x64.Build.0 = Debug|Any CPU
		{BCAF5569-30DB-4D44-BF46-DFFE93DDCBD0}.Debug|x86.ActiveCfg = Debug|Any CPU
		{BCAF5569-30DB-4D44-BF46-DFFE93DDCBD0}.Debug|x86.Build.0 = Debug|Any CPU
		{BCAF5569-30DB-4D44-BF46-DFFE93DDCBD0}.Release|Any CPU.ActiveCfg = Debug|Any CPU
		{BCAF5569-30DB-4D44-BF46-DFFE93DDCBD0}.Release|Any CPU.Build.0 = Debug|Any CPU
		{BCAF5569-30DB-4D44-BF46-DFFE93DDCBD0}.Release|ARM.ActiveCfg = Release|Any CPU
		{BCAF5569-30DB-4D44-BF46-DFFE93DDCBD0}.Release|ARM.Build.0 = Release|Any CPU
		{BCAF5569-30DB-4D44-BF46-DFFE93DDCBD0}.Release|ARM64.ActiveCfg = Release|Any CPU
		{BCAF5569-30DB-4D44-BF46-DFFE93DDCBD0}.Release|ARM64.Build.0 = Release|Any CPU
		{BCAF5569-30DB-4D44-BF46-DFFE93DDCBD0}.Release|iPhone.ActiveCfg = Release|Any CPU
		{BCAF5569-30DB-4D44-BF46-DFFE93DDCBD0}.Release|iPhone.Build.0 = Release|Any CPU
		{BCAF5569-30DB-4D44-BF46-DFFE93DDCBD0}.Release|iPhoneSimulator.ActiveCfg = Release|Any CPU
		{BCAF5569-30DB-4D44-BF46-DFFE93DDCBD0}.Release|iPhoneSimulator.Build.0 = Release|Any CPU
		{BCAF5569-30DB-4D44-BF46-DFFE93DDCBD0}.Release|x64.ActiveCfg = Release|Any CPU
		{BCAF5569-30DB-4D44-BF46-DFFE93DDCBD0}.Release|x64.Build.0 = Release|Any CPU
		{BCAF5569-30DB-4D44-BF46-DFFE93DDCBD0}.Release|x86.ActiveCfg = Release|Any CPU
		{BCAF5569-30DB-4D44-BF46-DFFE93DDCBD0}.Release|x86.Build.0 = Release|Any CPU
		{1E8FBBC2-9E06-4960-A116-65CDEFEFE11D}.Debug|Any CPU.ActiveCfg = Debug|Any CPU
		{1E8FBBC2-9E06-4960-A116-65CDEFEFE11D}.Debug|Any CPU.Build.0 = Debug|Any CPU
		{1E8FBBC2-9E06-4960-A116-65CDEFEFE11D}.Debug|ARM.ActiveCfg = Debug|Any CPU
		{1E8FBBC2-9E06-4960-A116-65CDEFEFE11D}.Debug|ARM.Build.0 = Debug|Any CPU
		{1E8FBBC2-9E06-4960-A116-65CDEFEFE11D}.Debug|ARM64.ActiveCfg = Debug|Any CPU
		{1E8FBBC2-9E06-4960-A116-65CDEFEFE11D}.Debug|ARM64.Build.0 = Debug|Any CPU
		{1E8FBBC2-9E06-4960-A116-65CDEFEFE11D}.Debug|iPhone.ActiveCfg = Debug|Any CPU
		{1E8FBBC2-9E06-4960-A116-65CDEFEFE11D}.Debug|iPhone.Build.0 = Debug|Any CPU
		{1E8FBBC2-9E06-4960-A116-65CDEFEFE11D}.Debug|iPhoneSimulator.ActiveCfg = Debug|Any CPU
		{1E8FBBC2-9E06-4960-A116-65CDEFEFE11D}.Debug|x64.ActiveCfg = Debug|Any CPU
		{1E8FBBC2-9E06-4960-A116-65CDEFEFE11D}.Debug|x64.Build.0 = Debug|Any CPU
		{1E8FBBC2-9E06-4960-A116-65CDEFEFE11D}.Debug|x86.ActiveCfg = Debug|Any CPU
		{1E8FBBC2-9E06-4960-A116-65CDEFEFE11D}.Debug|x86.Build.0 = Debug|Any CPU
		{1E8FBBC2-9E06-4960-A116-65CDEFEFE11D}.Release|Any CPU.ActiveCfg = Debug|Any CPU
		{1E8FBBC2-9E06-4960-A116-65CDEFEFE11D}.Release|Any CPU.Build.0 = Debug|Any CPU
		{1E8FBBC2-9E06-4960-A116-65CDEFEFE11D}.Release|ARM.ActiveCfg = Release|Any CPU
		{1E8FBBC2-9E06-4960-A116-65CDEFEFE11D}.Release|ARM.Build.0 = Release|Any CPU
		{1E8FBBC2-9E06-4960-A116-65CDEFEFE11D}.Release|ARM64.ActiveCfg = Release|Any CPU
		{1E8FBBC2-9E06-4960-A116-65CDEFEFE11D}.Release|ARM64.Build.0 = Release|Any CPU
		{1E8FBBC2-9E06-4960-A116-65CDEFEFE11D}.Release|iPhone.ActiveCfg = Release|Any CPU
		{1E8FBBC2-9E06-4960-A116-65CDEFEFE11D}.Release|iPhone.Build.0 = Release|Any CPU
		{1E8FBBC2-9E06-4960-A116-65CDEFEFE11D}.Release|iPhoneSimulator.ActiveCfg = Release|Any CPU
		{1E8FBBC2-9E06-4960-A116-65CDEFEFE11D}.Release|iPhoneSimulator.Build.0 = Release|Any CPU
		{1E8FBBC2-9E06-4960-A116-65CDEFEFE11D}.Release|x64.ActiveCfg = Release|Any CPU
		{1E8FBBC2-9E06-4960-A116-65CDEFEFE11D}.Release|x64.Build.0 = Release|Any CPU
		{1E8FBBC2-9E06-4960-A116-65CDEFEFE11D}.Release|x86.ActiveCfg = Release|Any CPU
		{1E8FBBC2-9E06-4960-A116-65CDEFEFE11D}.Release|x86.Build.0 = Release|Any CPU
		{EDC997D0-2358-416F-A628-5DFD85728060}.Debug|Any CPU.ActiveCfg = Debug|Any CPU
		{EDC997D0-2358-416F-A628-5DFD85728060}.Debug|Any CPU.Build.0 = Debug|Any CPU
		{EDC997D0-2358-416F-A628-5DFD85728060}.Debug|ARM.ActiveCfg = Debug|Any CPU
		{EDC997D0-2358-416F-A628-5DFD85728060}.Debug|ARM.Build.0 = Debug|Any CPU
		{EDC997D0-2358-416F-A628-5DFD85728060}.Debug|ARM64.ActiveCfg = Debug|Any CPU
		{EDC997D0-2358-416F-A628-5DFD85728060}.Debug|ARM64.Build.0 = Debug|Any CPU
		{EDC997D0-2358-416F-A628-5DFD85728060}.Debug|iPhone.ActiveCfg = Debug|Any CPU
		{EDC997D0-2358-416F-A628-5DFD85728060}.Debug|iPhone.Build.0 = Debug|Any CPU
		{EDC997D0-2358-416F-A628-5DFD85728060}.Debug|iPhoneSimulator.ActiveCfg = Debug|Any CPU
		{EDC997D0-2358-416F-A628-5DFD85728060}.Debug|x64.ActiveCfg = Debug|Any CPU
		{EDC997D0-2358-416F-A628-5DFD85728060}.Debug|x64.Build.0 = Debug|Any CPU
		{EDC997D0-2358-416F-A628-5DFD85728060}.Debug|x86.ActiveCfg = Debug|Any CPU
		{EDC997D0-2358-416F-A628-5DFD85728060}.Debug|x86.Build.0 = Debug|Any CPU
		{EDC997D0-2358-416F-A628-5DFD85728060}.Release|Any CPU.ActiveCfg = Debug|Any CPU
		{EDC997D0-2358-416F-A628-5DFD85728060}.Release|Any CPU.Build.0 = Debug|Any CPU
		{EDC997D0-2358-416F-A628-5DFD85728060}.Release|ARM.ActiveCfg = Release|Any CPU
		{EDC997D0-2358-416F-A628-5DFD85728060}.Release|ARM.Build.0 = Release|Any CPU
		{EDC997D0-2358-416F-A628-5DFD85728060}.Release|ARM64.ActiveCfg = Release|Any CPU
		{EDC997D0-2358-416F-A628-5DFD85728060}.Release|ARM64.Build.0 = Release|Any CPU
		{EDC997D0-2358-416F-A628-5DFD85728060}.Release|iPhone.ActiveCfg = Release|Any CPU
		{EDC997D0-2358-416F-A628-5DFD85728060}.Release|iPhone.Build.0 = Release|Any CPU
		{EDC997D0-2358-416F-A628-5DFD85728060}.Release|iPhoneSimulator.ActiveCfg = Release|Any CPU
		{EDC997D0-2358-416F-A628-5DFD85728060}.Release|iPhoneSimulator.Build.0 = Release|Any CPU
		{EDC997D0-2358-416F-A628-5DFD85728060}.Release|x64.ActiveCfg = Release|Any CPU
		{EDC997D0-2358-416F-A628-5DFD85728060}.Release|x64.Build.0 = Release|Any CPU
		{EDC997D0-2358-416F-A628-5DFD85728060}.Release|x86.ActiveCfg = Release|Any CPU
		{EDC997D0-2358-416F-A628-5DFD85728060}.Release|x86.Build.0 = Release|Any CPU
		{BF15264B-D7C7-4F09-B13B-487D60D649BD}.Debug|Any CPU.ActiveCfg = Debug|Any CPU
		{BF15264B-D7C7-4F09-B13B-487D60D649BD}.Debug|Any CPU.Build.0 = Debug|Any CPU
		{BF15264B-D7C7-4F09-B13B-487D60D649BD}.Debug|ARM.ActiveCfg = Debug|Any CPU
		{BF15264B-D7C7-4F09-B13B-487D60D649BD}.Debug|ARM.Build.0 = Debug|Any CPU
		{BF15264B-D7C7-4F09-B13B-487D60D649BD}.Debug|ARM64.ActiveCfg = Debug|Any CPU
		{BF15264B-D7C7-4F09-B13B-487D60D649BD}.Debug|ARM64.Build.0 = Debug|Any CPU
		{BF15264B-D7C7-4F09-B13B-487D60D649BD}.Debug|iPhone.ActiveCfg = Debug|Any CPU
		{BF15264B-D7C7-4F09-B13B-487D60D649BD}.Debug|iPhone.Build.0 = Debug|Any CPU
		{BF15264B-D7C7-4F09-B13B-487D60D649BD}.Debug|iPhoneSimulator.ActiveCfg = Debug|Any CPU
		{BF15264B-D7C7-4F09-B13B-487D60D649BD}.Debug|iPhoneSimulator.Build.0 = Debug|Any CPU
		{BF15264B-D7C7-4F09-B13B-487D60D649BD}.Debug|x64.ActiveCfg = Debug|Any CPU
		{BF15264B-D7C7-4F09-B13B-487D60D649BD}.Debug|x64.Build.0 = Debug|Any CPU
		{BF15264B-D7C7-4F09-B13B-487D60D649BD}.Debug|x86.ActiveCfg = Debug|Any CPU
		{BF15264B-D7C7-4F09-B13B-487D60D649BD}.Debug|x86.Build.0 = Debug|Any CPU
		{BF15264B-D7C7-4F09-B13B-487D60D649BD}.Release|Any CPU.ActiveCfg = Release|Any CPU
		{BF15264B-D7C7-4F09-B13B-487D60D649BD}.Release|Any CPU.Build.0 = Release|Any CPU
		{BF15264B-D7C7-4F09-B13B-487D60D649BD}.Release|ARM.ActiveCfg = Release|Any CPU
		{BF15264B-D7C7-4F09-B13B-487D60D649BD}.Release|ARM.Build.0 = Release|Any CPU
		{BF15264B-D7C7-4F09-B13B-487D60D649BD}.Release|ARM64.ActiveCfg = Release|Any CPU
		{BF15264B-D7C7-4F09-B13B-487D60D649BD}.Release|ARM64.Build.0 = Release|Any CPU
		{BF15264B-D7C7-4F09-B13B-487D60D649BD}.Release|iPhone.ActiveCfg = Release|Any CPU
		{BF15264B-D7C7-4F09-B13B-487D60D649BD}.Release|iPhone.Build.0 = Release|Any CPU
		{BF15264B-D7C7-4F09-B13B-487D60D649BD}.Release|iPhoneSimulator.ActiveCfg = Release|Any CPU
		{BF15264B-D7C7-4F09-B13B-487D60D649BD}.Release|iPhoneSimulator.Build.0 = Release|Any CPU
		{BF15264B-D7C7-4F09-B13B-487D60D649BD}.Release|x64.ActiveCfg = Release|Any CPU
		{BF15264B-D7C7-4F09-B13B-487D60D649BD}.Release|x64.Build.0 = Release|Any CPU
		{BF15264B-D7C7-4F09-B13B-487D60D649BD}.Release|x86.ActiveCfg = Release|Any CPU
		{BF15264B-D7C7-4F09-B13B-487D60D649BD}.Release|x86.Build.0 = Release|Any CPU
		{00B248D0-382A-4504-A126-76B9C892583E}.Debug|Any CPU.ActiveCfg = Debug|Any CPU
		{00B248D0-382A-4504-A126-76B9C892583E}.Debug|Any CPU.Build.0 = Debug|Any CPU
		{00B248D0-382A-4504-A126-76B9C892583E}.Debug|ARM.ActiveCfg = Debug|Any CPU
		{00B248D0-382A-4504-A126-76B9C892583E}.Debug|ARM.Build.0 = Debug|Any CPU
		{00B248D0-382A-4504-A126-76B9C892583E}.Debug|ARM64.ActiveCfg = Debug|Any CPU
		{00B248D0-382A-4504-A126-76B9C892583E}.Debug|ARM64.Build.0 = Debug|Any CPU
		{00B248D0-382A-4504-A126-76B9C892583E}.Debug|iPhone.ActiveCfg = Debug|Any CPU
		{00B248D0-382A-4504-A126-76B9C892583E}.Debug|iPhone.Build.0 = Debug|Any CPU
		{00B248D0-382A-4504-A126-76B9C892583E}.Debug|iPhoneSimulator.ActiveCfg = Debug|Any CPU
		{00B248D0-382A-4504-A126-76B9C892583E}.Debug|iPhoneSimulator.Build.0 = Debug|Any CPU
		{00B248D0-382A-4504-A126-76B9C892583E}.Debug|x64.ActiveCfg = Debug|Any CPU
		{00B248D0-382A-4504-A126-76B9C892583E}.Debug|x64.Build.0 = Debug|Any CPU
		{00B248D0-382A-4504-A126-76B9C892583E}.Debug|x86.ActiveCfg = Debug|Any CPU
		{00B248D0-382A-4504-A126-76B9C892583E}.Debug|x86.Build.0 = Debug|Any CPU
		{00B248D0-382A-4504-A126-76B9C892583E}.Release|Any CPU.ActiveCfg = Release|Any CPU
		{00B248D0-382A-4504-A126-76B9C892583E}.Release|Any CPU.Build.0 = Release|Any CPU
		{00B248D0-382A-4504-A126-76B9C892583E}.Release|ARM.ActiveCfg = Release|Any CPU
		{00B248D0-382A-4504-A126-76B9C892583E}.Release|ARM.Build.0 = Release|Any CPU
		{00B248D0-382A-4504-A126-76B9C892583E}.Release|ARM64.ActiveCfg = Release|Any CPU
		{00B248D0-382A-4504-A126-76B9C892583E}.Release|ARM64.Build.0 = Release|Any CPU
		{00B248D0-382A-4504-A126-76B9C892583E}.Release|iPhone.ActiveCfg = Release|Any CPU
		{00B248D0-382A-4504-A126-76B9C892583E}.Release|iPhone.Build.0 = Release|Any CPU
		{00B248D0-382A-4504-A126-76B9C892583E}.Release|iPhoneSimulator.ActiveCfg = Release|Any CPU
		{00B248D0-382A-4504-A126-76B9C892583E}.Release|iPhoneSimulator.Build.0 = Release|Any CPU
		{00B248D0-382A-4504-A126-76B9C892583E}.Release|x64.ActiveCfg = Release|Any CPU
		{00B248D0-382A-4504-A126-76B9C892583E}.Release|x64.Build.0 = Release|Any CPU
		{00B248D0-382A-4504-A126-76B9C892583E}.Release|x86.ActiveCfg = Release|Any CPU
		{00B248D0-382A-4504-A126-76B9C892583E}.Release|x86.Build.0 = Release|Any CPU
		{F5FFBB2C-23BE-4029-BFD1-1028F1461F86}.Debug|Any CPU.ActiveCfg = Debug|Any CPU
		{F5FFBB2C-23BE-4029-BFD1-1028F1461F86}.Debug|Any CPU.Build.0 = Debug|Any CPU
		{F5FFBB2C-23BE-4029-BFD1-1028F1461F86}.Debug|ARM.ActiveCfg = Debug|Any CPU
		{F5FFBB2C-23BE-4029-BFD1-1028F1461F86}.Debug|ARM.Build.0 = Debug|Any CPU
		{F5FFBB2C-23BE-4029-BFD1-1028F1461F86}.Debug|ARM64.ActiveCfg = Debug|Any CPU
		{F5FFBB2C-23BE-4029-BFD1-1028F1461F86}.Debug|ARM64.Build.0 = Debug|Any CPU
		{F5FFBB2C-23BE-4029-BFD1-1028F1461F86}.Debug|iPhone.ActiveCfg = Debug|Any CPU
		{F5FFBB2C-23BE-4029-BFD1-1028F1461F86}.Debug|iPhone.Build.0 = Debug|Any CPU
		{F5FFBB2C-23BE-4029-BFD1-1028F1461F86}.Debug|iPhoneSimulator.ActiveCfg = Debug|Any CPU
		{F5FFBB2C-23BE-4029-BFD1-1028F1461F86}.Debug|iPhoneSimulator.Build.0 = Debug|Any CPU
		{F5FFBB2C-23BE-4029-BFD1-1028F1461F86}.Debug|x64.ActiveCfg = Debug|Any CPU
		{F5FFBB2C-23BE-4029-BFD1-1028F1461F86}.Debug|x64.Build.0 = Debug|Any CPU
		{F5FFBB2C-23BE-4029-BFD1-1028F1461F86}.Debug|x86.ActiveCfg = Debug|Any CPU
		{F5FFBB2C-23BE-4029-BFD1-1028F1461F86}.Debug|x86.Build.0 = Debug|Any CPU
		{F5FFBB2C-23BE-4029-BFD1-1028F1461F86}.Release|Any CPU.ActiveCfg = Release|Any CPU
		{F5FFBB2C-23BE-4029-BFD1-1028F1461F86}.Release|Any CPU.Build.0 = Release|Any CPU
		{F5FFBB2C-23BE-4029-BFD1-1028F1461F86}.Release|ARM.ActiveCfg = Release|Any CPU
		{F5FFBB2C-23BE-4029-BFD1-1028F1461F86}.Release|ARM.Build.0 = Release|Any CPU
		{F5FFBB2C-23BE-4029-BFD1-1028F1461F86}.Release|ARM64.ActiveCfg = Release|Any CPU
		{F5FFBB2C-23BE-4029-BFD1-1028F1461F86}.Release|ARM64.Build.0 = Release|Any CPU
		{F5FFBB2C-23BE-4029-BFD1-1028F1461F86}.Release|iPhone.ActiveCfg = Release|Any CPU
		{F5FFBB2C-23BE-4029-BFD1-1028F1461F86}.Release|iPhone.Build.0 = Release|Any CPU
		{F5FFBB2C-23BE-4029-BFD1-1028F1461F86}.Release|iPhoneSimulator.ActiveCfg = Release|Any CPU
		{F5FFBB2C-23BE-4029-BFD1-1028F1461F86}.Release|iPhoneSimulator.Build.0 = Release|Any CPU
		{F5FFBB2C-23BE-4029-BFD1-1028F1461F86}.Release|x64.ActiveCfg = Release|Any CPU
		{F5FFBB2C-23BE-4029-BFD1-1028F1461F86}.Release|x64.Build.0 = Release|Any CPU
		{F5FFBB2C-23BE-4029-BFD1-1028F1461F86}.Release|x86.ActiveCfg = Release|Any CPU
		{F5FFBB2C-23BE-4029-BFD1-1028F1461F86}.Release|x86.Build.0 = Release|Any CPU
		{12BE5947-A64A-4968-96A6-5CA3CE36C244}.Debug|Any CPU.ActiveCfg = Debug|iPhoneSimulator
		{12BE5947-A64A-4968-96A6-5CA3CE36C244}.Debug|Any CPU.Build.0 = Debug|iPhoneSimulator
		{12BE5947-A64A-4968-96A6-5CA3CE36C244}.Debug|ARM.ActiveCfg = Debug|iPhone
		{12BE5947-A64A-4968-96A6-5CA3CE36C244}.Debug|ARM64.ActiveCfg = Debug|iPhone
		{12BE5947-A64A-4968-96A6-5CA3CE36C244}.Debug|iPhone.ActiveCfg = Debug|iPhone
		{12BE5947-A64A-4968-96A6-5CA3CE36C244}.Debug|iPhone.Build.0 = Debug|iPhone
		{12BE5947-A64A-4968-96A6-5CA3CE36C244}.Debug|iPhoneSimulator.ActiveCfg = Debug|iPhoneSimulator
		{12BE5947-A64A-4968-96A6-5CA3CE36C244}.Debug|iPhoneSimulator.Build.0 = Debug|iPhoneSimulator
		{12BE5947-A64A-4968-96A6-5CA3CE36C244}.Debug|x64.ActiveCfg = Debug|iPhone
		{12BE5947-A64A-4968-96A6-5CA3CE36C244}.Debug|x86.ActiveCfg = Debug|iPhone
		{12BE5947-A64A-4968-96A6-5CA3CE36C244}.Release|Any CPU.ActiveCfg = Debug|iPhoneSimulator
		{12BE5947-A64A-4968-96A6-5CA3CE36C244}.Release|Any CPU.Build.0 = Debug|iPhoneSimulator
		{12BE5947-A64A-4968-96A6-5CA3CE36C244}.Release|ARM.ActiveCfg = Release|iPhoneSimulator
		{12BE5947-A64A-4968-96A6-5CA3CE36C244}.Release|ARM64.ActiveCfg = Release|iPhoneSimulator
		{12BE5947-A64A-4968-96A6-5CA3CE36C244}.Release|iPhone.ActiveCfg = Release|iPhone
		{12BE5947-A64A-4968-96A6-5CA3CE36C244}.Release|iPhone.Build.0 = Release|iPhone
		{12BE5947-A64A-4968-96A6-5CA3CE36C244}.Release|iPhoneSimulator.ActiveCfg = Release|iPhoneSimulator
		{12BE5947-A64A-4968-96A6-5CA3CE36C244}.Release|iPhoneSimulator.Build.0 = Release|iPhoneSimulator
		{12BE5947-A64A-4968-96A6-5CA3CE36C244}.Release|x64.ActiveCfg = Release|iPhoneSimulator
		{12BE5947-A64A-4968-96A6-5CA3CE36C244}.Release|x86.ActiveCfg = Release|iPhoneSimulator
		{9ACC68A5-5A5C-409D-A379-D62220A9F49F}.Debug|Any CPU.ActiveCfg = Debug|Any CPU
		{9ACC68A5-5A5C-409D-A379-D62220A9F49F}.Debug|Any CPU.Build.0 = Debug|Any CPU
		{9ACC68A5-5A5C-409D-A379-D62220A9F49F}.Debug|ARM.ActiveCfg = Debug|Any CPU
		{9ACC68A5-5A5C-409D-A379-D62220A9F49F}.Debug|ARM.Build.0 = Debug|Any CPU
		{9ACC68A5-5A5C-409D-A379-D62220A9F49F}.Debug|ARM64.ActiveCfg = Debug|Any CPU
		{9ACC68A5-5A5C-409D-A379-D62220A9F49F}.Debug|ARM64.Build.0 = Debug|Any CPU
		{9ACC68A5-5A5C-409D-A379-D62220A9F49F}.Debug|iPhone.ActiveCfg = Debug|Any CPU
		{9ACC68A5-5A5C-409D-A379-D62220A9F49F}.Debug|iPhone.Build.0 = Debug|Any CPU
		{9ACC68A5-5A5C-409D-A379-D62220A9F49F}.Debug|iPhoneSimulator.ActiveCfg = Debug|Any CPU
		{9ACC68A5-5A5C-409D-A379-D62220A9F49F}.Debug|iPhoneSimulator.Build.0 = Debug|Any CPU
		{9ACC68A5-5A5C-409D-A379-D62220A9F49F}.Debug|x64.ActiveCfg = Debug|Any CPU
		{9ACC68A5-5A5C-409D-A379-D62220A9F49F}.Debug|x64.Build.0 = Debug|Any CPU
		{9ACC68A5-5A5C-409D-A379-D62220A9F49F}.Debug|x86.ActiveCfg = Debug|Any CPU
		{9ACC68A5-5A5C-409D-A379-D62220A9F49F}.Debug|x86.Build.0 = Debug|Any CPU
		{9ACC68A5-5A5C-409D-A379-D62220A9F49F}.Release|Any CPU.ActiveCfg = Release|Any CPU
		{9ACC68A5-5A5C-409D-A379-D62220A9F49F}.Release|Any CPU.Build.0 = Release|Any CPU
		{9ACC68A5-5A5C-409D-A379-D62220A9F49F}.Release|ARM.ActiveCfg = Release|Any CPU
		{9ACC68A5-5A5C-409D-A379-D62220A9F49F}.Release|ARM.Build.0 = Release|Any CPU
		{9ACC68A5-5A5C-409D-A379-D62220A9F49F}.Release|ARM64.ActiveCfg = Release|Any CPU
		{9ACC68A5-5A5C-409D-A379-D62220A9F49F}.Release|ARM64.Build.0 = Release|Any CPU
		{9ACC68A5-5A5C-409D-A379-D62220A9F49F}.Release|iPhone.ActiveCfg = Release|Any CPU
		{9ACC68A5-5A5C-409D-A379-D62220A9F49F}.Release|iPhone.Build.0 = Release|Any CPU
		{9ACC68A5-5A5C-409D-A379-D62220A9F49F}.Release|iPhoneSimulator.ActiveCfg = Release|Any CPU
		{9ACC68A5-5A5C-409D-A379-D62220A9F49F}.Release|iPhoneSimulator.Build.0 = Release|Any CPU
		{9ACC68A5-5A5C-409D-A379-D62220A9F49F}.Release|x64.ActiveCfg = Release|Any CPU
		{9ACC68A5-5A5C-409D-A379-D62220A9F49F}.Release|x64.Build.0 = Release|Any CPU
		{9ACC68A5-5A5C-409D-A379-D62220A9F49F}.Release|x86.ActiveCfg = Release|Any CPU
		{9ACC68A5-5A5C-409D-A379-D62220A9F49F}.Release|x86.Build.0 = Release|Any CPU
		{86DE0847-5552-4103-AA9F-53A5C8BDDAAE}.Debug|Any CPU.ActiveCfg = Debug|Any CPU
		{86DE0847-5552-4103-AA9F-53A5C8BDDAAE}.Debug|Any CPU.Build.0 = Debug|Any CPU
		{86DE0847-5552-4103-AA9F-53A5C8BDDAAE}.Debug|ARM.ActiveCfg = Debug|Any CPU
		{86DE0847-5552-4103-AA9F-53A5C8BDDAAE}.Debug|ARM.Build.0 = Debug|Any CPU
		{86DE0847-5552-4103-AA9F-53A5C8BDDAAE}.Debug|ARM64.ActiveCfg = Debug|Any CPU
		{86DE0847-5552-4103-AA9F-53A5C8BDDAAE}.Debug|ARM64.Build.0 = Debug|Any CPU
		{86DE0847-5552-4103-AA9F-53A5C8BDDAAE}.Debug|iPhone.ActiveCfg = Debug|Any CPU
		{86DE0847-5552-4103-AA9F-53A5C8BDDAAE}.Debug|iPhone.Build.0 = Debug|Any CPU
		{86DE0847-5552-4103-AA9F-53A5C8BDDAAE}.Debug|iPhoneSimulator.ActiveCfg = Debug|Any CPU
		{86DE0847-5552-4103-AA9F-53A5C8BDDAAE}.Debug|iPhoneSimulator.Build.0 = Debug|Any CPU
		{86DE0847-5552-4103-AA9F-53A5C8BDDAAE}.Debug|x64.ActiveCfg = Debug|Any CPU
		{86DE0847-5552-4103-AA9F-53A5C8BDDAAE}.Debug|x64.Build.0 = Debug|Any CPU
		{86DE0847-5552-4103-AA9F-53A5C8BDDAAE}.Debug|x86.ActiveCfg = Debug|Any CPU
		{86DE0847-5552-4103-AA9F-53A5C8BDDAAE}.Debug|x86.Build.0 = Debug|Any CPU
		{86DE0847-5552-4103-AA9F-53A5C8BDDAAE}.Release|Any CPU.ActiveCfg = Release|Any CPU
		{86DE0847-5552-4103-AA9F-53A5C8BDDAAE}.Release|Any CPU.Build.0 = Release|Any CPU
		{86DE0847-5552-4103-AA9F-53A5C8BDDAAE}.Release|ARM.ActiveCfg = Release|Any CPU
		{86DE0847-5552-4103-AA9F-53A5C8BDDAAE}.Release|ARM.Build.0 = Release|Any CPU
		{86DE0847-5552-4103-AA9F-53A5C8BDDAAE}.Release|ARM64.ActiveCfg = Release|Any CPU
		{86DE0847-5552-4103-AA9F-53A5C8BDDAAE}.Release|ARM64.Build.0 = Release|Any CPU
		{86DE0847-5552-4103-AA9F-53A5C8BDDAAE}.Release|iPhone.ActiveCfg = Release|Any CPU
		{86DE0847-5552-4103-AA9F-53A5C8BDDAAE}.Release|iPhone.Build.0 = Release|Any CPU
		{86DE0847-5552-4103-AA9F-53A5C8BDDAAE}.Release|iPhoneSimulator.ActiveCfg = Release|Any CPU
		{86DE0847-5552-4103-AA9F-53A5C8BDDAAE}.Release|iPhoneSimulator.Build.0 = Release|Any CPU
		{86DE0847-5552-4103-AA9F-53A5C8BDDAAE}.Release|x64.ActiveCfg = Release|Any CPU
		{86DE0847-5552-4103-AA9F-53A5C8BDDAAE}.Release|x64.Build.0 = Release|Any CPU
		{86DE0847-5552-4103-AA9F-53A5C8BDDAAE}.Release|x86.ActiveCfg = Release|Any CPU
		{86DE0847-5552-4103-AA9F-53A5C8BDDAAE}.Release|x86.Build.0 = Release|Any CPU
	EndGlobalSection
	GlobalSection(SolutionProperties) = preSolution
		HideSolutionNode = FALSE
	EndGlobalSection
	GlobalSection(NestedProjects) = preSolution
		{9DF36DBF-AFE6-438D-B7A6-1B5FB3D1D6D1} = {AB9AD206-4B1E-4B0C-88A2-5C769314E8A4}
		{D058A769-9AE6-438F-960C-2ECC287F6D1E} = {C3FDCDB7-0C29-472D-A406-E2F21A4B0EAE}
		{1B3F8AD2-4252-44CA-8DD6-A7702C46A25D} = {C3FDCDB7-0C29-472D-A406-E2F21A4B0EAE}
		{6F6832FA-2E11-4324-B336-5673DFE15862} = {C3FDCDB7-0C29-472D-A406-E2F21A4B0EAE}
		{BCAF5569-30DB-4D44-BF46-DFFE93DDCBD0} = {AB9AD206-4B1E-4B0C-88A2-5C769314E8A4}
		{1E8FBBC2-9E06-4960-A116-65CDEFEFE11D} = {AB9AD206-4B1E-4B0C-88A2-5C769314E8A4}
		{EDC997D0-2358-416F-A628-5DFD85728060} = {586C3CCB-82A5-47F0-A099-B9A31BB4EA88}
		{BF15264B-D7C7-4F09-B13B-487D60D649BD} = {BDB6346D-E97A-49F4-81D6-664390944360}
		{00B248D0-382A-4504-A126-76B9C892583E} = {BDB6346D-E97A-49F4-81D6-664390944360}
		{F5FFBB2C-23BE-4029-BFD1-1028F1461F86} = {BDB6346D-E97A-49F4-81D6-664390944360}
		{12BE5947-A64A-4968-96A6-5CA3CE36C244} = {C3FDCDB7-0C29-472D-A406-E2F21A4B0EAE}
		{9ACC68A5-5A5C-409D-A379-D62220A9F49F} = {BDB6346D-E97A-49F4-81D6-664390944360}
		{86DE0847-5552-4103-AA9F-53A5C8BDDAAE} = {38B6E8C3-58E4-487E-92C8-3EB5EC6F2F9D}
	EndGlobalSection
	GlobalSection(ExtensibilityGlobals) = postSolution
		SolutionGuid = {0653DB4A-5BBE-4D78-99B2-DB1C82663246}
	EndGlobalSection
	GlobalSection(MonoDevelopProperties) = preSolution
		Policies = $0
		$0.DotNetNamingPolicy = $1
	EndGlobalSection
EndGlobal
