
Microsoft Visual Studio Solution File, Format Version 12.00
# Visual Studio Version 16
VisualStudioVersion = 16.0.29020.237
MinimumVisualStudioVersion = 10.0.40219.1
Project("{2150E333-8FDC-42A3-9474-1A3956D46DE8}") = "Sample", "Sample", "{C3FDCDB7-0C29-472D-A406-E2F21A4B0EAE}"
EndProject
Project("{2150E333-8FDC-42A3-9474-1A3956D46DE8}") = "Tests", "Tests", "{586C3CCB-82A5-47F0-A099-B9A31BB4EA88}"
EndProject
Project("{2150E333-8FDC-42A3-9474-1A3956D46DE8}") = "Solution Items", "Solution Items", "{BC86B934-3C23-4DA8-A4F4-BB2B0C298DF5}"
	ProjectSection(SolutionItems) = preProject
		.editorconfig = .editorconfig
	EndProjectSection
EndProject
Project("{FAE04EC0-301F-11D3-BF4B-00C04F79EFBC}") = "Comet.Samples", "sample\Comet.Samples\Comet.Samples.csproj", "{1057EEAD-899D-4BC2-BA73-6BC526AD3F19}"
EndProject
Project("{FAE04EC0-301F-11D3-BF4B-00C04F79EFBC}") = "Comet.Tests", "tests\Comet.Tests\Comet.Tests.csproj", "{A94A318E-1F79-4AE9-9620-58D941382410}"
EndProject
Project("{FAE04EC0-301F-11D3-BF4B-00C04F79EFBC}") = "Comet-net6", "src\Comet\Comet-net6.csproj", "{6186857C-D631-4A3D-8F53-0F8D92BB5B1A}"
EndProject
Project("{FAE04EC0-301F-11D3-BF4B-00C04F79EFBC}") = "Comet.Net6.Sample", "sample\Comet.Net6.Sample\Comet.Net6.Sample.csproj", "{A3CB10B7-0C90-4C80-8A37-6757CDA38C41}"
EndProject
Project("{FAE04EC0-301F-11D3-BF4B-00C04F79EFBC}") = "Essentials-net6", "external\Maui\src\Essentials\src\Essentials-net6.csproj", "{D9691F25-0EAF-4162-B2CD-55ADC07CC2EC}"
EndProject
Project("{FAE04EC0-301F-11D3-BF4B-00C04F79EFBC}") = "Core-net6", "external\Maui\src\Core\src\Core-net6.csproj", "{BE73B5AA-4DE3-4CC9-B0E8-043F3FBA41DB}"
EndProject
Global
	GlobalSection(SolutionConfigurationPlatforms) = preSolution
		Debug|Any CPU = Debug|Any CPU
		Debug|ARM = Debug|ARM
		Debug|ARM64 = Debug|ARM64
		Debug|iPhone = Debug|iPhone
		Debug|iPhoneSimulator = Debug|iPhoneSimulator
		Debug|x64 = Debug|x64
		Debug|x86 = Debug|x86
		Release|Any CPU = Release|Any CPU
		Release|ARM = Release|ARM
		Release|ARM64 = Release|ARM64
		Release|iPhone = Release|iPhone
		Release|iPhoneSimulator = Release|iPhoneSimulator
		Release|x64 = Release|x64
		Release|x86 = Release|x86
	EndGlobalSection
	GlobalSection(ProjectConfigurationPlatforms) = postSolution
		{1057EEAD-899D-4BC2-BA73-6BC526AD3F19}.Debug|Any CPU.ActiveCfg = Debug|Any CPU
		{1057EEAD-899D-4BC2-BA73-6BC526AD3F19}.Debug|Any CPU.Build.0 = Debug|Any CPU
		{1057EEAD-899D-4BC2-BA73-6BC526AD3F19}.Debug|ARM.ActiveCfg = Debug|Any CPU
		{1057EEAD-899D-4BC2-BA73-6BC526AD3F19}.Debug|ARM.Build.0 = Debug|Any CPU
		{1057EEAD-899D-4BC2-BA73-6BC526AD3F19}.Debug|ARM64.ActiveCfg = Debug|Any CPU
		{1057EEAD-899D-4BC2-BA73-6BC526AD3F19}.Debug|ARM64.Build.0 = Debug|Any CPU
		{1057EEAD-899D-4BC2-BA73-6BC526AD3F19}.Debug|iPhone.ActiveCfg = Debug|Any CPU
		{1057EEAD-899D-4BC2-BA73-6BC526AD3F19}.Debug|iPhone.Build.0 = Debug|Any CPU
		{1057EEAD-899D-4BC2-BA73-6BC526AD3F19}.Debug|iPhoneSimulator.ActiveCfg = Debug|Any CPU
		{1057EEAD-899D-4BC2-BA73-6BC526AD3F19}.Debug|iPhoneSimulator.Build.0 = Debug|Any CPU
		{1057EEAD-899D-4BC2-BA73-6BC526AD3F19}.Debug|x64.ActiveCfg = Debug|Any CPU
		{1057EEAD-899D-4BC2-BA73-6BC526AD3F19}.Debug|x64.Build.0 = Debug|Any CPU
		{1057EEAD-899D-4BC2-BA73-6BC526AD3F19}.Debug|x86.ActiveCfg = Debug|Any CPU
		{1057EEAD-899D-4BC2-BA73-6BC526AD3F19}.Debug|x86.Build.0 = Debug|Any CPU
		{1057EEAD-899D-4BC2-BA73-6BC526AD3F19}.Release|Any CPU.ActiveCfg = Debug|Any CPU
		{1057EEAD-899D-4BC2-BA73-6BC526AD3F19}.Release|Any CPU.Build.0 = Debug|Any CPU
		{1057EEAD-899D-4BC2-BA73-6BC526AD3F19}.Release|ARM.ActiveCfg = Release|Any CPU
		{1057EEAD-899D-4BC2-BA73-6BC526AD3F19}.Release|ARM.Build.0 = Release|Any CPU
		{1057EEAD-899D-4BC2-BA73-6BC526AD3F19}.Release|ARM64.ActiveCfg = Release|Any CPU
		{1057EEAD-899D-4BC2-BA73-6BC526AD3F19}.Release|ARM64.Build.0 = Release|Any CPU
		{1057EEAD-899D-4BC2-BA73-6BC526AD3F19}.Release|iPhone.ActiveCfg = Release|Any CPU
		{1057EEAD-899D-4BC2-BA73-6BC526AD3F19}.Release|iPhone.Build.0 = Release|Any CPU
		{1057EEAD-899D-4BC2-BA73-6BC526AD3F19}.Release|iPhoneSimulator.ActiveCfg = Release|Any CPU
		{1057EEAD-899D-4BC2-BA73-6BC526AD3F19}.Release|iPhoneSimulator.Build.0 = Release|Any CPU
		{1057EEAD-899D-4BC2-BA73-6BC526AD3F19}.Release|x64.ActiveCfg = Release|Any CPU
		{1057EEAD-899D-4BC2-BA73-6BC526AD3F19}.Release|x64.Build.0 = Release|Any CPU
		{1057EEAD-899D-4BC2-BA73-6BC526AD3F19}.Release|x86.ActiveCfg = Release|Any CPU
		{1057EEAD-899D-4BC2-BA73-6BC526AD3F19}.Release|x86.Build.0 = Release|Any CPU
		{A94A318E-1F79-4AE9-9620-58D941382410}.Debug|Any CPU.ActiveCfg = Debug|Any CPU
		{A94A318E-1F79-4AE9-9620-58D941382410}.Debug|Any CPU.Build.0 = Debug|Any CPU
		{A94A318E-1F79-4AE9-9620-58D941382410}.Debug|ARM.ActiveCfg = Debug|Any CPU
		{A94A318E-1F79-4AE9-9620-58D941382410}.Debug|ARM.Build.0 = Debug|Any CPU
		{A94A318E-1F79-4AE9-9620-58D941382410}.Debug|ARM64.ActiveCfg = Debug|Any CPU
		{A94A318E-1F79-4AE9-9620-58D941382410}.Debug|ARM64.Build.0 = Debug|Any CPU
		{A94A318E-1F79-4AE9-9620-58D941382410}.Debug|iPhone.ActiveCfg = Debug|Any CPU
		{A94A318E-1F79-4AE9-9620-58D941382410}.Debug|iPhone.Build.0 = Debug|Any CPU
		{A94A318E-1F79-4AE9-9620-58D941382410}.Debug|iPhoneSimulator.ActiveCfg = Debug|Any CPU
		{A94A318E-1F79-4AE9-9620-58D941382410}.Debug|x64.ActiveCfg = Debug|Any CPU
		{A94A318E-1F79-4AE9-9620-58D941382410}.Debug|x64.Build.0 = Debug|Any CPU
		{A94A318E-1F79-4AE9-9620-58D941382410}.Debug|x86.ActiveCfg = Debug|Any CPU
		{A94A318E-1F79-4AE9-9620-58D941382410}.Debug|x86.Build.0 = Debug|Any CPU
		{A94A318E-1F79-4AE9-9620-58D941382410}.Release|Any CPU.ActiveCfg = Debug|Any CPU
		{A94A318E-1F79-4AE9-9620-58D941382410}.Release|Any CPU.Build.0 = Debug|Any CPU
		{A94A318E-1F79-4AE9-9620-58D941382410}.Release|ARM.ActiveCfg = Release|Any CPU
		{A94A318E-1F79-4AE9-9620-58D941382410}.Release|ARM.Build.0 = Release|Any CPU
		{A94A318E-1F79-4AE9-9620-58D941382410}.Release|ARM64.ActiveCfg = Release|Any CPU
		{A94A318E-1F79-4AE9-9620-58D941382410}.Release|ARM64.Build.0 = Release|Any CPU
		{A94A318E-1F79-4AE9-9620-58D941382410}.Release|iPhone.ActiveCfg = Release|Any CPU
		{A94A318E-1F79-4AE9-9620-58D941382410}.Release|iPhone.Build.0 = Release|Any CPU
		{A94A318E-1F79-4AE9-9620-58D941382410}.Release|iPhoneSimulator.ActiveCfg = Release|Any CPU
		{A94A318E-1F79-4AE9-9620-58D941382410}.Release|iPhoneSimulator.Build.0 = Release|Any CPU
		{A94A318E-1F79-4AE9-9620-58D941382410}.Release|x64.ActiveCfg = Release|Any CPU
		{A94A318E-1F79-4AE9-9620-58D941382410}.Release|x64.Build.0 = Release|Any CPU
		{A94A318E-1F79-4AE9-9620-58D941382410}.Release|x86.ActiveCfg = Release|Any CPU
		{A94A318E-1F79-4AE9-9620-58D941382410}.Release|x86.Build.0 = Release|Any CPU
		{6186857C-D631-4A3D-8F53-0F8D92BB5B1A}.Debug|Any CPU.ActiveCfg = Debug|Any CPU
		{6186857C-D631-4A3D-8F53-0F8D92BB5B1A}.Debug|Any CPU.Build.0 = Debug|Any CPU
		{6186857C-D631-4A3D-8F53-0F8D92BB5B1A}.Debug|ARM.ActiveCfg = Debug|Any CPU
		{6186857C-D631-4A3D-8F53-0F8D92BB5B1A}.Debug|ARM.Build.0 = Debug|Any CPU
		{6186857C-D631-4A3D-8F53-0F8D92BB5B1A}.Debug|ARM64.ActiveCfg = Debug|Any CPU
		{6186857C-D631-4A3D-8F53-0F8D92BB5B1A}.Debug|ARM64.Build.0 = Debug|Any CPU
		{6186857C-D631-4A3D-8F53-0F8D92BB5B1A}.Debug|iPhone.ActiveCfg = Debug|Any CPU
		{6186857C-D631-4A3D-8F53-0F8D92BB5B1A}.Debug|iPhone.Build.0 = Debug|Any CPU
		{6186857C-D631-4A3D-8F53-0F8D92BB5B1A}.Debug|iPhoneSimulator.ActiveCfg = Debug|Any CPU
		{6186857C-D631-4A3D-8F53-0F8D92BB5B1A}.Debug|iPhoneSimulator.Build.0 = Debug|Any CPU
		{6186857C-D631-4A3D-8F53-0F8D92BB5B1A}.Debug|x64.ActiveCfg = Debug|Any CPU
		{6186857C-D631-4A3D-8F53-0F8D92BB5B1A}.Debug|x64.Build.0 = Debug|Any CPU
		{6186857C-D631-4A3D-8F53-0F8D92BB5B1A}.Debug|x86.ActiveCfg = Debug|Any CPU
		{6186857C-D631-4A3D-8F53-0F8D92BB5B1A}.Debug|x86.Build.0 = Debug|Any CPU
		{6186857C-D631-4A3D-8F53-0F8D92BB5B1A}.Release|Any CPU.ActiveCfg = Release|Any CPU
		{6186857C-D631-4A3D-8F53-0F8D92BB5B1A}.Release|Any CPU.Build.0 = Release|Any CPU
		{6186857C-D631-4A3D-8F53-0F8D92BB5B1A}.Release|ARM.ActiveCfg = Release|Any CPU
		{6186857C-D631-4A3D-8F53-0F8D92BB5B1A}.Release|ARM.Build.0 = Release|Any CPU
		{6186857C-D631-4A3D-8F53-0F8D92BB5B1A}.Release|ARM64.ActiveCfg = Release|Any CPU
		{6186857C-D631-4A3D-8F53-0F8D92BB5B1A}.Release|ARM64.Build.0 = Release|Any CPU
		{6186857C-D631-4A3D-8F53-0F8D92BB5B1A}.Release|iPhone.ActiveCfg = Release|Any CPU
		{6186857C-D631-4A3D-8F53-0F8D92BB5B1A}.Release|iPhone.Build.0 = Release|Any CPU
		{6186857C-D631-4A3D-8F53-0F8D92BB5B1A}.Release|iPhoneSimulator.ActiveCfg = Release|Any CPU
		{6186857C-D631-4A3D-8F53-0F8D92BB5B1A}.Release|iPhoneSimulator.Build.0 = Release|Any CPU
		{6186857C-D631-4A3D-8F53-0F8D92BB5B1A}.Release|x64.ActiveCfg = Release|Any CPU
		{6186857C-D631-4A3D-8F53-0F8D92BB5B1A}.Release|x64.Build.0 = Release|Any CPU
		{6186857C-D631-4A3D-8F53-0F8D92BB5B1A}.Release|x86.ActiveCfg = Release|Any CPU
		{6186857C-D631-4A3D-8F53-0F8D92BB5B1A}.Release|x86.Build.0 = Release|Any CPU
		{A3CB10B7-0C90-4C80-8A37-6757CDA38C41}.Debug|Any CPU.ActiveCfg = Debug|Any CPU
		{A3CB10B7-0C90-4C80-8A37-6757CDA38C41}.Debug|Any CPU.Build.0 = Debug|Any CPU
		{A3CB10B7-0C90-4C80-8A37-6757CDA38C41}.Debug|ARM.ActiveCfg = Debug|Any CPU
		{A3CB10B7-0C90-4C80-8A37-6757CDA38C41}.Debug|ARM.Build.0 = Debug|Any CPU
		{A3CB10B7-0C90-4C80-8A37-6757CDA38C41}.Debug|ARM64.ActiveCfg = Debug|Any CPU
		{A3CB10B7-0C90-4C80-8A37-6757CDA38C41}.Debug|ARM64.Build.0 = Debug|Any CPU
		{A3CB10B7-0C90-4C80-8A37-6757CDA38C41}.Debug|iPhone.ActiveCfg = Debug|Any CPU
		{A3CB10B7-0C90-4C80-8A37-6757CDA38C41}.Debug|iPhone.Build.0 = Debug|Any CPU
		{A3CB10B7-0C90-4C80-8A37-6757CDA38C41}.Debug|iPhoneSimulator.ActiveCfg = Debug|Any CPU
		{A3CB10B7-0C90-4C80-8A37-6757CDA38C41}.Debug|iPhoneSimulator.Build.0 = Debug|Any CPU
		{A3CB10B7-0C90-4C80-8A37-6757CDA38C41}.Debug|x64.ActiveCfg = Debug|Any CPU
		{A3CB10B7-0C90-4C80-8A37-6757CDA38C41}.Debug|x64.Build.0 = Debug|Any CPU
		{A3CB10B7-0C90-4C80-8A37-6757CDA38C41}.Debug|x86.ActiveCfg = Debug|Any CPU
		{A3CB10B7-0C90-4C80-8A37-6757CDA38C41}.Debug|x86.Build.0 = Debug|Any CPU
		{A3CB10B7-0C90-4C80-8A37-6757CDA38C41}.Release|Any CPU.ActiveCfg = Release|Any CPU
		{A3CB10B7-0C90-4C80-8A37-6757CDA38C41}.Release|Any CPU.Build.0 = Release|Any CPU
		{A3CB10B7-0C90-4C80-8A37-6757CDA38C41}.Release|ARM.ActiveCfg = Release|Any CPU
		{A3CB10B7-0C90-4C80-8A37-6757CDA38C41}.Release|ARM.Build.0 = Release|Any CPU
		{A3CB10B7-0C90-4C80-8A37-6757CDA38C41}.Release|ARM64.ActiveCfg = Release|Any CPU
		{A3CB10B7-0C90-4C80-8A37-6757CDA38C41}.Release|ARM64.Build.0 = Release|Any CPU
		{A3CB10B7-0C90-4C80-8A37-6757CDA38C41}.Release|iPhone.ActiveCfg = Release|Any CPU
		{A3CB10B7-0C90-4C80-8A37-6757CDA38C41}.Release|iPhone.Build.0 = Release|Any CPU
		{A3CB10B7-0C90-4C80-8A37-6757CDA38C41}.Release|iPhoneSimulator.ActiveCfg = Release|Any CPU
		{A3CB10B7-0C90-4C80-8A37-6757CDA38C41}.Release|iPhoneSimulator.Build.0 = Release|Any CPU
		{A3CB10B7-0C90-4C80-8A37-6757CDA38C41}.Release|x64.ActiveCfg = Release|Any CPU
		{A3CB10B7-0C90-4C80-8A37-6757CDA38C41}.Release|x64.Build.0 = Release|Any CPU
		{A3CB10B7-0C90-4C80-8A37-6757CDA38C41}.Release|x86.ActiveCfg = Release|Any CPU
		{A3CB10B7-0C90-4C80-8A37-6757CDA38C41}.Release|x86.Build.0 = Release|Any CPU
		{D9691F25-0EAF-4162-B2CD-55ADC07CC2EC}.Debug|Any CPU.ActiveCfg = Debug|Any CPU
		{D9691F25-0EAF-4162-B2CD-55ADC07CC2EC}.Debug|Any CPU.Build.0 = Debug|Any CPU
		{D9691F25-0EAF-4162-B2CD-55ADC07CC2EC}.Debug|ARM.ActiveCfg = Debug|Any CPU
		{D9691F25-0EAF-4162-B2CD-55ADC07CC2EC}.Debug|ARM.Build.0 = Debug|Any CPU
		{D9691F25-0EAF-4162-B2CD-55ADC07CC2EC}.Debug|ARM64.ActiveCfg = Debug|Any CPU
		{D9691F25-0EAF-4162-B2CD-55ADC07CC2EC}.Debug|ARM64.Build.0 = Debug|Any CPU
		{D9691F25-0EAF-4162-B2CD-55ADC07CC2EC}.Debug|iPhone.ActiveCfg = Debug|Any CPU
		{D9691F25-0EAF-4162-B2CD-55ADC07CC2EC}.Debug|iPhone.Build.0 = Debug|Any CPU
		{D9691F25-0EAF-4162-B2CD-55ADC07CC2EC}.Debug|iPhoneSimulator.ActiveCfg = Debug|Any CPU
		{D9691F25-0EAF-4162-B2CD-55ADC07CC2EC}.Debug|iPhoneSimulator.Build.0 = Debug|Any CPU
		{D9691F25-0EAF-4162-B2CD-55ADC07CC2EC}.Debug|x64.ActiveCfg = Debug|Any CPU
		{D9691F25-0EAF-4162-B2CD-55ADC07CC2EC}.Debug|x64.Build.0 = Debug|Any CPU
		{D9691F25-0EAF-4162-B2CD-55ADC07CC2EC}.Debug|x86.ActiveCfg = Debug|Any CPU
		{D9691F25-0EAF-4162-B2CD-55ADC07CC2EC}.Debug|x86.Build.0 = Debug|Any CPU
		{D9691F25-0EAF-4162-B2CD-55ADC07CC2EC}.Release|Any CPU.ActiveCfg = Release|Any CPU
		{D9691F25-0EAF-4162-B2CD-55ADC07CC2EC}.Release|Any CPU.Build.0 = Release|Any CPU
		{D9691F25-0EAF-4162-B2CD-55ADC07CC2EC}.Release|ARM.ActiveCfg = Release|Any CPU
		{D9691F25-0EAF-4162-B2CD-55ADC07CC2EC}.Release|ARM.Build.0 = Release|Any CPU
		{D9691F25-0EAF-4162-B2CD-55ADC07CC2EC}.Release|ARM64.ActiveCfg = Release|Any CPU
		{D9691F25-0EAF-4162-B2CD-55ADC07CC2EC}.Release|ARM64.Build.0 = Release|Any CPU
		{D9691F25-0EAF-4162-B2CD-55ADC07CC2EC}.Release|iPhone.ActiveCfg = Release|Any CPU
		{D9691F25-0EAF-4162-B2CD-55ADC07CC2EC}.Release|iPhone.Build.0 = Release|Any CPU
		{D9691F25-0EAF-4162-B2CD-55ADC07CC2EC}.Release|iPhoneSimulator.ActiveCfg = Release|Any CPU
		{D9691F25-0EAF-4162-B2CD-55ADC07CC2EC}.Release|iPhoneSimulator.Build.0 = Release|Any CPU
		{D9691F25-0EAF-4162-B2CD-55ADC07CC2EC}.Release|x64.ActiveCfg = Release|Any CPU
		{D9691F25-0EAF-4162-B2CD-55ADC07CC2EC}.Release|x64.Build.0 = Release|Any CPU
		{D9691F25-0EAF-4162-B2CD-55ADC07CC2EC}.Release|x86.ActiveCfg = Release|Any CPU
		{D9691F25-0EAF-4162-B2CD-55ADC07CC2EC}.Release|x86.Build.0 = Release|Any CPU
		{BE73B5AA-4DE3-4CC9-B0E8-043F3FBA41DB}.Debug|Any CPU.ActiveCfg = Debug|Any CPU
		{BE73B5AA-4DE3-4CC9-B0E8-043F3FBA41DB}.Debug|Any CPU.Build.0 = Debug|Any CPU
		{BE73B5AA-4DE3-4CC9-B0E8-043F3FBA41DB}.Debug|ARM.ActiveCfg = Debug|Any CPU
		{BE73B5AA-4DE3-4CC9-B0E8-043F3FBA41DB}.Debug|ARM.Build.0 = Debug|Any CPU
		{BE73B5AA-4DE3-4CC9-B0E8-043F3FBA41DB}.Debug|ARM64.ActiveCfg = Debug|Any CPU
		{BE73B5AA-4DE3-4CC9-B0E8-043F3FBA41DB}.Debug|ARM64.Build.0 = Debug|Any CPU
		{BE73B5AA-4DE3-4CC9-B0E8-043F3FBA41DB}.Debug|iPhone.ActiveCfg = Debug|Any CPU
		{BE73B5AA-4DE3-4CC9-B0E8-043F3FBA41DB}.Debug|iPhone.Build.0 = Debug|Any CPU
		{BE73B5AA-4DE3-4CC9-B0E8-043F3FBA41DB}.Debug|iPhoneSimulator.ActiveCfg = Debug|Any CPU
		{BE73B5AA-4DE3-4CC9-B0E8-043F3FBA41DB}.Debug|iPhoneSimulator.Build.0 = Debug|Any CPU
		{BE73B5AA-4DE3-4CC9-B0E8-043F3FBA41DB}.Debug|x64.ActiveCfg = Debug|Any CPU
		{BE73B5AA-4DE3-4CC9-B0E8-043F3FBA41DB}.Debug|x64.Build.0 = Debug|Any CPU
		{BE73B5AA-4DE3-4CC9-B0E8-043F3FBA41DB}.Debug|x86.ActiveCfg = Debug|Any CPU
		{BE73B5AA-4DE3-4CC9-B0E8-043F3FBA41DB}.Debug|x86.Build.0 = Debug|Any CPU
		{BE73B5AA-4DE3-4CC9-B0E8-043F3FBA41DB}.Release|Any CPU.ActiveCfg = Release|Any CPU
		{BE73B5AA-4DE3-4CC9-B0E8-043F3FBA41DB}.Release|Any CPU.Build.0 = Release|Any CPU
		{BE73B5AA-4DE3-4CC9-B0E8-043F3FBA41DB}.Release|ARM.ActiveCfg = Release|Any CPU
		{BE73B5AA-4DE3-4CC9-B0E8-043F3FBA41DB}.Release|ARM.Build.0 = Release|Any CPU
		{BE73B5AA-4DE3-4CC9-B0E8-043F3FBA41DB}.Release|ARM64.ActiveCfg = Release|Any CPU
		{BE73B5AA-4DE3-4CC9-B0E8-043F3FBA41DB}.Release|ARM64.Build.0 = Release|Any CPU
		{BE73B5AA-4DE3-4CC9-B0E8-043F3FBA41DB}.Release|iPhone.ActiveCfg = Release|Any CPU
		{BE73B5AA-4DE3-4CC9-B0E8-043F3FBA41DB}.Release|iPhone.Build.0 = Release|Any CPU
		{BE73B5AA-4DE3-4CC9-B0E8-043F3FBA41DB}.Release|iPhoneSimulator.ActiveCfg = Release|Any CPU
		{BE73B5AA-4DE3-4CC9-B0E8-043F3FBA41DB}.Release|iPhoneSimulator.Build.0 = Release|Any CPU
		{BE73B5AA-4DE3-4CC9-B0E8-043F3FBA41DB}.Release|x64.ActiveCfg = Release|Any CPU
		{BE73B5AA-4DE3-4CC9-B0E8-043F3FBA41DB}.Release|x64.Build.0 = Release|Any CPU
		{BE73B5AA-4DE3-4CC9-B0E8-043F3FBA41DB}.Release|x86.ActiveCfg = Release|Any CPU
		{BE73B5AA-4DE3-4CC9-B0E8-043F3FBA41DB}.Release|x86.Build.0 = Release|Any CPU
	EndGlobalSection
	GlobalSection(SolutionProperties) = preSolution
		HideSolutionNode = FALSE
	EndGlobalSection
	GlobalSection(NestedProjects) = preSolution
		{1057EEAD-899D-4BC2-BA73-6BC526AD3F19} = {C3FDCDB7-0C29-472D-A406-E2F21A4B0EAE}
		{A94A318E-1F79-4AE9-9620-58D941382410} = {586C3CCB-82A5-47F0-A099-B9A31BB4EA88}
		{A3CB10B7-0C90-4C80-8A37-6757CDA38C41} = {C3FDCDB7-0C29-472D-A406-E2F21A4B0EAE}
	EndGlobalSection
	GlobalSection(ExtensibilityGlobals) = postSolution
		SolutionGuid = {0653DB4A-5BBE-4D78-99B2-DB1C82663246}
	EndGlobalSection
	GlobalSection(MonoDevelopProperties) = preSolution
		Policies = $0
		$0.DotNetNamingPolicy = $1
	EndGlobalSection
EndGlobal
