
Microsoft Visual Studio Solution File, Format Version 12.00
# Visual Studio 15
Project("{FAE04EC0-301F-11D3-BF4B-00C04F79EFBC}") = "Xamarin.Forms.Loader", "src\Xamarin.Forms.Loader\Xamarin.Forms.Loader.csproj", "{B2AB3B6E-89C6-4223-ACFF-4E3C027868A9}"
EndProject
Project("{FAE04EC0-301F-11D3-BF4B-00C04F79EFBC}") = "HotForms", "src\HotForms\HotForms.csproj", "{1817646E-E71E-48CF-80A4-3030EF870D61}"
EndProject
Project("{2150E333-8FDC-42A3-9474-1A3956D46DE8}") = "Sample", "Sample", "{C3FDCDB7-0C29-472D-A406-E2F21A4B0EAE}"
EndProject
Project("{FAE04EC0-301F-11D3-BF4B-00C04F79EFBC}") = "HotForms.Sample.Android", "sample\HotForms.Sample.Android\HotForms.Sample.Android.csproj", "{EE9C0FEE-E58C-489F-8281-154E9418B4FC}"
EndProject
Project("{FAE04EC0-301F-11D3-BF4B-00C04F79EFBC}") = "HotForms.Sample.iOS", "sample\HotForms.Sample.iOS\HotForms.Sample.iOS.csproj", "{830C8FAF-74F9-47A8-8B68-4C75DC1E9E9D}"
EndProject
Project("{FAE04EC0-301F-11D3-BF4B-00C04F79EFBC}") = "HotForms.Sample", "sample\HotForms.Sample\HotForms.Sample.csproj", "{FC3EBAAE-64E5-41CE-B75B-1C2920C90E74}"
EndProject
Global
	GlobalSection(SolutionConfigurationPlatforms) = preSolution
		Debug|Any CPU = Debug|Any CPU
		Release|Any CPU = Release|Any CPU
		Debug|iPhoneSimulator = Debug|iPhoneSimulator
		Release|iPhoneSimulator = Release|iPhoneSimulator
		Debug|iPhone = Debug|iPhone
		Release|iPhone = Release|iPhone
	EndGlobalSection
	GlobalSection(ProjectConfigurationPlatforms) = postSolution
		{B2AB3B6E-89C6-4223-ACFF-4E3C027868A9}.Debug|Any CPU.ActiveCfg = Debug|Any CPU
		{B2AB3B6E-89C6-4223-ACFF-4E3C027868A9}.Debug|Any CPU.Build.0 = Debug|Any CPU
		{B2AB3B6E-89C6-4223-ACFF-4E3C027868A9}.Release|Any CPU.ActiveCfg = Release|Any CPU
		{B2AB3B6E-89C6-4223-ACFF-4E3C027868A9}.Release|Any CPU.Build.0 = Release|Any CPU
		{B2AB3B6E-89C6-4223-ACFF-4E3C027868A9}.Debug|iPhoneSimulator.ActiveCfg = Debug|Any CPU
		{B2AB3B6E-89C6-4223-ACFF-4E3C027868A9}.Debug|iPhoneSimulator.Build.0 = Debug|Any CPU
		{B2AB3B6E-89C6-4223-ACFF-4E3C027868A9}.Release|iPhoneSimulator.ActiveCfg = Release|Any CPU
		{B2AB3B6E-89C6-4223-ACFF-4E3C027868A9}.Release|iPhoneSimulator.Build.0 = Release|Any CPU
		{B2AB3B6E-89C6-4223-ACFF-4E3C027868A9}.Debug|iPhone.ActiveCfg = Debug|Any CPU
		{B2AB3B6E-89C6-4223-ACFF-4E3C027868A9}.Debug|iPhone.Build.0 = Debug|Any CPU
		{B2AB3B6E-89C6-4223-ACFF-4E3C027868A9}.Release|iPhone.ActiveCfg = Release|Any CPU
		{B2AB3B6E-89C6-4223-ACFF-4E3C027868A9}.Release|iPhone.Build.0 = Release|Any CPU
		{1817646E-E71E-48CF-80A4-3030EF870D61}.Debug|Any CPU.ActiveCfg = Debug|Any CPU
		{1817646E-E71E-48CF-80A4-3030EF870D61}.Debug|Any CPU.Build.0 = Debug|Any CPU
		{1817646E-E71E-48CF-80A4-3030EF870D61}.Release|Any CPU.ActiveCfg = Release|Any CPU
		{1817646E-E71E-48CF-80A4-3030EF870D61}.Release|Any CPU.Build.0 = Release|Any CPU
		{1817646E-E71E-48CF-80A4-3030EF870D61}.Debug|iPhoneSimulator.ActiveCfg = Debug|Any CPU
		{1817646E-E71E-48CF-80A4-3030EF870D61}.Debug|iPhoneSimulator.Build.0 = Debug|Any CPU
		{1817646E-E71E-48CF-80A4-3030EF870D61}.Release|iPhoneSimulator.ActiveCfg = Release|Any CPU
		{1817646E-E71E-48CF-80A4-3030EF870D61}.Release|iPhoneSimulator.Build.0 = Release|Any CPU
		{1817646E-E71E-48CF-80A4-3030EF870D61}.Debug|iPhone.ActiveCfg = Debug|Any CPU
		{1817646E-E71E-48CF-80A4-3030EF870D61}.Debug|iPhone.Build.0 = Debug|Any CPU
		{1817646E-E71E-48CF-80A4-3030EF870D61}.Release|iPhone.ActiveCfg = Release|Any CPU
		{1817646E-E71E-48CF-80A4-3030EF870D61}.Release|iPhone.Build.0 = Release|Any CPU
		{EE9C0FEE-E58C-489F-8281-154E9418B4FC}.Debug|Any CPU.ActiveCfg = Debug|Any CPU
		{EE9C0FEE-E58C-489F-8281-154E9418B4FC}.Debug|Any CPU.Build.0 = Debug|Any CPU
		{EE9C0FEE-E58C-489F-8281-154E9418B4FC}.Release|Any CPU.ActiveCfg = Release|Any CPU
		{EE9C0FEE-E58C-489F-8281-154E9418B4FC}.Release|Any CPU.Build.0 = Release|Any CPU
		{EE9C0FEE-E58C-489F-8281-154E9418B4FC}.Debug|iPhoneSimulator.ActiveCfg = Debug|Any CPU
		{EE9C0FEE-E58C-489F-8281-154E9418B4FC}.Debug|iPhoneSimulator.Build.0 = Debug|Any CPU
		{EE9C0FEE-E58C-489F-8281-154E9418B4FC}.Release|iPhoneSimulator.ActiveCfg = Release|Any CPU
		{EE9C0FEE-E58C-489F-8281-154E9418B4FC}.Release|iPhoneSimulator.Build.0 = Release|Any CPU
		{EE9C0FEE-E58C-489F-8281-154E9418B4FC}.Debug|iPhone.ActiveCfg = Debug|Any CPU
		{EE9C0FEE-E58C-489F-8281-154E9418B4FC}.Debug|iPhone.Build.0 = Debug|Any CPU
		{EE9C0FEE-E58C-489F-8281-154E9418B4FC}.Release|iPhone.ActiveCfg = Release|Any CPU
		{EE9C0FEE-E58C-489F-8281-154E9418B4FC}.Release|iPhone.Build.0 = Release|Any CPU
		{830C8FAF-74F9-47A8-8B68-4C75DC1E9E9D}.Debug|Any CPU.ActiveCfg = Debug|iPhoneSimulator
		{830C8FAF-74F9-47A8-8B68-4C75DC1E9E9D}.Debug|Any CPU.Build.0 = Debug|iPhoneSimulator
		{830C8FAF-74F9-47A8-8B68-4C75DC1E9E9D}.Release|Any CPU.ActiveCfg = Release|iPhoneSimulator
		{830C8FAF-74F9-47A8-8B68-4C75DC1E9E9D}.Release|Any CPU.Build.0 = Release|iPhoneSimulator
		{830C8FAF-74F9-47A8-8B68-4C75DC1E9E9D}.Debug|iPhoneSimulator.ActiveCfg = Debug|iPhoneSimulator
		{830C8FAF-74F9-47A8-8B68-4C75DC1E9E9D}.Debug|iPhoneSimulator.Build.0 = Debug|iPhoneSimulator
		{830C8FAF-74F9-47A8-8B68-4C75DC1E9E9D}.Release|iPhoneSimulator.ActiveCfg = Release|iPhoneSimulator
		{830C8FAF-74F9-47A8-8B68-4C75DC1E9E9D}.Release|iPhoneSimulator.Build.0 = Release|iPhoneSimulator
		{830C8FAF-74F9-47A8-8B68-4C75DC1E9E9D}.Debug|iPhone.ActiveCfg = Debug|iPhone
		{830C8FAF-74F9-47A8-8B68-4C75DC1E9E9D}.Debug|iPhone.Build.0 = Debug|iPhone
		{830C8FAF-74F9-47A8-8B68-4C75DC1E9E9D}.Release|iPhone.ActiveCfg = Release|iPhone
		{830C8FAF-74F9-47A8-8B68-4C75DC1E9E9D}.Release|iPhone.Build.0 = Release|iPhone
		{FC3EBAAE-64E5-41CE-B75B-1C2920C90E74}.Debug|Any CPU.ActiveCfg = Debug|Any CPU
		{FC3EBAAE-64E5-41CE-B75B-1C2920C90E74}.Debug|Any CPU.Build.0 = Debug|Any CPU
		{FC3EBAAE-64E5-41CE-B75B-1C2920C90E74}.Release|Any CPU.ActiveCfg = Release|Any CPU
		{FC3EBAAE-64E5-41CE-B75B-1C2920C90E74}.Release|Any CPU.Build.0 = Release|Any CPU
		{FC3EBAAE-64E5-41CE-B75B-1C2920C90E74}.Debug|iPhoneSimulator.ActiveCfg = Debug|Any CPU
		{FC3EBAAE-64E5-41CE-B75B-1C2920C90E74}.Debug|iPhoneSimulator.Build.0 = Debug|Any CPU
		{FC3EBAAE-64E5-41CE-B75B-1C2920C90E74}.Release|iPhoneSimulator.ActiveCfg = Release|Any CPU
		{FC3EBAAE-64E5-41CE-B75B-1C2920C90E74}.Release|iPhoneSimulator.Build.0 = Release|Any CPU
		{FC3EBAAE-64E5-41CE-B75B-1C2920C90E74}.Debug|iPhone.ActiveCfg = Debug|Any CPU
		{FC3EBAAE-64E5-41CE-B75B-1C2920C90E74}.Debug|iPhone.Build.0 = Debug|Any CPU
		{FC3EBAAE-64E5-41CE-B75B-1C2920C90E74}.Release|iPhone.ActiveCfg = Release|Any CPU
		{FC3EBAAE-64E5-41CE-B75B-1C2920C90E74}.Release|iPhone.Build.0 = Release|Any CPU
	EndGlobalSection
	GlobalSection(NestedProjects) = preSolution
		{EE9C0FEE-E58C-489F-8281-154E9418B4FC} = {C3FDCDB7-0C29-472D-A406-E2F21A4B0EAE}
		{830C8FAF-74F9-47A8-8B68-4C75DC1E9E9D} = {C3FDCDB7-0C29-472D-A406-E2F21A4B0EAE}
		{FC3EBAAE-64E5-41CE-B75B-1C2920C90E74} = {C3FDCDB7-0C29-472D-A406-E2F21A4B0EAE}
	EndGlobalSection
EndGlobal
