
Microsoft Visual Studio Solution File, Format Version 12.00
# Visual Studio Version 16
VisualStudioVersion = 16.0.29020.237
MinimumVisualStudioVersion = 10.0.40219.1
Project("{9A19103F-16F7-4668-BE54-9A1E7A4F7556}") = "Xamarin.Forms.Loader", "src\Xamarin.Forms.Loader\Xamarin.Forms.Loader.csproj", "{B2AB3B6E-89C6-4223-ACFF-4E3C027868A9}"
EndProject
Project("{9A19103F-16F7-4668-BE54-9A1E7A4F7556}") = "HotUI", "src\HotUI\HotUI.csproj", "{1817646E-E71E-48CF-80A4-3030EF870D61}"
EndProject
Project("{2150E333-8FDC-42A3-9474-1A3956D46DE8}") = "Sample", "Sample", "{C3FDCDB7-0C29-472D-A406-E2F21A4B0EAE}"
EndProject
Project("{2150E333-8FDC-42A3-9474-1A3956D46DE8}") = "Platforms", "Platforms", "{AB9AD206-4B1E-4B0C-88A2-5C769314E8A4}"
EndProject
Project("{2150E333-8FDC-42A3-9474-1A3956D46DE8}") = "Forms", "Forms", "{3D79CEB1-37D9-4BA3-ACF3-DC9A89C92571}"
EndProject
Project("{9A19103F-16F7-4668-BE54-9A1E7A4F7556}") = "HotUI.Forms.Sample", "sample\Forms\HotUI.Forms.Sample\HotUI.Forms.Sample.csproj", "{618C336D-1E53-49B9-A554-7D2B9671DEC5}"
EndProject
Project("{9A19103F-16F7-4668-BE54-9A1E7A4F7556}") = "HotUI.Forms", "src\HotUI.Forms\HotUI.Forms.csproj", "{92415B8D-D51B-46A1-A6E6-EF8C3B749067}"
EndProject
Project("{FAE04EC0-301F-11D3-BF4B-00C04F79EFBC}") = "HotUI.Forms.Sample.Android", "sample\Forms\HotUI.Forms.Sample.Android\HotUI.Forms.Sample.Android.csproj", "{9D3CC647-89F9-4BD5-B5E8-29100F640FCA}"
EndProject
Project("{FAE04EC0-301F-11D3-BF4B-00C04F79EFBC}") = "HotUI.Forms.Sample.iOS", "sample\Forms\HotUI.Forms.Sample.iOS\HotUI.Forms.Sample.iOS.csproj", "{1E09C5C6-52C2-448D-80E8-A00858BBFF4B}"
EndProject
Project("{FAE04EC0-301F-11D3-BF4B-00C04F79EFBC}") = "HotUI.iOS", "src\HotUI.iOS\HotUI.iOS.csproj", "{9DF36DBF-AFE6-438D-B7A6-1B5FB3D1D6D1}"
EndProject
Project("{FAE04EC0-301F-11D3-BF4B-00C04F79EFBC}") = "HotUI.iOS.Sample", "sample\HotUI.iOS.Sample\HotUI.iOS.Sample.csproj", "{12BE5947-A64A-4968-96A6-5CA3CE36C244}"
EndProject
Project("{9A19103F-16F7-4668-BE54-9A1E7A4F7556}") = "HotUI.Samples", "sample\HotUI.Samples\HotUI.Samples.csproj", "{D058A769-9AE6-438F-960C-2ECC287F6D1E}"
EndProject
Project("{FAE04EC0-301F-11D3-BF4B-00C04F79EFBC}") = "HotUI.Android.Sample", "sample\HotUI.Android.Sample\HotUI.Android.Sample.csproj", "{1B3F8AD2-4252-44CA-8DD6-A7702C46A25D}"
EndProject
Project("{FAE04EC0-301F-11D3-BF4B-00C04F79EFBC}") = "HotUI.Mac.Sample", "sample\HotUI.Mac.Sample\HotUI.Mac.Sample.csproj", "{6F6832FA-2E11-4324-B336-5673DFE15862}"
EndProject
Project("{FAE04EC0-301F-11D3-BF4B-00C04F79EFBC}") = "HotUI.Mac", "src\HotUI.Mac\HotUI.Mac.csproj", "{BCAF5569-30DB-4D44-BF46-DFFE93DDCBD0}"
EndProject
Project("{FAE04EC0-301F-11D3-BF4B-00C04F79EFBC}") = "HotUI.Android", "src\HotUI.Android\HotUI.Android.csproj", "{1E8FBBC2-9E06-4960-A116-65CDEFEFE11D}"
EndProject
Project("{2150E333-8FDC-42A3-9474-1A3956D46DE8}") = "Tests", "Tests", "{586C3CCB-82A5-47F0-A099-B9A31BB4EA88}"
EndProject
Project("{FAE04EC0-301F-11D3-BF4B-00C04F79EFBC}") = "HotUI.Tests", "tests\HotUI.Tests\HotUI.Tests.csproj", "{EDC997D0-2358-416F-A628-5DFD85728060}"
EndProject
Global
	GlobalSection(SolutionConfigurationPlatforms) = preSolution
		Debug|Any CPU = Debug|Any CPU
		Debug|iPhone = Debug|iPhone
		Debug|iPhoneSimulator = Debug|iPhoneSimulator
		Release|Any CPU = Release|Any CPU
		Release|iPhone = Release|iPhone
		Release|iPhoneSimulator = Release|iPhoneSimulator
	EndGlobalSection
	GlobalSection(ProjectConfigurationPlatforms) = postSolution
		{B2AB3B6E-89C6-4223-ACFF-4E3C027868A9}.Debug|Any CPU.ActiveCfg = Debug|Any CPU
		{B2AB3B6E-89C6-4223-ACFF-4E3C027868A9}.Debug|Any CPU.Build.0 = Debug|Any CPU
		{B2AB3B6E-89C6-4223-ACFF-4E3C027868A9}.Debug|iPhone.ActiveCfg = Debug|Any CPU
		{B2AB3B6E-89C6-4223-ACFF-4E3C027868A9}.Debug|iPhone.Build.0 = Debug|Any CPU
		{B2AB3B6E-89C6-4223-ACFF-4E3C027868A9}.Debug|iPhoneSimulator.ActiveCfg = Debug|Any CPU
		{B2AB3B6E-89C6-4223-ACFF-4E3C027868A9}.Debug|iPhoneSimulator.Build.0 = Debug|Any CPU
		{B2AB3B6E-89C6-4223-ACFF-4E3C027868A9}.Release|Any CPU.ActiveCfg = Debug|Any CPU
		{B2AB3B6E-89C6-4223-ACFF-4E3C027868A9}.Release|Any CPU.Build.0 = Debug|Any CPU
		{B2AB3B6E-89C6-4223-ACFF-4E3C027868A9}.Release|iPhone.ActiveCfg = Release|Any CPU
		{B2AB3B6E-89C6-4223-ACFF-4E3C027868A9}.Release|iPhone.Build.0 = Release|Any CPU
		{B2AB3B6E-89C6-4223-ACFF-4E3C027868A9}.Release|iPhoneSimulator.ActiveCfg = Release|Any CPU
		{B2AB3B6E-89C6-4223-ACFF-4E3C027868A9}.Release|iPhoneSimulator.Build.0 = Release|Any CPU
		{1817646E-E71E-48CF-80A4-3030EF870D61}.Debug|Any CPU.ActiveCfg = Debug|Any CPU
		{1817646E-E71E-48CF-80A4-3030EF870D61}.Debug|Any CPU.Build.0 = Debug|Any CPU
		{1817646E-E71E-48CF-80A4-3030EF870D61}.Debug|iPhone.ActiveCfg = Debug|Any CPU
		{1817646E-E71E-48CF-80A4-3030EF870D61}.Debug|iPhone.Build.0 = Debug|Any CPU
		{1817646E-E71E-48CF-80A4-3030EF870D61}.Debug|iPhoneSimulator.ActiveCfg = Debug|Any CPU
		{1817646E-E71E-48CF-80A4-3030EF870D61}.Debug|iPhoneSimulator.Build.0 = Debug|Any CPU
		{1817646E-E71E-48CF-80A4-3030EF870D61}.Release|Any CPU.ActiveCfg = Release|Any CPU
		{1817646E-E71E-48CF-80A4-3030EF870D61}.Release|Any CPU.Build.0 = Release|Any CPU
		{1817646E-E71E-48CF-80A4-3030EF870D61}.Release|iPhone.ActiveCfg = Release|Any CPU
		{1817646E-E71E-48CF-80A4-3030EF870D61}.Release|iPhone.Build.0 = Release|Any CPU
		{1817646E-E71E-48CF-80A4-3030EF870D61}.Release|iPhoneSimulator.ActiveCfg = Release|Any CPU
		{1817646E-E71E-48CF-80A4-3030EF870D61}.Release|iPhoneSimulator.Build.0 = Release|Any CPU
		{618C336D-1E53-49B9-A554-7D2B9671DEC5}.Debug|Any CPU.ActiveCfg = Debug|Any CPU
		{618C336D-1E53-49B9-A554-7D2B9671DEC5}.Debug|Any CPU.Build.0 = Debug|Any CPU
		{618C336D-1E53-49B9-A554-7D2B9671DEC5}.Debug|iPhone.ActiveCfg = Debug|Any CPU
		{618C336D-1E53-49B9-A554-7D2B9671DEC5}.Debug|iPhone.Build.0 = Debug|Any CPU
		{618C336D-1E53-49B9-A554-7D2B9671DEC5}.Debug|iPhoneSimulator.ActiveCfg = Debug|Any CPU
		{618C336D-1E53-49B9-A554-7D2B9671DEC5}.Debug|iPhoneSimulator.Build.0 = Debug|Any CPU
		{618C336D-1E53-49B9-A554-7D2B9671DEC5}.Release|Any CPU.ActiveCfg = Debug|Any CPU
		{618C336D-1E53-49B9-A554-7D2B9671DEC5}.Release|Any CPU.Build.0 = Debug|Any CPU
		{618C336D-1E53-49B9-A554-7D2B9671DEC5}.Release|iPhone.ActiveCfg = Release|Any CPU
		{618C336D-1E53-49B9-A554-7D2B9671DEC5}.Release|iPhone.Build.0 = Release|Any CPU
		{618C336D-1E53-49B9-A554-7D2B9671DEC5}.Release|iPhoneSimulator.ActiveCfg = Release|Any CPU
		{618C336D-1E53-49B9-A554-7D2B9671DEC5}.Release|iPhoneSimulator.Build.0 = Release|Any CPU
		{92415B8D-D51B-46A1-A6E6-EF8C3B749067}.Debug|Any CPU.ActiveCfg = Debug|Any CPU
		{92415B8D-D51B-46A1-A6E6-EF8C3B749067}.Debug|Any CPU.Build.0 = Debug|Any CPU
		{92415B8D-D51B-46A1-A6E6-EF8C3B749067}.Debug|iPhone.ActiveCfg = Debug|Any CPU
		{92415B8D-D51B-46A1-A6E6-EF8C3B749067}.Debug|iPhone.Build.0 = Debug|Any CPU
		{92415B8D-D51B-46A1-A6E6-EF8C3B749067}.Debug|iPhoneSimulator.ActiveCfg = Debug|Any CPU
		{92415B8D-D51B-46A1-A6E6-EF8C3B749067}.Debug|iPhoneSimulator.Build.0 = Debug|Any CPU
		{92415B8D-D51B-46A1-A6E6-EF8C3B749067}.Release|Any CPU.ActiveCfg = Debug|Any CPU
		{92415B8D-D51B-46A1-A6E6-EF8C3B749067}.Release|Any CPU.Build.0 = Debug|Any CPU
		{92415B8D-D51B-46A1-A6E6-EF8C3B749067}.Release|iPhone.ActiveCfg = Release|Any CPU
		{92415B8D-D51B-46A1-A6E6-EF8C3B749067}.Release|iPhone.Build.0 = Release|Any CPU
		{92415B8D-D51B-46A1-A6E6-EF8C3B749067}.Release|iPhoneSimulator.ActiveCfg = Release|Any CPU
		{92415B8D-D51B-46A1-A6E6-EF8C3B749067}.Release|iPhoneSimulator.Build.0 = Release|Any CPU
		{9D3CC647-89F9-4BD5-B5E8-29100F640FCA}.Debug|Any CPU.ActiveCfg = Debug|Any CPU
		{9D3CC647-89F9-4BD5-B5E8-29100F640FCA}.Debug|Any CPU.Build.0 = Debug|Any CPU
		{9D3CC647-89F9-4BD5-B5E8-29100F640FCA}.Debug|Any CPU.Deploy.0 = Debug|Any CPU
		{9D3CC647-89F9-4BD5-B5E8-29100F640FCA}.Debug|iPhone.ActiveCfg = Debug|Any CPU
		{9D3CC647-89F9-4BD5-B5E8-29100F640FCA}.Debug|iPhone.Build.0 = Debug|Any CPU
		{9D3CC647-89F9-4BD5-B5E8-29100F640FCA}.Debug|iPhoneSimulator.ActiveCfg = Debug|Any CPU
		{9D3CC647-89F9-4BD5-B5E8-29100F640FCA}.Release|Any CPU.ActiveCfg = Debug|Any CPU
		{9D3CC647-89F9-4BD5-B5E8-29100F640FCA}.Release|Any CPU.Build.0 = Debug|Any CPU
		{9D3CC647-89F9-4BD5-B5E8-29100F640FCA}.Release|Any CPU.Deploy.0 = Debug|Any CPU
		{9D3CC647-89F9-4BD5-B5E8-29100F640FCA}.Release|iPhone.ActiveCfg = Release|Any CPU
		{9D3CC647-89F9-4BD5-B5E8-29100F640FCA}.Release|iPhone.Build.0 = Release|Any CPU
		{9D3CC647-89F9-4BD5-B5E8-29100F640FCA}.Release|iPhoneSimulator.ActiveCfg = Release|Any CPU
		{9D3CC647-89F9-4BD5-B5E8-29100F640FCA}.Release|iPhoneSimulator.Build.0 = Release|Any CPU
		{1E09C5C6-52C2-448D-80E8-A00858BBFF4B}.Debug|Any CPU.ActiveCfg = Debug|iPhoneSimulator
		{1E09C5C6-52C2-448D-80E8-A00858BBFF4B}.Debug|Any CPU.Build.0 = Debug|iPhoneSimulator
		{1E09C5C6-52C2-448D-80E8-A00858BBFF4B}.Debug|iPhone.ActiveCfg = Debug|iPhone
		{1E09C5C6-52C2-448D-80E8-A00858BBFF4B}.Debug|iPhone.Build.0 = Debug|iPhone
		{1E09C5C6-52C2-448D-80E8-A00858BBFF4B}.Debug|iPhoneSimulator.ActiveCfg = Debug|iPhoneSimulator
		{1E09C5C6-52C2-448D-80E8-A00858BBFF4B}.Debug|iPhoneSimulator.Build.0 = Debug|iPhoneSimulator
		{1E09C5C6-52C2-448D-80E8-A00858BBFF4B}.Release|Any CPU.ActiveCfg = Debug|iPhoneSimulator
		{1E09C5C6-52C2-448D-80E8-A00858BBFF4B}.Release|Any CPU.Build.0 = Debug|iPhoneSimulator
		{1E09C5C6-52C2-448D-80E8-A00858BBFF4B}.Release|iPhone.ActiveCfg = Release|iPhone
		{1E09C5C6-52C2-448D-80E8-A00858BBFF4B}.Release|iPhone.Build.0 = Release|iPhone
		{1E09C5C6-52C2-448D-80E8-A00858BBFF4B}.Release|iPhoneSimulator.ActiveCfg = Release|iPhoneSimulator
		{1E09C5C6-52C2-448D-80E8-A00858BBFF4B}.Release|iPhoneSimulator.Build.0 = Release|iPhoneSimulator
		{9DF36DBF-AFE6-438D-B7A6-1B5FB3D1D6D1}.Debug|Any CPU.ActiveCfg = Debug|Any CPU
		{9DF36DBF-AFE6-438D-B7A6-1B5FB3D1D6D1}.Debug|Any CPU.Build.0 = Debug|Any CPU
		{9DF36DBF-AFE6-438D-B7A6-1B5FB3D1D6D1}.Debug|iPhone.ActiveCfg = Debug|Any CPU
		{9DF36DBF-AFE6-438D-B7A6-1B5FB3D1D6D1}.Debug|iPhone.Build.0 = Debug|Any CPU
		{9DF36DBF-AFE6-438D-B7A6-1B5FB3D1D6D1}.Debug|iPhoneSimulator.ActiveCfg = Debug|Any CPU
		{9DF36DBF-AFE6-438D-B7A6-1B5FB3D1D6D1}.Debug|iPhoneSimulator.Build.0 = Debug|Any CPU
		{9DF36DBF-AFE6-438D-B7A6-1B5FB3D1D6D1}.Release|Any CPU.ActiveCfg = Debug|Any CPU
		{9DF36DBF-AFE6-438D-B7A6-1B5FB3D1D6D1}.Release|Any CPU.Build.0 = Debug|Any CPU
		{9DF36DBF-AFE6-438D-B7A6-1B5FB3D1D6D1}.Release|iPhone.ActiveCfg = Release|Any CPU
		{9DF36DBF-AFE6-438D-B7A6-1B5FB3D1D6D1}.Release|iPhone.Build.0 = Release|Any CPU
		{9DF36DBF-AFE6-438D-B7A6-1B5FB3D1D6D1}.Release|iPhoneSimulator.ActiveCfg = Release|Any CPU
		{9DF36DBF-AFE6-438D-B7A6-1B5FB3D1D6D1}.Release|iPhoneSimulator.Build.0 = Release|Any CPU
		{12BE5947-A64A-4968-96A6-5CA3CE36C244}.Debug|Any CPU.ActiveCfg = Debug|iPhoneSimulator
		{12BE5947-A64A-4968-96A6-5CA3CE36C244}.Debug|Any CPU.Build.0 = Debug|iPhoneSimulator
		{12BE5947-A64A-4968-96A6-5CA3CE36C244}.Debug|iPhone.ActiveCfg = Debug|iPhone
		{12BE5947-A64A-4968-96A6-5CA3CE36C244}.Debug|iPhone.Build.0 = Debug|iPhone
		{12BE5947-A64A-4968-96A6-5CA3CE36C244}.Debug|iPhoneSimulator.ActiveCfg = Debug|iPhoneSimulator
		{12BE5947-A64A-4968-96A6-5CA3CE36C244}.Debug|iPhoneSimulator.Build.0 = Debug|iPhoneSimulator
		{12BE5947-A64A-4968-96A6-5CA3CE36C244}.Release|Any CPU.ActiveCfg = Debug|iPhoneSimulator
		{12BE5947-A64A-4968-96A6-5CA3CE36C244}.Release|Any CPU.Build.0 = Debug|iPhoneSimulator
		{12BE5947-A64A-4968-96A6-5CA3CE36C244}.Release|iPhone.ActiveCfg = Release|iPhone
		{12BE5947-A64A-4968-96A6-5CA3CE36C244}.Release|iPhone.Build.0 = Release|iPhone
		{12BE5947-A64A-4968-96A6-5CA3CE36C244}.Release|iPhoneSimulator.ActiveCfg = Release|iPhoneSimulator
		{12BE5947-A64A-4968-96A6-5CA3CE36C244}.Release|iPhoneSimulator.Build.0 = Release|iPhoneSimulator
		{D058A769-9AE6-438F-960C-2ECC287F6D1E}.Debug|Any CPU.ActiveCfg = Debug|Any CPU
		{D058A769-9AE6-438F-960C-2ECC287F6D1E}.Debug|Any CPU.Build.0 = Debug|Any CPU
		{D058A769-9AE6-438F-960C-2ECC287F6D1E}.Debug|iPhone.ActiveCfg = Debug|Any CPU
		{D058A769-9AE6-438F-960C-2ECC287F6D1E}.Debug|iPhone.Build.0 = Debug|Any CPU
		{D058A769-9AE6-438F-960C-2ECC287F6D1E}.Debug|iPhoneSimulator.ActiveCfg = Debug|Any CPU
		{D058A769-9AE6-438F-960C-2ECC287F6D1E}.Debug|iPhoneSimulator.Build.0 = Debug|Any CPU
		{D058A769-9AE6-438F-960C-2ECC287F6D1E}.Release|Any CPU.ActiveCfg = Debug|Any CPU
		{D058A769-9AE6-438F-960C-2ECC287F6D1E}.Release|Any CPU.Build.0 = Debug|Any CPU
		{D058A769-9AE6-438F-960C-2ECC287F6D1E}.Release|iPhone.ActiveCfg = Release|Any CPU
		{D058A769-9AE6-438F-960C-2ECC287F6D1E}.Release|iPhone.Build.0 = Release|Any CPU
		{D058A769-9AE6-438F-960C-2ECC287F6D1E}.Release|iPhoneSimulator.ActiveCfg = Release|Any CPU
		{D058A769-9AE6-438F-960C-2ECC287F6D1E}.Release|iPhoneSimulator.Build.0 = Release|Any CPU
		{1B3F8AD2-4252-44CA-8DD6-A7702C46A25D}.Debug|Any CPU.ActiveCfg = Debug|Any CPU
		{1B3F8AD2-4252-44CA-8DD6-A7702C46A25D}.Debug|Any CPU.Build.0 = Debug|Any CPU
		{1B3F8AD2-4252-44CA-8DD6-A7702C46A25D}.Debug|Any CPU.Deploy.0 = Debug|Any CPU
		{1B3F8AD2-4252-44CA-8DD6-A7702C46A25D}.Debug|iPhone.ActiveCfg = Debug|Any CPU
		{1B3F8AD2-4252-44CA-8DD6-A7702C46A25D}.Debug|iPhone.Build.0 = Debug|Any CPU
		{1B3F8AD2-4252-44CA-8DD6-A7702C46A25D}.Debug|iPhoneSimulator.ActiveCfg = Debug|Any CPU
		{1B3F8AD2-4252-44CA-8DD6-A7702C46A25D}.Release|Any CPU.ActiveCfg = Debug|Any CPU
		{1B3F8AD2-4252-44CA-8DD6-A7702C46A25D}.Release|Any CPU.Build.0 = Debug|Any CPU
		{1B3F8AD2-4252-44CA-8DD6-A7702C46A25D}.Release|Any CPU.Deploy.0 = Debug|Any CPU
		{1B3F8AD2-4252-44CA-8DD6-A7702C46A25D}.Release|iPhone.ActiveCfg = Release|Any CPU
		{1B3F8AD2-4252-44CA-8DD6-A7702C46A25D}.Release|iPhone.Build.0 = Release|Any CPU
		{1B3F8AD2-4252-44CA-8DD6-A7702C46A25D}.Release|iPhoneSimulator.ActiveCfg = Release|Any CPU
		{1B3F8AD2-4252-44CA-8DD6-A7702C46A25D}.Release|iPhoneSimulator.Build.0 = Release|Any CPU
		{6F6832FA-2E11-4324-B336-5673DFE15862}.Debug|Any CPU.ActiveCfg = Debug|Any CPU
		{6F6832FA-2E11-4324-B336-5673DFE15862}.Debug|Any CPU.Build.0 = Debug|Any CPU
		{6F6832FA-2E11-4324-B336-5673DFE15862}.Debug|iPhone.ActiveCfg = Debug|Any CPU
		{6F6832FA-2E11-4324-B336-5673DFE15862}.Debug|iPhone.Build.0 = Debug|Any CPU
		{6F6832FA-2E11-4324-B336-5673DFE15862}.Debug|iPhoneSimulator.ActiveCfg = Debug|Any CPU
		{6F6832FA-2E11-4324-B336-5673DFE15862}.Debug|iPhoneSimulator.Build.0 = Debug|Any CPU
		{6F6832FA-2E11-4324-B336-5673DFE15862}.Release|Any CPU.ActiveCfg = Debug|Any CPU
		{6F6832FA-2E11-4324-B336-5673DFE15862}.Release|Any CPU.Build.0 = Debug|Any CPU
		{6F6832FA-2E11-4324-B336-5673DFE15862}.Release|iPhone.ActiveCfg = Release|Any CPU
		{6F6832FA-2E11-4324-B336-5673DFE15862}.Release|iPhone.Build.0 = Release|Any CPU
		{6F6832FA-2E11-4324-B336-5673DFE15862}.Release|iPhoneSimulator.ActiveCfg = Release|Any CPU
		{6F6832FA-2E11-4324-B336-5673DFE15862}.Release|iPhoneSimulator.Build.0 = Release|Any CPU
		{BCAF5569-30DB-4D44-BF46-DFFE93DDCBD0}.Debug|Any CPU.ActiveCfg = Debug|Any CPU
		{BCAF5569-30DB-4D44-BF46-DFFE93DDCBD0}.Debug|Any CPU.Build.0 = Debug|Any CPU
		{BCAF5569-30DB-4D44-BF46-DFFE93DDCBD0}.Debug|iPhone.ActiveCfg = Debug|Any CPU
		{BCAF5569-30DB-4D44-BF46-DFFE93DDCBD0}.Debug|iPhone.Build.0 = Debug|Any CPU
		{BCAF5569-30DB-4D44-BF46-DFFE93DDCBD0}.Debug|iPhoneSimulator.ActiveCfg = Debug|Any CPU
		{BCAF5569-30DB-4D44-BF46-DFFE93DDCBD0}.Debug|iPhoneSimulator.Build.0 = Debug|Any CPU
		{BCAF5569-30DB-4D44-BF46-DFFE93DDCBD0}.Release|Any CPU.ActiveCfg = Debug|Any CPU
		{BCAF5569-30DB-4D44-BF46-DFFE93DDCBD0}.Release|Any CPU.Build.0 = Debug|Any CPU
		{BCAF5569-30DB-4D44-BF46-DFFE93DDCBD0}.Release|iPhone.ActiveCfg = Release|Any CPU
		{BCAF5569-30DB-4D44-BF46-DFFE93DDCBD0}.Release|iPhone.Build.0 = Release|Any CPU
		{BCAF5569-30DB-4D44-BF46-DFFE93DDCBD0}.Release|iPhoneSimulator.ActiveCfg = Release|Any CPU
		{BCAF5569-30DB-4D44-BF46-DFFE93DDCBD0}.Release|iPhoneSimulator.Build.0 = Release|Any CPU
		{1E8FBBC2-9E06-4960-A116-65CDEFEFE11D}.Debug|Any CPU.ActiveCfg = Debug|Any CPU
		{1E8FBBC2-9E06-4960-A116-65CDEFEFE11D}.Debug|Any CPU.Build.0 = Debug|Any CPU
		{1E8FBBC2-9E06-4960-A116-65CDEFEFE11D}.Debug|iPhone.ActiveCfg = Debug|Any CPU
		{1E8FBBC2-9E06-4960-A116-65CDEFEFE11D}.Debug|iPhone.Build.0 = Debug|Any CPU
		{1E8FBBC2-9E06-4960-A116-65CDEFEFE11D}.Debug|iPhoneSimulator.ActiveCfg = Debug|Any CPU
		{1E8FBBC2-9E06-4960-A116-65CDEFEFE11D}.Release|Any CPU.ActiveCfg = Debug|Any CPU
		{1E8FBBC2-9E06-4960-A116-65CDEFEFE11D}.Release|Any CPU.Build.0 = Debug|Any CPU
		{1E8FBBC2-9E06-4960-A116-65CDEFEFE11D}.Release|iPhone.ActiveCfg = Release|Any CPU
		{1E8FBBC2-9E06-4960-A116-65CDEFEFE11D}.Release|iPhone.Build.0 = Release|Any CPU
		{1E8FBBC2-9E06-4960-A116-65CDEFEFE11D}.Release|iPhoneSimulator.ActiveCfg = Release|Any CPU
		{1E8FBBC2-9E06-4960-A116-65CDEFEFE11D}.Release|iPhoneSimulator.Build.0 = Release|Any CPU
		{EDC997D0-2358-416F-A628-5DFD85728060}.Debug|Any CPU.ActiveCfg = Debug|Any CPU
		{EDC997D0-2358-416F-A628-5DFD85728060}.Debug|Any CPU.Build.0 = Debug|Any CPU
		{EDC997D0-2358-416F-A628-5DFD85728060}.Debug|iPhone.ActiveCfg = Debug|Any CPU
		{EDC997D0-2358-416F-A628-5DFD85728060}.Debug|iPhone.Build.0 = Debug|Any CPU
		{EDC997D0-2358-416F-A628-5DFD85728060}.Debug|iPhoneSimulator.ActiveCfg = Debug|Any CPU
		{EDC997D0-2358-416F-A628-5DFD85728060}.Release|Any CPU.ActiveCfg = Debug|Any CPU
		{EDC997D0-2358-416F-A628-5DFD85728060}.Release|Any CPU.Build.0 = Debug|Any CPU
		{EDC997D0-2358-416F-A628-5DFD85728060}.Release|iPhone.ActiveCfg = Release|Any CPU
		{EDC997D0-2358-416F-A628-5DFD85728060}.Release|iPhone.Build.0 = Release|Any CPU
		{EDC997D0-2358-416F-A628-5DFD85728060}.Release|iPhoneSimulator.ActiveCfg = Release|Any CPU
		{EDC997D0-2358-416F-A628-5DFD85728060}.Release|iPhoneSimulator.Build.0 = Release|Any CPU
	EndGlobalSection
	GlobalSection(SolutionProperties) = preSolution
		HideSolutionNode = FALSE
	EndGlobalSection
	GlobalSection(NestedProjects) = preSolution
		{B2AB3B6E-89C6-4223-ACFF-4E3C027868A9} = {AB9AD206-4B1E-4B0C-88A2-5C769314E8A4}
		{3D79CEB1-37D9-4BA3-ACF3-DC9A89C92571} = {C3FDCDB7-0C29-472D-A406-E2F21A4B0EAE}
		{618C336D-1E53-49B9-A554-7D2B9671DEC5} = {3D79CEB1-37D9-4BA3-ACF3-DC9A89C92571}
		{92415B8D-D51B-46A1-A6E6-EF8C3B749067} = {AB9AD206-4B1E-4B0C-88A2-5C769314E8A4}
		{9D3CC647-89F9-4BD5-B5E8-29100F640FCA} = {3D79CEB1-37D9-4BA3-ACF3-DC9A89C92571}
		{1E09C5C6-52C2-448D-80E8-A00858BBFF4B} = {3D79CEB1-37D9-4BA3-ACF3-DC9A89C92571}
		{9DF36DBF-AFE6-438D-B7A6-1B5FB3D1D6D1} = {AB9AD206-4B1E-4B0C-88A2-5C769314E8A4}
		{12BE5947-A64A-4968-96A6-5CA3CE36C244} = {C3FDCDB7-0C29-472D-A406-E2F21A4B0EAE}
		{D058A769-9AE6-438F-960C-2ECC287F6D1E} = {C3FDCDB7-0C29-472D-A406-E2F21A4B0EAE}
		{1B3F8AD2-4252-44CA-8DD6-A7702C46A25D} = {C3FDCDB7-0C29-472D-A406-E2F21A4B0EAE}
		{6F6832FA-2E11-4324-B336-5673DFE15862} = {C3FDCDB7-0C29-472D-A406-E2F21A4B0EAE}
		{BCAF5569-30DB-4D44-BF46-DFFE93DDCBD0} = {AB9AD206-4B1E-4B0C-88A2-5C769314E8A4}
		{1E8FBBC2-9E06-4960-A116-65CDEFEFE11D} = {AB9AD206-4B1E-4B0C-88A2-5C769314E8A4}
		{EDC997D0-2358-416F-A628-5DFD85728060} = {586C3CCB-82A5-47F0-A099-B9A31BB4EA88}
	EndGlobalSection
	GlobalSection(ExtensibilityGlobals) = postSolution
		SolutionGuid = {0653DB4A-5BBE-4D78-99B2-DB1C82663246}
	EndGlobalSection
	GlobalSection(MonoDevelopProperties) = preSolution
		Policies = $0
		$0.DotNetNamingPolicy = $1
	EndGlobalSection
EndGlobal
