
Microsoft Visual Studio Solution File, Format Version 12.00
# Visual Studio Version 16
VisualStudioVersion = 16.0.29111.141
MinimumVisualStudioVersion = 10.0.40219.1
Project("{9A19103F-16F7-4668-BE54-9A1E7A4F7556}") = "HotUI", "src\HotUI\HotUI.csproj", "{313423C6-92D9-4AB0-B9A6-FC9188771C4E}"
EndProject
Project("{2150E333-8FDC-42A3-9474-1A3956D46DE8}") = "Sample", "Sample", "{657F1E38-ED93-40F3-840E-1BFD76794C9F}"
EndProject
Project("{2150E333-8FDC-42A3-9474-1A3956D46DE8}") = "Platforms", "Platforms", "{4C16E923-0BE3-4528-8284-B5CDF81DBE27}"
EndProject
Project("{9A19103F-16F7-4668-BE54-9A1E7A4F7556}") = "HotUI.Blazor", "src\HotUI.Blazor\HotUI.Blazor.csproj", "{F66287F2-8AB5-403E-9F33-837CD799CEB6}"
EndProject
Project("{9A19103F-16F7-4668-BE54-9A1E7A4F7556}") = "HotUI.Blazor.Sample", "sample\HotUI.Blazor.Sample\HotUI.Blazor.Sample.csproj", "{607AEDB0-221D-4597-AFEC-4484FF86C09B}"
EndProject
Project("{9A19103F-16F7-4668-BE54-9A1E7A4F7556}") = "HotUI.Samples", "sample\HotUI.Samples\HotUI.Samples.csproj", "{2FB15266-3F5D-4AEF-8F99-192DB5D13461}"
EndProject
Project("{2150E333-8FDC-42A3-9474-1A3956D46DE8}") = "Skia", "Skia", "{F4B668C8-2E5A-41F7-97D8-A774AD22C787}"
EndProject
Project("{9A19103F-16F7-4668-BE54-9A1E7A4F7556}") = "HotUI.Skia", "src\HotUI.Skia\HotUI.Skia.csproj", "{360DA89C-CE11-4C7A-8A2B-B2E8233E1119}"
EndProject
Project("{2150E333-8FDC-42A3-9474-1A3956D46DE8}") = "Tests", "Tests", "{E013A5B6-E4F8-4941-846F-8C4B0379F414}"
EndProject
Project("{FAE04EC0-301F-11D3-BF4B-00C04F79EFBC}") = "HotUI.Blazor.Tests", "tests\HotUI.Blazor.Tests\HotUI.Blazor.Tests.csproj", "{1BD0C1AA-5774-4400-A288-8B536C34B4BE}"
EndProject
Global
	GlobalSection(SolutionConfigurationPlatforms) = preSolution
		Debug|Any CPU = Debug|Any CPU
		Release|Any CPU = Release|Any CPU
	EndGlobalSection
	GlobalSection(ProjectConfigurationPlatforms) = postSolution
		{313423C6-92D9-4AB0-B9A6-FC9188771C4E}.Debug|Any CPU.ActiveCfg = Debug|Any CPU
		{313423C6-92D9-4AB0-B9A6-FC9188771C4E}.Debug|Any CPU.Build.0 = Debug|Any CPU
		{313423C6-92D9-4AB0-B9A6-FC9188771C4E}.Release|Any CPU.ActiveCfg = Release|Any CPU
		{313423C6-92D9-4AB0-B9A6-FC9188771C4E}.Release|Any CPU.Build.0 = Release|Any CPU
		{F66287F2-8AB5-403E-9F33-837CD799CEB6}.Debug|Any CPU.ActiveCfg = Debug|Any CPU
		{F66287F2-8AB5-403E-9F33-837CD799CEB6}.Debug|Any CPU.Build.0 = Debug|Any CPU
		{F66287F2-8AB5-403E-9F33-837CD799CEB6}.Release|Any CPU.ActiveCfg = Release|Any CPU
		{F66287F2-8AB5-403E-9F33-837CD799CEB6}.Release|Any CPU.Build.0 = Release|Any CPU
		{607AEDB0-221D-4597-AFEC-4484FF86C09B}.Debug|Any CPU.ActiveCfg = Debug|Any CPU
		{607AEDB0-221D-4597-AFEC-4484FF86C09B}.Debug|Any CPU.Build.0 = Debug|Any CPU
		{607AEDB0-221D-4597-AFEC-4484FF86C09B}.Release|Any CPU.ActiveCfg = Release|Any CPU
		{607AEDB0-221D-4597-AFEC-4484FF86C09B}.Release|Any CPU.Build.0 = Release|Any CPU
		{2FB15266-3F5D-4AEF-8F99-192DB5D13461}.Debug|Any CPU.ActiveCfg = Debug|Any CPU
		{2FB15266-3F5D-4AEF-8F99-192DB5D13461}.Debug|Any CPU.Build.0 = Debug|Any CPU
		{2FB15266-3F5D-4AEF-8F99-192DB5D13461}.Release|Any CPU.ActiveCfg = Release|Any CPU
		{2FB15266-3F5D-4AEF-8F99-192DB5D13461}.Release|Any CPU.Build.0 = Release|Any CPU
		{360DA89C-CE11-4C7A-8A2B-B2E8233E1119}.Debug|Any CPU.ActiveCfg = Debug|Any CPU
		{360DA89C-CE11-4C7A-8A2B-B2E8233E1119}.Debug|Any CPU.Build.0 = Debug|Any CPU
		{360DA89C-CE11-4C7A-8A2B-B2E8233E1119}.Release|Any CPU.ActiveCfg = Release|Any CPU
		{360DA89C-CE11-4C7A-8A2B-B2E8233E1119}.Release|Any CPU.Build.0 = Release|Any CPU
		{1BD0C1AA-5774-4400-A288-8B536C34B4BE}.Debug|Any CPU.ActiveCfg = Debug|Any CPU
		{1BD0C1AA-5774-4400-A288-8B536C34B4BE}.Debug|Any CPU.Build.0 = Debug|Any CPU
		{1BD0C1AA-5774-4400-A288-8B536C34B4BE}.Release|Any CPU.ActiveCfg = Release|Any CPU
		{1BD0C1AA-5774-4400-A288-8B536C34B4BE}.Release|Any CPU.Build.0 = Release|Any CPU
	EndGlobalSection
	GlobalSection(SolutionProperties) = preSolution
		HideSolutionNode = FALSE
	EndGlobalSection
	GlobalSection(NestedProjects) = preSolution
		{F66287F2-8AB5-403E-9F33-837CD799CEB6} = {4C16E923-0BE3-4528-8284-B5CDF81DBE27}
		{607AEDB0-221D-4597-AFEC-4484FF86C09B} = {657F1E38-ED93-40F3-840E-1BFD76794C9F}
		{2FB15266-3F5D-4AEF-8F99-192DB5D13461} = {657F1E38-ED93-40F3-840E-1BFD76794C9F}
		{360DA89C-CE11-4C7A-8A2B-B2E8233E1119} = {F4B668C8-2E5A-41F7-97D8-A774AD22C787}
		{1BD0C1AA-5774-4400-A288-8B536C34B4BE} = {E013A5B6-E4F8-4941-846F-8C4B0379F414}
	EndGlobalSection
	GlobalSection(ExtensibilityGlobals) = postSolution
		SolutionGuid = {EC4DC5FC-5A86-4B05-8A84-7BD8D7EFFD02}
	EndGlobalSection
EndGlobal
