
Microsoft Visual Studio Solution File, Format Version 12.00
# Visual Studio Version 16
VisualStudioVersion = 16.0.29020.237
MinimumVisualStudioVersion = 10.0.40219.1
Project("{9A19103F-16F7-4668-BE54-9A1E7A4F7556}") = "Xamarin.Forms.Loader", "src\Xamarin.Forms.Loader\Xamarin.Forms.Loader.csproj", "{B2AB3B6E-89C6-4223-ACFF-4E3C027868A9}"
EndProject
Project("{2150E333-8FDC-42A3-9474-1A3956D46DE8}") = "Sample", "Sample", "{C3FDCDB7-0C29-472D-A406-E2F21A4B0EAE}"
EndProject
Project("{2150E333-8FDC-42A3-9474-1A3956D46DE8}") = "Platforms", "Platforms", "{AB9AD206-4B1E-4B0C-88A2-5C769314E8A4}"
EndProject
Project("{9A19103F-16F7-4668-BE54-9A1E7A4F7556}") = "System.Maui.Samples", "sample\System.Maui.Samples\System.Maui.Samples.csproj", "{D058A769-9AE6-438F-960C-2ECC287F6D1E}"
EndProject
Project("{FAE04EC0-301F-11D3-BF4B-00C04F79EFBC}") = "System.Maui.Android.Sample", "sample\System.Maui.Android.Sample\System.Maui.Android.Sample.csproj", "{1B3F8AD2-4252-44CA-8DD6-A7702C46A25D}"
EndProject
Project("{FAE04EC0-301F-11D3-BF4B-00C04F79EFBC}") = "System.Maui.Mac.Sample", "sample\System.Maui.Mac.Sample\System.Maui.Mac.Sample.csproj", "{6F6832FA-2E11-4324-B336-5673DFE15862}"
EndProject
Project("{FAE04EC0-301F-11D3-BF4B-00C04F79EFBC}") = "System.Maui.Mac", "src\System.Maui.Mac\System.Maui.Mac.csproj", "{BCAF5569-30DB-4D44-BF46-DFFE93DDCBD0}"
EndProject
Project("{FAE04EC0-301F-11D3-BF4B-00C04F79EFBC}") = "System.Maui.Android", "src\System.Maui.Android\System.Maui.Android.csproj", "{1E8FBBC2-9E06-4960-A116-65CDEFEFE11D}"
EndProject
Project("{2150E333-8FDC-42A3-9474-1A3956D46DE8}") = "Tests", "Tests", "{586C3CCB-82A5-47F0-A099-B9A31BB4EA88}"
EndProject
Project("{9A19103F-16F7-4668-BE54-9A1E7A4F7556}") = "System.Maui.Tests", "tests\System.Maui.Tests\System.Maui.Tests.csproj", "{EDC997D0-2358-416F-A628-5DFD85728060}"
EndProject
Project("{9A19103F-16F7-4668-BE54-9A1E7A4F7556}") = "System.Maui.Skia", "src\System.Maui.Skia\System.Maui.Skia.csproj", "{BF15264B-D7C7-4F09-B13B-487D60D649BD}"
EndProject
Project("{2150E333-8FDC-42A3-9474-1A3956D46DE8}") = "Skia", "Skia", "{BDB6346D-E97A-49F4-81D6-664390944360}"
EndProject
Project("{FAE04EC0-301F-11D3-BF4B-00C04F79EFBC}") = "System.Maui.Skia.Mac", "src\System.Maui.Skia.Mac\System.Maui.Skia.Mac.csproj", "{00B248D0-382A-4504-A126-76B9C892583E}"
EndProject
Project("{FAE04EC0-301F-11D3-BF4B-00C04F79EFBC}") = "System.Maui.Skia.Android", "src\System.Maui.Skia.Android\System.Maui.Skia.Android.csproj", "{F5FFBB2C-23BE-4029-BFD1-1028F1461F86}"
EndProject
Project("{FAE04EC0-301F-11D3-BF4B-00C04F79EFBC}") = "System.Maui.iOS.Sample", "sample\System.Maui.iOS.Sample\System.Maui.iOS.Sample.csproj", "{12BE5947-A64A-4968-96A6-5CA3CE36C244}"
EndProject
Project("{FAE04EC0-301F-11D3-BF4B-00C04F79EFBC}") = "System.Maui.Skia.iOS", "src\System.Maui.Skia.iOS\System.Maui.Skia.iOS.csproj", "{9ACC68A5-5A5C-409D-A379-D62220A9F49F}"
EndProject
Project("{FAE04EC0-301F-11D3-BF4B-00C04F79EFBC}") = "System.Maui.UWP.Sample", "sample\System.Maui.UWP.Sample\System.Maui.UWP.Sample.csproj", "{35664234-EB75-47BA-A082-9F96BDF6FC92}"
EndProject
Project("{FAE04EC0-301F-11D3-BF4B-00C04F79EFBC}") = "System.Maui.WPF.Sample", "sample\System.Maui.WPF.Sample\System.Maui.WPF.Sample.csproj", "{0FC87DE5-B5E5-4846-894B-824497118143}"
EndProject
Project("{FAE04EC0-301F-11D3-BF4B-00C04F79EFBC}") = "System.Maui.Skia.WPF", "src\System.Maui.Skia.WPF\System.Maui.Skia.WPF.csproj", "{E7FA15FC-418F-4FFE-9DC1-CF68AFA860AA}"
EndProject
Project("{FAE04EC0-301F-11D3-BF4B-00C04F79EFBC}") = "System.Maui.Skia.UWP", "src\System.Maui.Skia.UWP\System.Maui.Skia.UWP.csproj", "{004EF9A7-6FF7-4ACA-9416-DCFB84A85B04}"
EndProject
Project("{2150E333-8FDC-42A3-9474-1A3956D46DE8}") = "Material", "Material", "{58DBC917-7CAE-49A2-8B1C-063A1F2AC5DF}"
EndProject
Project("{FAE04EC0-301F-11D3-BF4B-00C04F79EFBC}") = "System.Maui.Material.iOS", "src\Material\System.Maui.Material.iOS\System.Maui.Material.iOS.csproj", "{86DE0847-5552-4103-AA9F-53A5C8BDDAAE}"
EndProject
Project("{2150E333-8FDC-42A3-9474-1A3956D46DE8}") = "Solution Items", "Solution Items", "{BC86B934-3C23-4DA8-A4F4-BB2B0C298DF5}"
	ProjectSection(SolutionItems) = preProject
		.editorconfig = .editorconfig
	EndProjectSection
EndProject
Project("{FAE04EC0-301F-11D3-BF4B-00C04F79EFBC}") = "System.Maui", "src\System.Maui\System.Maui.csproj", "{536443CD-F511-49BC-9ED0-0FFB27361E95}"
EndProject
Project("{9344BDBB-3E7F-41FC-A0DD-8665D75EE146}") = "System.Maui.iOS", "src\System.Maui.iOS\System.Maui.iOS.csproj", "{9A40DE34-BD02-436F-BD0B-CF9DA910B7FA}"
EndProject
Project("{9344BDBB-3E7F-41FC-A0DD-8665D75EE146}") = "System.Maui.UWP", "src\System.Maui.UWP\System.Maui.UWP.csproj", "{3B2BF7EC-7FC0-492D-B7B1-768783FEE97A}"
EndProject
Project("{9344BDBB-3E7F-41FC-A0DD-8665D75EE146}") = "System.Maui.WPF", "src\System.Maui.WPF\System.Maui.WPF.csproj", "{C9245153-A111-4ED4-8CCF-47CCB500B3F3}"
EndProject
Global
	GlobalSection(SolutionConfigurationPlatforms) = preSolution
		Debug|Any CPU = Debug|Any CPU
		Debug|ARM = Debug|ARM
		Debug|ARM64 = Debug|ARM64
		Debug|iPhone = Debug|iPhone
		Debug|iPhoneSimulator = Debug|iPhoneSimulator
		Debug|x64 = Debug|x64
		Debug|x86 = Debug|x86
		Release|Any CPU = Release|Any CPU
		Release|ARM = Release|ARM
		Release|ARM64 = Release|ARM64
		Release|iPhone = Release|iPhone
		Release|iPhoneSimulator = Release|iPhoneSimulator
		Release|x64 = Release|x64
		Release|x86 = Release|x86
	EndGlobalSection
	GlobalSection(ProjectConfigurationPlatforms) = postSolution
		{B2AB3B6E-89C6-4223-ACFF-4E3C027868A9}.Debug|Any CPU.ActiveCfg = Debug|Any CPU
		{B2AB3B6E-89C6-4223-ACFF-4E3C027868A9}.Debug|Any CPU.Build.0 = Debug|Any CPU
		{B2AB3B6E-89C6-4223-ACFF-4E3C027868A9}.Debug|ARM.ActiveCfg = Debug|Any CPU
		{B2AB3B6E-89C6-4223-ACFF-4E3C027868A9}.Debug|ARM.Build.0 = Debug|Any CPU
		{B2AB3B6E-89C6-4223-ACFF-4E3C027868A9}.Debug|ARM64.ActiveCfg = Debug|Any CPU
		{B2AB3B6E-89C6-4223-ACFF-4E3C027868A9}.Debug|ARM64.Build.0 = Debug|Any CPU
		{B2AB3B6E-89C6-4223-ACFF-4E3C027868A9}.Debug|iPhone.ActiveCfg = Debug|Any CPU
		{B2AB3B6E-89C6-4223-ACFF-4E3C027868A9}.Debug|iPhone.Build.0 = Debug|Any CPU
		{B2AB3B6E-89C6-4223-ACFF-4E3C027868A9}.Debug|iPhoneSimulator.ActiveCfg = Debug|Any CPU
		{B2AB3B6E-89C6-4223-ACFF-4E3C027868A9}.Debug|iPhoneSimulator.Build.0 = Debug|Any CPU
		{B2AB3B6E-89C6-4223-ACFF-4E3C027868A9}.Debug|x64.ActiveCfg = Debug|Any CPU
		{B2AB3B6E-89C6-4223-ACFF-4E3C027868A9}.Debug|x64.Build.0 = Debug|Any CPU
		{B2AB3B6E-89C6-4223-ACFF-4E3C027868A9}.Debug|x86.ActiveCfg = Debug|Any CPU
		{B2AB3B6E-89C6-4223-ACFF-4E3C027868A9}.Debug|x86.Build.0 = Debug|Any CPU
		{B2AB3B6E-89C6-4223-ACFF-4E3C027868A9}.Release|Any CPU.ActiveCfg = Debug|Any CPU
		{B2AB3B6E-89C6-4223-ACFF-4E3C027868A9}.Release|Any CPU.Build.0 = Debug|Any CPU
		{B2AB3B6E-89C6-4223-ACFF-4E3C027868A9}.Release|ARM.ActiveCfg = Release|Any CPU
		{B2AB3B6E-89C6-4223-ACFF-4E3C027868A9}.Release|ARM.Build.0 = Release|Any CPU
		{B2AB3B6E-89C6-4223-ACFF-4E3C027868A9}.Release|ARM64.ActiveCfg = Release|Any CPU
		{B2AB3B6E-89C6-4223-ACFF-4E3C027868A9}.Release|ARM64.Build.0 = Release|Any CPU
		{B2AB3B6E-89C6-4223-ACFF-4E3C027868A9}.Release|iPhone.ActiveCfg = Release|Any CPU
		{B2AB3B6E-89C6-4223-ACFF-4E3C027868A9}.Release|iPhone.Build.0 = Release|Any CPU
		{B2AB3B6E-89C6-4223-ACFF-4E3C027868A9}.Release|iPhoneSimulator.ActiveCfg = Release|Any CPU
		{B2AB3B6E-89C6-4223-ACFF-4E3C027868A9}.Release|iPhoneSimulator.Build.0 = Release|Any CPU
		{B2AB3B6E-89C6-4223-ACFF-4E3C027868A9}.Release|x64.ActiveCfg = Release|Any CPU
		{B2AB3B6E-89C6-4223-ACFF-4E3C027868A9}.Release|x64.Build.0 = Release|Any CPU
		{B2AB3B6E-89C6-4223-ACFF-4E3C027868A9}.Release|x86.ActiveCfg = Release|Any CPU
		{B2AB3B6E-89C6-4223-ACFF-4E3C027868A9}.Release|x86.Build.0 = Release|Any CPU
		{D058A769-9AE6-438F-960C-2ECC287F6D1E}.Debug|Any CPU.ActiveCfg = Debug|Any CPU
		{D058A769-9AE6-438F-960C-2ECC287F6D1E}.Debug|Any CPU.Build.0 = Debug|Any CPU
		{D058A769-9AE6-438F-960C-2ECC287F6D1E}.Debug|ARM.ActiveCfg = Debug|Any CPU
		{D058A769-9AE6-438F-960C-2ECC287F6D1E}.Debug|ARM.Build.0 = Debug|Any CPU
		{D058A769-9AE6-438F-960C-2ECC287F6D1E}.Debug|ARM64.ActiveCfg = Debug|Any CPU
		{D058A769-9AE6-438F-960C-2ECC287F6D1E}.Debug|ARM64.Build.0 = Debug|Any CPU
		{D058A769-9AE6-438F-960C-2ECC287F6D1E}.Debug|iPhone.ActiveCfg = Debug|Any CPU
		{D058A769-9AE6-438F-960C-2ECC287F6D1E}.Debug|iPhone.Build.0 = Debug|Any CPU
		{D058A769-9AE6-438F-960C-2ECC287F6D1E}.Debug|iPhoneSimulator.ActiveCfg = Debug|Any CPU
		{D058A769-9AE6-438F-960C-2ECC287F6D1E}.Debug|iPhoneSimulator.Build.0 = Debug|Any CPU
		{D058A769-9AE6-438F-960C-2ECC287F6D1E}.Debug|x64.ActiveCfg = Debug|Any CPU
		{D058A769-9AE6-438F-960C-2ECC287F6D1E}.Debug|x64.Build.0 = Debug|Any CPU
		{D058A769-9AE6-438F-960C-2ECC287F6D1E}.Debug|x86.ActiveCfg = Debug|Any CPU
		{D058A769-9AE6-438F-960C-2ECC287F6D1E}.Debug|x86.Build.0 = Debug|Any CPU
		{D058A769-9AE6-438F-960C-2ECC287F6D1E}.Release|Any CPU.ActiveCfg = Debug|Any CPU
		{D058A769-9AE6-438F-960C-2ECC287F6D1E}.Release|Any CPU.Build.0 = Debug|Any CPU
		{D058A769-9AE6-438F-960C-2ECC287F6D1E}.Release|ARM.ActiveCfg = Release|Any CPU
		{D058A769-9AE6-438F-960C-2ECC287F6D1E}.Release|ARM.Build.0 = Release|Any CPU
		{D058A769-9AE6-438F-960C-2ECC287F6D1E}.Release|ARM64.ActiveCfg = Release|Any CPU
		{D058A769-9AE6-438F-960C-2ECC287F6D1E}.Release|ARM64.Build.0 = Release|Any CPU
		{D058A769-9AE6-438F-960C-2ECC287F6D1E}.Release|iPhone.ActiveCfg = Release|Any CPU
		{D058A769-9AE6-438F-960C-2ECC287F6D1E}.Release|iPhone.Build.0 = Release|Any CPU
		{D058A769-9AE6-438F-960C-2ECC287F6D1E}.Release|iPhoneSimulator.ActiveCfg = Release|Any CPU
		{D058A769-9AE6-438F-960C-2ECC287F6D1E}.Release|iPhoneSimulator.Build.0 = Release|Any CPU
		{D058A769-9AE6-438F-960C-2ECC287F6D1E}.Release|x64.ActiveCfg = Release|Any CPU
		{D058A769-9AE6-438F-960C-2ECC287F6D1E}.Release|x64.Build.0 = Release|Any CPU
		{D058A769-9AE6-438F-960C-2ECC287F6D1E}.Release|x86.ActiveCfg = Release|Any CPU
		{D058A769-9AE6-438F-960C-2ECC287F6D1E}.Release|x86.Build.0 = Release|Any CPU
		{1B3F8AD2-4252-44CA-8DD6-A7702C46A25D}.Debug|Any CPU.ActiveCfg = Debug|Any CPU
		{1B3F8AD2-4252-44CA-8DD6-A7702C46A25D}.Debug|Any CPU.Build.0 = Debug|Any CPU
		{1B3F8AD2-4252-44CA-8DD6-A7702C46A25D}.Debug|Any CPU.Deploy.0 = Debug|Any CPU
		{1B3F8AD2-4252-44CA-8DD6-A7702C46A25D}.Debug|ARM.ActiveCfg = Debug|Any CPU
		{1B3F8AD2-4252-44CA-8DD6-A7702C46A25D}.Debug|ARM.Build.0 = Debug|Any CPU
		{1B3F8AD2-4252-44CA-8DD6-A7702C46A25D}.Debug|ARM.Deploy.0 = Debug|Any CPU
		{1B3F8AD2-4252-44CA-8DD6-A7702C46A25D}.Debug|ARM64.ActiveCfg = Debug|Any CPU
		{1B3F8AD2-4252-44CA-8DD6-A7702C46A25D}.Debug|ARM64.Build.0 = Debug|Any CPU
		{1B3F8AD2-4252-44CA-8DD6-A7702C46A25D}.Debug|ARM64.Deploy.0 = Debug|Any CPU
		{1B3F8AD2-4252-44CA-8DD6-A7702C46A25D}.Debug|iPhone.ActiveCfg = Debug|Any CPU
		{1B3F8AD2-4252-44CA-8DD6-A7702C46A25D}.Debug|iPhone.Build.0 = Debug|Any CPU
		{1B3F8AD2-4252-44CA-8DD6-A7702C46A25D}.Debug|iPhoneSimulator.ActiveCfg = Debug|Any CPU
		{1B3F8AD2-4252-44CA-8DD6-A7702C46A25D}.Debug|x64.ActiveCfg = Debug|Any CPU
		{1B3F8AD2-4252-44CA-8DD6-A7702C46A25D}.Debug|x64.Build.0 = Debug|Any CPU
		{1B3F8AD2-4252-44CA-8DD6-A7702C46A25D}.Debug|x64.Deploy.0 = Debug|Any CPU
		{1B3F8AD2-4252-44CA-8DD6-A7702C46A25D}.Debug|x86.ActiveCfg = Debug|Any CPU
		{1B3F8AD2-4252-44CA-8DD6-A7702C46A25D}.Debug|x86.Build.0 = Debug|Any CPU
		{1B3F8AD2-4252-44CA-8DD6-A7702C46A25D}.Debug|x86.Deploy.0 = Debug|Any CPU
		{1B3F8AD2-4252-44CA-8DD6-A7702C46A25D}.Release|Any CPU.ActiveCfg = Debug|Any CPU
		{1B3F8AD2-4252-44CA-8DD6-A7702C46A25D}.Release|Any CPU.Build.0 = Debug|Any CPU
		{1B3F8AD2-4252-44CA-8DD6-A7702C46A25D}.Release|Any CPU.Deploy.0 = Debug|Any CPU
		{1B3F8AD2-4252-44CA-8DD6-A7702C46A25D}.Release|ARM.ActiveCfg = Release|Any CPU
		{1B3F8AD2-4252-44CA-8DD6-A7702C46A25D}.Release|ARM.Build.0 = Release|Any CPU
		{1B3F8AD2-4252-44CA-8DD6-A7702C46A25D}.Release|ARM.Deploy.0 = Release|Any CPU
		{1B3F8AD2-4252-44CA-8DD6-A7702C46A25D}.Release|ARM64.ActiveCfg = Release|Any CPU
		{1B3F8AD2-4252-44CA-8DD6-A7702C46A25D}.Release|ARM64.Build.0 = Release|Any CPU
		{1B3F8AD2-4252-44CA-8DD6-A7702C46A25D}.Release|ARM64.Deploy.0 = Release|Any CPU
		{1B3F8AD2-4252-44CA-8DD6-A7702C46A25D}.Release|iPhone.ActiveCfg = Release|Any CPU
		{1B3F8AD2-4252-44CA-8DD6-A7702C46A25D}.Release|iPhone.Build.0 = Release|Any CPU
		{1B3F8AD2-4252-44CA-8DD6-A7702C46A25D}.Release|iPhoneSimulator.ActiveCfg = Release|Any CPU
		{1B3F8AD2-4252-44CA-8DD6-A7702C46A25D}.Release|iPhoneSimulator.Build.0 = Release|Any CPU
		{1B3F8AD2-4252-44CA-8DD6-A7702C46A25D}.Release|x64.ActiveCfg = Release|Any CPU
		{1B3F8AD2-4252-44CA-8DD6-A7702C46A25D}.Release|x64.Build.0 = Release|Any CPU
		{1B3F8AD2-4252-44CA-8DD6-A7702C46A25D}.Release|x64.Deploy.0 = Release|Any CPU
		{1B3F8AD2-4252-44CA-8DD6-A7702C46A25D}.Release|x86.ActiveCfg = Release|Any CPU
		{1B3F8AD2-4252-44CA-8DD6-A7702C46A25D}.Release|x86.Build.0 = Release|Any CPU
		{1B3F8AD2-4252-44CA-8DD6-A7702C46A25D}.Release|x86.Deploy.0 = Release|Any CPU
		{6F6832FA-2E11-4324-B336-5673DFE15862}.Debug|Any CPU.ActiveCfg = Debug|Any CPU
		{6F6832FA-2E11-4324-B336-5673DFE15862}.Debug|Any CPU.Build.0 = Debug|Any CPU
		{6F6832FA-2E11-4324-B336-5673DFE15862}.Debug|ARM.ActiveCfg = Debug|Any CPU
		{6F6832FA-2E11-4324-B336-5673DFE15862}.Debug|ARM.Build.0 = Debug|Any CPU
		{6F6832FA-2E11-4324-B336-5673DFE15862}.Debug|ARM64.ActiveCfg = Debug|Any CPU
		{6F6832FA-2E11-4324-B336-5673DFE15862}.Debug|ARM64.Build.0 = Debug|Any CPU
		{6F6832FA-2E11-4324-B336-5673DFE15862}.Debug|iPhone.ActiveCfg = Debug|Any CPU
		{6F6832FA-2E11-4324-B336-5673DFE15862}.Debug|iPhone.Build.0 = Debug|Any CPU
		{6F6832FA-2E11-4324-B336-5673DFE15862}.Debug|iPhoneSimulator.ActiveCfg = Debug|Any CPU
		{6F6832FA-2E11-4324-B336-5673DFE15862}.Debug|iPhoneSimulator.Build.0 = Debug|Any CPU
		{6F6832FA-2E11-4324-B336-5673DFE15862}.Debug|x64.ActiveCfg = Debug|Any CPU
		{6F6832FA-2E11-4324-B336-5673DFE15862}.Debug|x64.Build.0 = Debug|Any CPU
		{6F6832FA-2E11-4324-B336-5673DFE15862}.Debug|x86.ActiveCfg = Debug|Any CPU
		{6F6832FA-2E11-4324-B336-5673DFE15862}.Debug|x86.Build.0 = Debug|Any CPU
		{6F6832FA-2E11-4324-B336-5673DFE15862}.Release|Any CPU.ActiveCfg = Debug|Any CPU
		{6F6832FA-2E11-4324-B336-5673DFE15862}.Release|Any CPU.Build.0 = Debug|Any CPU
		{6F6832FA-2E11-4324-B336-5673DFE15862}.Release|ARM.ActiveCfg = Release|Any CPU
		{6F6832FA-2E11-4324-B336-5673DFE15862}.Release|ARM.Build.0 = Release|Any CPU
		{6F6832FA-2E11-4324-B336-5673DFE15862}.Release|ARM64.ActiveCfg = Release|Any CPU
		{6F6832FA-2E11-4324-B336-5673DFE15862}.Release|ARM64.Build.0 = Release|Any CPU
		{6F6832FA-2E11-4324-B336-5673DFE15862}.Release|iPhone.ActiveCfg = Release|Any CPU
		{6F6832FA-2E11-4324-B336-5673DFE15862}.Release|iPhone.Build.0 = Release|Any CPU
		{6F6832FA-2E11-4324-B336-5673DFE15862}.Release|iPhoneSimulator.ActiveCfg = Release|Any CPU
		{6F6832FA-2E11-4324-B336-5673DFE15862}.Release|iPhoneSimulator.Build.0 = Release|Any CPU
		{6F6832FA-2E11-4324-B336-5673DFE15862}.Release|x64.ActiveCfg = Release|Any CPU
		{6F6832FA-2E11-4324-B336-5673DFE15862}.Release|x64.Build.0 = Release|Any CPU
		{6F6832FA-2E11-4324-B336-5673DFE15862}.Release|x86.ActiveCfg = Release|Any CPU
		{6F6832FA-2E11-4324-B336-5673DFE15862}.Release|x86.Build.0 = Release|Any CPU
		{BCAF5569-30DB-4D44-BF46-DFFE93DDCBD0}.Debug|Any CPU.ActiveCfg = Debug|Any CPU
		{BCAF5569-30DB-4D44-BF46-DFFE93DDCBD0}.Debug|Any CPU.Build.0 = Debug|Any CPU
		{BCAF5569-30DB-4D44-BF46-DFFE93DDCBD0}.Debug|ARM.ActiveCfg = Debug|Any CPU
		{BCAF5569-30DB-4D44-BF46-DFFE93DDCBD0}.Debug|ARM.Build.0 = Debug|Any CPU
		{BCAF5569-30DB-4D44-BF46-DFFE93DDCBD0}.Debug|ARM64.ActiveCfg = Debug|Any CPU
		{BCAF5569-30DB-4D44-BF46-DFFE93DDCBD0}.Debug|ARM64.Build.0 = Debug|Any CPU
		{BCAF5569-30DB-4D44-BF46-DFFE93DDCBD0}.Debug|iPhone.ActiveCfg = Debug|Any CPU
		{BCAF5569-30DB-4D44-BF46-DFFE93DDCBD0}.Debug|iPhone.Build.0 = Debug|Any CPU
		{BCAF5569-30DB-4D44-BF46-DFFE93DDCBD0}.Debug|iPhoneSimulator.ActiveCfg = Debug|Any CPU
		{BCAF5569-30DB-4D44-BF46-DFFE93DDCBD0}.Debug|iPhoneSimulator.Build.0 = Debug|Any CPU
		{BCAF5569-30DB-4D44-BF46-DFFE93DDCBD0}.Debug|x64.ActiveCfg = Debug|Any CPU
		{BCAF5569-30DB-4D44-BF46-DFFE93DDCBD0}.Debug|x64.Build.0 = Debug|Any CPU
		{BCAF5569-30DB-4D44-BF46-DFFE93DDCBD0}.Debug|x86.ActiveCfg = Debug|Any CPU
		{BCAF5569-30DB-4D44-BF46-DFFE93DDCBD0}.Debug|x86.Build.0 = Debug|Any CPU
		{BCAF5569-30DB-4D44-BF46-DFFE93DDCBD0}.Release|Any CPU.ActiveCfg = Debug|Any CPU
		{BCAF5569-30DB-4D44-BF46-DFFE93DDCBD0}.Release|Any CPU.Build.0 = Debug|Any CPU
		{BCAF5569-30DB-4D44-BF46-DFFE93DDCBD0}.Release|ARM.ActiveCfg = Release|Any CPU
		{BCAF5569-30DB-4D44-BF46-DFFE93DDCBD0}.Release|ARM.Build.0 = Release|Any CPU
		{BCAF5569-30DB-4D44-BF46-DFFE93DDCBD0}.Release|ARM64.ActiveCfg = Release|Any CPU
		{BCAF5569-30DB-4D44-BF46-DFFE93DDCBD0}.Release|ARM64.Build.0 = Release|Any CPU
		{BCAF5569-30DB-4D44-BF46-DFFE93DDCBD0}.Release|iPhone.ActiveCfg = Release|Any CPU
		{BCAF5569-30DB-4D44-BF46-DFFE93DDCBD0}.Release|iPhone.Build.0 = Release|Any CPU
		{BCAF5569-30DB-4D44-BF46-DFFE93DDCBD0}.Release|iPhoneSimulator.ActiveCfg = Release|Any CPU
		{BCAF5569-30DB-4D44-BF46-DFFE93DDCBD0}.Release|iPhoneSimulator.Build.0 = Release|Any CPU
		{BCAF5569-30DB-4D44-BF46-DFFE93DDCBD0}.Release|x64.ActiveCfg = Release|Any CPU
		{BCAF5569-30DB-4D44-BF46-DFFE93DDCBD0}.Release|x64.Build.0 = Release|Any CPU
		{BCAF5569-30DB-4D44-BF46-DFFE93DDCBD0}.Release|x86.ActiveCfg = Release|Any CPU
		{BCAF5569-30DB-4D44-BF46-DFFE93DDCBD0}.Release|x86.Build.0 = Release|Any CPU
		{1E8FBBC2-9E06-4960-A116-65CDEFEFE11D}.Debug|Any CPU.ActiveCfg = Debug|Any CPU
		{1E8FBBC2-9E06-4960-A116-65CDEFEFE11D}.Debug|Any CPU.Build.0 = Debug|Any CPU
		{1E8FBBC2-9E06-4960-A116-65CDEFEFE11D}.Debug|ARM.ActiveCfg = Debug|Any CPU
		{1E8FBBC2-9E06-4960-A116-65CDEFEFE11D}.Debug|ARM.Build.0 = Debug|Any CPU
		{1E8FBBC2-9E06-4960-A116-65CDEFEFE11D}.Debug|ARM64.ActiveCfg = Debug|Any CPU
		{1E8FBBC2-9E06-4960-A116-65CDEFEFE11D}.Debug|ARM64.Build.0 = Debug|Any CPU
		{1E8FBBC2-9E06-4960-A116-65CDEFEFE11D}.Debug|iPhone.ActiveCfg = Debug|Any CPU
		{1E8FBBC2-9E06-4960-A116-65CDEFEFE11D}.Debug|iPhone.Build.0 = Debug|Any CPU
		{1E8FBBC2-9E06-4960-A116-65CDEFEFE11D}.Debug|iPhoneSimulator.ActiveCfg = Debug|Any CPU
		{1E8FBBC2-9E06-4960-A116-65CDEFEFE11D}.Debug|x64.ActiveCfg = Debug|Any CPU
		{1E8FBBC2-9E06-4960-A116-65CDEFEFE11D}.Debug|x64.Build.0 = Debug|Any CPU
		{1E8FBBC2-9E06-4960-A116-65CDEFEFE11D}.Debug|x86.ActiveCfg = Debug|Any CPU
		{1E8FBBC2-9E06-4960-A116-65CDEFEFE11D}.Debug|x86.Build.0 = Debug|Any CPU
		{1E8FBBC2-9E06-4960-A116-65CDEFEFE11D}.Release|Any CPU.ActiveCfg = Debug|Any CPU
		{1E8FBBC2-9E06-4960-A116-65CDEFEFE11D}.Release|Any CPU.Build.0 = Debug|Any CPU
		{1E8FBBC2-9E06-4960-A116-65CDEFEFE11D}.Release|ARM.ActiveCfg = Release|Any CPU
		{1E8FBBC2-9E06-4960-A116-65CDEFEFE11D}.Release|ARM.Build.0 = Release|Any CPU
		{1E8FBBC2-9E06-4960-A116-65CDEFEFE11D}.Release|ARM64.ActiveCfg = Release|Any CPU
		{1E8FBBC2-9E06-4960-A116-65CDEFEFE11D}.Release|ARM64.Build.0 = Release|Any CPU
		{1E8FBBC2-9E06-4960-A116-65CDEFEFE11D}.Release|iPhone.ActiveCfg = Release|Any CPU
		{1E8FBBC2-9E06-4960-A116-65CDEFEFE11D}.Release|iPhone.Build.0 = Release|Any CPU
		{1E8FBBC2-9E06-4960-A116-65CDEFEFE11D}.Release|iPhoneSimulator.ActiveCfg = Release|Any CPU
		{1E8FBBC2-9E06-4960-A116-65CDEFEFE11D}.Release|iPhoneSimulator.Build.0 = Release|Any CPU
		{1E8FBBC2-9E06-4960-A116-65CDEFEFE11D}.Release|x64.ActiveCfg = Release|Any CPU
		{1E8FBBC2-9E06-4960-A116-65CDEFEFE11D}.Release|x64.Build.0 = Release|Any CPU
		{1E8FBBC2-9E06-4960-A116-65CDEFEFE11D}.Release|x86.ActiveCfg = Release|Any CPU
		{1E8FBBC2-9E06-4960-A116-65CDEFEFE11D}.Release|x86.Build.0 = Release|Any CPU
		{EDC997D0-2358-416F-A628-5DFD85728060}.Debug|Any CPU.ActiveCfg = Debug|Any CPU
		{EDC997D0-2358-416F-A628-5DFD85728060}.Debug|Any CPU.Build.0 = Debug|Any CPU
		{EDC997D0-2358-416F-A628-5DFD85728060}.Debug|ARM.ActiveCfg = Debug|Any CPU
		{EDC997D0-2358-416F-A628-5DFD85728060}.Debug|ARM.Build.0 = Debug|Any CPU
		{EDC997D0-2358-416F-A628-5DFD85728060}.Debug|ARM64.ActiveCfg = Debug|Any CPU
		{EDC997D0-2358-416F-A628-5DFD85728060}.Debug|ARM64.Build.0 = Debug|Any CPU
		{EDC997D0-2358-416F-A628-5DFD85728060}.Debug|iPhone.ActiveCfg = Debug|Any CPU
		{EDC997D0-2358-416F-A628-5DFD85728060}.Debug|iPhone.Build.0 = Debug|Any CPU
		{EDC997D0-2358-416F-A628-5DFD85728060}.Debug|iPhoneSimulator.ActiveCfg = Debug|Any CPU
		{EDC997D0-2358-416F-A628-5DFD85728060}.Debug|x64.ActiveCfg = Debug|Any CPU
		{EDC997D0-2358-416F-A628-5DFD85728060}.Debug|x64.Build.0 = Debug|Any CPU
		{EDC997D0-2358-416F-A628-5DFD85728060}.Debug|x86.ActiveCfg = Debug|Any CPU
		{EDC997D0-2358-416F-A628-5DFD85728060}.Debug|x86.Build.0 = Debug|Any CPU
		{EDC997D0-2358-416F-A628-5DFD85728060}.Release|Any CPU.ActiveCfg = Debug|Any CPU
		{EDC997D0-2358-416F-A628-5DFD85728060}.Release|Any CPU.Build.0 = Debug|Any CPU
		{EDC997D0-2358-416F-A628-5DFD85728060}.Release|ARM.ActiveCfg = Release|Any CPU
		{EDC997D0-2358-416F-A628-5DFD85728060}.Release|ARM.Build.0 = Release|Any CPU
		{EDC997D0-2358-416F-A628-5DFD85728060}.Release|ARM64.ActiveCfg = Release|Any CPU
		{EDC997D0-2358-416F-A628-5DFD85728060}.Release|ARM64.Build.0 = Release|Any CPU
		{EDC997D0-2358-416F-A628-5DFD85728060}.Release|iPhone.ActiveCfg = Release|Any CPU
		{EDC997D0-2358-416F-A628-5DFD85728060}.Release|iPhone.Build.0 = Release|Any CPU
		{EDC997D0-2358-416F-A628-5DFD85728060}.Release|iPhoneSimulator.ActiveCfg = Release|Any CPU
		{EDC997D0-2358-416F-A628-5DFD85728060}.Release|iPhoneSimulator.Build.0 = Release|Any CPU
		{EDC997D0-2358-416F-A628-5DFD85728060}.Release|x64.ActiveCfg = Release|Any CPU
		{EDC997D0-2358-416F-A628-5DFD85728060}.Release|x64.Build.0 = Release|Any CPU
		{EDC997D0-2358-416F-A628-5DFD85728060}.Release|x86.ActiveCfg = Release|Any CPU
		{EDC997D0-2358-416F-A628-5DFD85728060}.Release|x86.Build.0 = Release|Any CPU
		{BF15264B-D7C7-4F09-B13B-487D60D649BD}.Debug|Any CPU.ActiveCfg = Debug|Any CPU
		{BF15264B-D7C7-4F09-B13B-487D60D649BD}.Debug|Any CPU.Build.0 = Debug|Any CPU
		{BF15264B-D7C7-4F09-B13B-487D60D649BD}.Debug|ARM.ActiveCfg = Debug|Any CPU
		{BF15264B-D7C7-4F09-B13B-487D60D649BD}.Debug|ARM.Build.0 = Debug|Any CPU
		{BF15264B-D7C7-4F09-B13B-487D60D649BD}.Debug|ARM64.ActiveCfg = Debug|Any CPU
		{BF15264B-D7C7-4F09-B13B-487D60D649BD}.Debug|ARM64.Build.0 = Debug|Any CPU
		{BF15264B-D7C7-4F09-B13B-487D60D649BD}.Debug|iPhone.ActiveCfg = Debug|Any CPU
		{BF15264B-D7C7-4F09-B13B-487D60D649BD}.Debug|iPhone.Build.0 = Debug|Any CPU
		{BF15264B-D7C7-4F09-B13B-487D60D649BD}.Debug|iPhoneSimulator.ActiveCfg = Debug|Any CPU
		{BF15264B-D7C7-4F09-B13B-487D60D649BD}.Debug|iPhoneSimulator.Build.0 = Debug|Any CPU
		{BF15264B-D7C7-4F09-B13B-487D60D649BD}.Debug|x64.ActiveCfg = Debug|Any CPU
		{BF15264B-D7C7-4F09-B13B-487D60D649BD}.Debug|x64.Build.0 = Debug|Any CPU
		{BF15264B-D7C7-4F09-B13B-487D60D649BD}.Debug|x86.ActiveCfg = Debug|Any CPU
		{BF15264B-D7C7-4F09-B13B-487D60D649BD}.Debug|x86.Build.0 = Debug|Any CPU
		{BF15264B-D7C7-4F09-B13B-487D60D649BD}.Release|Any CPU.ActiveCfg = Release|Any CPU
		{BF15264B-D7C7-4F09-B13B-487D60D649BD}.Release|Any CPU.Build.0 = Release|Any CPU
		{BF15264B-D7C7-4F09-B13B-487D60D649BD}.Release|ARM.ActiveCfg = Release|Any CPU
		{BF15264B-D7C7-4F09-B13B-487D60D649BD}.Release|ARM.Build.0 = Release|Any CPU
		{BF15264B-D7C7-4F09-B13B-487D60D649BD}.Release|ARM64.ActiveCfg = Release|Any CPU
		{BF15264B-D7C7-4F09-B13B-487D60D649BD}.Release|ARM64.Build.0 = Release|Any CPU
		{BF15264B-D7C7-4F09-B13B-487D60D649BD}.Release|iPhone.ActiveCfg = Release|Any CPU
		{BF15264B-D7C7-4F09-B13B-487D60D649BD}.Release|iPhone.Build.0 = Release|Any CPU
		{BF15264B-D7C7-4F09-B13B-487D60D649BD}.Release|iPhoneSimulator.ActiveCfg = Release|Any CPU
		{BF15264B-D7C7-4F09-B13B-487D60D649BD}.Release|iPhoneSimulator.Build.0 = Release|Any CPU
		{BF15264B-D7C7-4F09-B13B-487D60D649BD}.Release|x64.ActiveCfg = Release|Any CPU
		{BF15264B-D7C7-4F09-B13B-487D60D649BD}.Release|x64.Build.0 = Release|Any CPU
		{BF15264B-D7C7-4F09-B13B-487D60D649BD}.Release|x86.ActiveCfg = Release|Any CPU
		{BF15264B-D7C7-4F09-B13B-487D60D649BD}.Release|x86.Build.0 = Release|Any CPU
		{00B248D0-382A-4504-A126-76B9C892583E}.Debug|Any CPU.ActiveCfg = Debug|Any CPU
		{00B248D0-382A-4504-A126-76B9C892583E}.Debug|Any CPU.Build.0 = Debug|Any CPU
		{00B248D0-382A-4504-A126-76B9C892583E}.Debug|ARM.ActiveCfg = Debug|Any CPU
		{00B248D0-382A-4504-A126-76B9C892583E}.Debug|ARM.Build.0 = Debug|Any CPU
		{00B248D0-382A-4504-A126-76B9C892583E}.Debug|ARM64.ActiveCfg = Debug|Any CPU
		{00B248D0-382A-4504-A126-76B9C892583E}.Debug|ARM64.Build.0 = Debug|Any CPU
		{00B248D0-382A-4504-A126-76B9C892583E}.Debug|iPhone.ActiveCfg = Debug|Any CPU
		{00B248D0-382A-4504-A126-76B9C892583E}.Debug|iPhone.Build.0 = Debug|Any CPU
		{00B248D0-382A-4504-A126-76B9C892583E}.Debug|iPhoneSimulator.ActiveCfg = Debug|Any CPU
		{00B248D0-382A-4504-A126-76B9C892583E}.Debug|iPhoneSimulator.Build.0 = Debug|Any CPU
		{00B248D0-382A-4504-A126-76B9C892583E}.Debug|x64.ActiveCfg = Debug|Any CPU
		{00B248D0-382A-4504-A126-76B9C892583E}.Debug|x64.Build.0 = Debug|Any CPU
		{00B248D0-382A-4504-A126-76B9C892583E}.Debug|x86.ActiveCfg = Debug|Any CPU
		{00B248D0-382A-4504-A126-76B9C892583E}.Debug|x86.Build.0 = Debug|Any CPU
		{00B248D0-382A-4504-A126-76B9C892583E}.Release|Any CPU.ActiveCfg = Release|Any CPU
		{00B248D0-382A-4504-A126-76B9C892583E}.Release|Any CPU.Build.0 = Release|Any CPU
		{00B248D0-382A-4504-A126-76B9C892583E}.Release|ARM.ActiveCfg = Release|Any CPU
		{00B248D0-382A-4504-A126-76B9C892583E}.Release|ARM.Build.0 = Release|Any CPU
		{00B248D0-382A-4504-A126-76B9C892583E}.Release|ARM64.ActiveCfg = Release|Any CPU
		{00B248D0-382A-4504-A126-76B9C892583E}.Release|ARM64.Build.0 = Release|Any CPU
		{00B248D0-382A-4504-A126-76B9C892583E}.Release|iPhone.ActiveCfg = Release|Any CPU
		{00B248D0-382A-4504-A126-76B9C892583E}.Release|iPhone.Build.0 = Release|Any CPU
		{00B248D0-382A-4504-A126-76B9C892583E}.Release|iPhoneSimulator.ActiveCfg = Release|Any CPU
		{00B248D0-382A-4504-A126-76B9C892583E}.Release|iPhoneSimulator.Build.0 = Release|Any CPU
		{00B248D0-382A-4504-A126-76B9C892583E}.Release|x64.ActiveCfg = Release|Any CPU
		{00B248D0-382A-4504-A126-76B9C892583E}.Release|x64.Build.0 = Release|Any CPU
		{00B248D0-382A-4504-A126-76B9C892583E}.Release|x86.ActiveCfg = Release|Any CPU
		{00B248D0-382A-4504-A126-76B9C892583E}.Release|x86.Build.0 = Release|Any CPU
		{F5FFBB2C-23BE-4029-BFD1-1028F1461F86}.Debug|Any CPU.ActiveCfg = Debug|Any CPU
		{F5FFBB2C-23BE-4029-BFD1-1028F1461F86}.Debug|Any CPU.Build.0 = Debug|Any CPU
		{F5FFBB2C-23BE-4029-BFD1-1028F1461F86}.Debug|ARM.ActiveCfg = Debug|Any CPU
		{F5FFBB2C-23BE-4029-BFD1-1028F1461F86}.Debug|ARM.Build.0 = Debug|Any CPU
		{F5FFBB2C-23BE-4029-BFD1-1028F1461F86}.Debug|ARM64.ActiveCfg = Debug|Any CPU
		{F5FFBB2C-23BE-4029-BFD1-1028F1461F86}.Debug|ARM64.Build.0 = Debug|Any CPU
		{F5FFBB2C-23BE-4029-BFD1-1028F1461F86}.Debug|iPhone.ActiveCfg = Debug|Any CPU
		{F5FFBB2C-23BE-4029-BFD1-1028F1461F86}.Debug|iPhone.Build.0 = Debug|Any CPU
		{F5FFBB2C-23BE-4029-BFD1-1028F1461F86}.Debug|iPhoneSimulator.ActiveCfg = Debug|Any CPU
		{F5FFBB2C-23BE-4029-BFD1-1028F1461F86}.Debug|iPhoneSimulator.Build.0 = Debug|Any CPU
		{F5FFBB2C-23BE-4029-BFD1-1028F1461F86}.Debug|x64.ActiveCfg = Debug|Any CPU
		{F5FFBB2C-23BE-4029-BFD1-1028F1461F86}.Debug|x64.Build.0 = Debug|Any CPU
		{F5FFBB2C-23BE-4029-BFD1-1028F1461F86}.Debug|x86.ActiveCfg = Debug|Any CPU
		{F5FFBB2C-23BE-4029-BFD1-1028F1461F86}.Debug|x86.Build.0 = Debug|Any CPU
		{F5FFBB2C-23BE-4029-BFD1-1028F1461F86}.Release|Any CPU.ActiveCfg = Release|Any CPU
		{F5FFBB2C-23BE-4029-BFD1-1028F1461F86}.Release|Any CPU.Build.0 = Release|Any CPU
		{F5FFBB2C-23BE-4029-BFD1-1028F1461F86}.Release|ARM.ActiveCfg = Release|Any CPU
		{F5FFBB2C-23BE-4029-BFD1-1028F1461F86}.Release|ARM.Build.0 = Release|Any CPU
		{F5FFBB2C-23BE-4029-BFD1-1028F1461F86}.Release|ARM64.ActiveCfg = Release|Any CPU
		{F5FFBB2C-23BE-4029-BFD1-1028F1461F86}.Release|ARM64.Build.0 = Release|Any CPU
		{F5FFBB2C-23BE-4029-BFD1-1028F1461F86}.Release|iPhone.ActiveCfg = Release|Any CPU
		{F5FFBB2C-23BE-4029-BFD1-1028F1461F86}.Release|iPhone.Build.0 = Release|Any CPU
		{F5FFBB2C-23BE-4029-BFD1-1028F1461F86}.Release|iPhoneSimulator.ActiveCfg = Release|Any CPU
		{F5FFBB2C-23BE-4029-BFD1-1028F1461F86}.Release|iPhoneSimulator.Build.0 = Release|Any CPU
		{F5FFBB2C-23BE-4029-BFD1-1028F1461F86}.Release|x64.ActiveCfg = Release|Any CPU
		{F5FFBB2C-23BE-4029-BFD1-1028F1461F86}.Release|x64.Build.0 = Release|Any CPU
		{F5FFBB2C-23BE-4029-BFD1-1028F1461F86}.Release|x86.ActiveCfg = Release|Any CPU
		{F5FFBB2C-23BE-4029-BFD1-1028F1461F86}.Release|x86.Build.0 = Release|Any CPU
		{12BE5947-A64A-4968-96A6-5CA3CE36C244}.Debug|Any CPU.ActiveCfg = Debug|iPhoneSimulator
		{12BE5947-A64A-4968-96A6-5CA3CE36C244}.Debug|Any CPU.Build.0 = Debug|iPhoneSimulator
		{12BE5947-A64A-4968-96A6-5CA3CE36C244}.Debug|ARM.ActiveCfg = Debug|iPhone
		{12BE5947-A64A-4968-96A6-5CA3CE36C244}.Debug|ARM64.ActiveCfg = Debug|iPhone
		{12BE5947-A64A-4968-96A6-5CA3CE36C244}.Debug|iPhone.ActiveCfg = Debug|iPhone
		{12BE5947-A64A-4968-96A6-5CA3CE36C244}.Debug|iPhone.Build.0 = Debug|iPhone
		{12BE5947-A64A-4968-96A6-5CA3CE36C244}.Debug|iPhoneSimulator.ActiveCfg = Debug|iPhoneSimulator
		{12BE5947-A64A-4968-96A6-5CA3CE36C244}.Debug|iPhoneSimulator.Build.0 = Debug|iPhoneSimulator
		{12BE5947-A64A-4968-96A6-5CA3CE36C244}.Debug|x64.ActiveCfg = Debug|iPhone
		{12BE5947-A64A-4968-96A6-5CA3CE36C244}.Debug|x86.ActiveCfg = Debug|iPhone
		{12BE5947-A64A-4968-96A6-5CA3CE36C244}.Release|Any CPU.ActiveCfg = Debug|iPhoneSimulator
		{12BE5947-A64A-4968-96A6-5CA3CE36C244}.Release|Any CPU.Build.0 = Debug|iPhoneSimulator
		{12BE5947-A64A-4968-96A6-5CA3CE36C244}.Release|ARM.ActiveCfg = Release|iPhoneSimulator
		{12BE5947-A64A-4968-96A6-5CA3CE36C244}.Release|ARM64.ActiveCfg = Release|iPhoneSimulator
		{12BE5947-A64A-4968-96A6-5CA3CE36C244}.Release|iPhone.ActiveCfg = Release|iPhone
		{12BE5947-A64A-4968-96A6-5CA3CE36C244}.Release|iPhone.Build.0 = Release|iPhone
		{12BE5947-A64A-4968-96A6-5CA3CE36C244}.Release|iPhoneSimulator.ActiveCfg = Release|iPhoneSimulator
		{12BE5947-A64A-4968-96A6-5CA3CE36C244}.Release|iPhoneSimulator.Build.0 = Release|iPhoneSimulator
		{12BE5947-A64A-4968-96A6-5CA3CE36C244}.Release|x64.ActiveCfg = Release|iPhoneSimulator
		{12BE5947-A64A-4968-96A6-5CA3CE36C244}.Release|x86.ActiveCfg = Release|iPhoneSimulator
		{9ACC68A5-5A5C-409D-A379-D62220A9F49F}.Debug|Any CPU.ActiveCfg = Debug|Any CPU
		{9ACC68A5-5A5C-409D-A379-D62220A9F49F}.Debug|Any CPU.Build.0 = Debug|Any CPU
		{9ACC68A5-5A5C-409D-A379-D62220A9F49F}.Debug|ARM.ActiveCfg = Debug|Any CPU
		{9ACC68A5-5A5C-409D-A379-D62220A9F49F}.Debug|ARM.Build.0 = Debug|Any CPU
		{9ACC68A5-5A5C-409D-A379-D62220A9F49F}.Debug|ARM64.ActiveCfg = Debug|Any CPU
		{9ACC68A5-5A5C-409D-A379-D62220A9F49F}.Debug|ARM64.Build.0 = Debug|Any CPU
		{9ACC68A5-5A5C-409D-A379-D62220A9F49F}.Debug|iPhone.ActiveCfg = Debug|Any CPU
		{9ACC68A5-5A5C-409D-A379-D62220A9F49F}.Debug|iPhone.Build.0 = Debug|Any CPU
		{9ACC68A5-5A5C-409D-A379-D62220A9F49F}.Debug|iPhoneSimulator.ActiveCfg = Debug|Any CPU
		{9ACC68A5-5A5C-409D-A379-D62220A9F49F}.Debug|iPhoneSimulator.Build.0 = Debug|Any CPU
		{9ACC68A5-5A5C-409D-A379-D62220A9F49F}.Debug|x64.ActiveCfg = Debug|Any CPU
		{9ACC68A5-5A5C-409D-A379-D62220A9F49F}.Debug|x64.Build.0 = Debug|Any CPU
		{9ACC68A5-5A5C-409D-A379-D62220A9F49F}.Debug|x86.ActiveCfg = Debug|Any CPU
		{9ACC68A5-5A5C-409D-A379-D62220A9F49F}.Debug|x86.Build.0 = Debug|Any CPU
		{9ACC68A5-5A5C-409D-A379-D62220A9F49F}.Release|Any CPU.ActiveCfg = Release|Any CPU
		{9ACC68A5-5A5C-409D-A379-D62220A9F49F}.Release|Any CPU.Build.0 = Release|Any CPU
		{9ACC68A5-5A5C-409D-A379-D62220A9F49F}.Release|ARM.ActiveCfg = Release|Any CPU
		{9ACC68A5-5A5C-409D-A379-D62220A9F49F}.Release|ARM.Build.0 = Release|Any CPU
		{9ACC68A5-5A5C-409D-A379-D62220A9F49F}.Release|ARM64.ActiveCfg = Release|Any CPU
		{9ACC68A5-5A5C-409D-A379-D62220A9F49F}.Release|ARM64.Build.0 = Release|Any CPU
		{9ACC68A5-5A5C-409D-A379-D62220A9F49F}.Release|iPhone.ActiveCfg = Release|Any CPU
		{9ACC68A5-5A5C-409D-A379-D62220A9F49F}.Release|iPhone.Build.0 = Release|Any CPU
		{9ACC68A5-5A5C-409D-A379-D62220A9F49F}.Release|iPhoneSimulator.ActiveCfg = Release|Any CPU
		{9ACC68A5-5A5C-409D-A379-D62220A9F49F}.Release|iPhoneSimulator.Build.0 = Release|Any CPU
		{9ACC68A5-5A5C-409D-A379-D62220A9F49F}.Release|x64.ActiveCfg = Release|Any CPU
		{9ACC68A5-5A5C-409D-A379-D62220A9F49F}.Release|x64.Build.0 = Release|Any CPU
		{9ACC68A5-5A5C-409D-A379-D62220A9F49F}.Release|x86.ActiveCfg = Release|Any CPU
		{9ACC68A5-5A5C-409D-A379-D62220A9F49F}.Release|x86.Build.0 = Release|Any CPU
		{35664234-EB75-47BA-A082-9F96BDF6FC92}.Debug|Any CPU.ActiveCfg = Debug|x86
		{35664234-EB75-47BA-A082-9F96BDF6FC92}.Debug|Any CPU.Build.0 = Debug|x86
		{35664234-EB75-47BA-A082-9F96BDF6FC92}.Debug|Any CPU.Deploy.0 = Debug|x86
		{35664234-EB75-47BA-A082-9F96BDF6FC92}.Debug|ARM.ActiveCfg = Debug|ARM
		{35664234-EB75-47BA-A082-9F96BDF6FC92}.Debug|ARM.Build.0 = Debug|ARM
		{35664234-EB75-47BA-A082-9F96BDF6FC92}.Debug|ARM.Deploy.0 = Debug|ARM
		{35664234-EB75-47BA-A082-9F96BDF6FC92}.Debug|ARM64.ActiveCfg = Debug|ARM64
		{35664234-EB75-47BA-A082-9F96BDF6FC92}.Debug|ARM64.Build.0 = Debug|ARM64
		{35664234-EB75-47BA-A082-9F96BDF6FC92}.Debug|ARM64.Deploy.0 = Debug|ARM64
		{35664234-EB75-47BA-A082-9F96BDF6FC92}.Debug|iPhone.ActiveCfg = Debug|x86
		{35664234-EB75-47BA-A082-9F96BDF6FC92}.Debug|iPhone.Build.0 = Debug|x86
		{35664234-EB75-47BA-A082-9F96BDF6FC92}.Debug|iPhoneSimulator.ActiveCfg = Debug|x86
		{35664234-EB75-47BA-A082-9F96BDF6FC92}.Debug|x64.ActiveCfg = Debug|x64
		{35664234-EB75-47BA-A082-9F96BDF6FC92}.Debug|x64.Build.0 = Debug|x64
		{35664234-EB75-47BA-A082-9F96BDF6FC92}.Debug|x64.Deploy.0 = Debug|x64
		{35664234-EB75-47BA-A082-9F96BDF6FC92}.Debug|x86.ActiveCfg = Debug|x86
		{35664234-EB75-47BA-A082-9F96BDF6FC92}.Debug|x86.Build.0 = Debug|x86
		{35664234-EB75-47BA-A082-9F96BDF6FC92}.Debug|x86.Deploy.0 = Debug|x86
		{35664234-EB75-47BA-A082-9F96BDF6FC92}.Release|Any CPU.ActiveCfg = Debug|x86
		{35664234-EB75-47BA-A082-9F96BDF6FC92}.Release|Any CPU.Build.0 = Debug|x86
		{35664234-EB75-47BA-A082-9F96BDF6FC92}.Release|Any CPU.Deploy.0 = Debug|x86
		{35664234-EB75-47BA-A082-9F96BDF6FC92}.Release|ARM.ActiveCfg = Release|ARM
		{35664234-EB75-47BA-A082-9F96BDF6FC92}.Release|ARM.Build.0 = Release|ARM
		{35664234-EB75-47BA-A082-9F96BDF6FC92}.Release|ARM.Deploy.0 = Release|ARM
		{35664234-EB75-47BA-A082-9F96BDF6FC92}.Release|ARM64.ActiveCfg = Release|ARM64
		{35664234-EB75-47BA-A082-9F96BDF6FC92}.Release|ARM64.Build.0 = Release|ARM64
		{35664234-EB75-47BA-A082-9F96BDF6FC92}.Release|ARM64.Deploy.0 = Release|ARM64
		{35664234-EB75-47BA-A082-9F96BDF6FC92}.Release|iPhone.ActiveCfg = Release|x86
		{35664234-EB75-47BA-A082-9F96BDF6FC92}.Release|iPhone.Build.0 = Release|x86
		{35664234-EB75-47BA-A082-9F96BDF6FC92}.Release|iPhoneSimulator.ActiveCfg = Release|x86
		{35664234-EB75-47BA-A082-9F96BDF6FC92}.Release|iPhoneSimulator.Build.0 = Release|x86
		{35664234-EB75-47BA-A082-9F96BDF6FC92}.Release|x64.ActiveCfg = Release|x64
		{35664234-EB75-47BA-A082-9F96BDF6FC92}.Release|x64.Build.0 = Release|x64
		{35664234-EB75-47BA-A082-9F96BDF6FC92}.Release|x64.Deploy.0 = Release|x64
		{35664234-EB75-47BA-A082-9F96BDF6FC92}.Release|x86.ActiveCfg = Release|x86
		{35664234-EB75-47BA-A082-9F96BDF6FC92}.Release|x86.Build.0 = Release|x86
		{35664234-EB75-47BA-A082-9F96BDF6FC92}.Release|x86.Deploy.0 = Release|x86
		{0FC87DE5-B5E5-4846-894B-824497118143}.Debug|Any CPU.ActiveCfg = Debug|Any CPU
		{0FC87DE5-B5E5-4846-894B-824497118143}.Debug|Any CPU.Build.0 = Debug|Any CPU
		{0FC87DE5-B5E5-4846-894B-824497118143}.Debug|ARM.ActiveCfg = Debug|Any CPU
		{0FC87DE5-B5E5-4846-894B-824497118143}.Debug|ARM.Build.0 = Debug|Any CPU
		{0FC87DE5-B5E5-4846-894B-824497118143}.Debug|ARM64.ActiveCfg = Debug|Any CPU
		{0FC87DE5-B5E5-4846-894B-824497118143}.Debug|ARM64.Build.0 = Debug|Any CPU
		{0FC87DE5-B5E5-4846-894B-824497118143}.Debug|iPhone.ActiveCfg = Debug|Any CPU
		{0FC87DE5-B5E5-4846-894B-824497118143}.Debug|iPhone.Build.0 = Debug|Any CPU
		{0FC87DE5-B5E5-4846-894B-824497118143}.Debug|iPhoneSimulator.ActiveCfg = Debug|Any CPU
		{0FC87DE5-B5E5-4846-894B-824497118143}.Debug|x64.ActiveCfg = Debug|Any CPU
		{0FC87DE5-B5E5-4846-894B-824497118143}.Debug|x64.Build.0 = Debug|Any CPU
		{0FC87DE5-B5E5-4846-894B-824497118143}.Debug|x86.ActiveCfg = Debug|Any CPU
		{0FC87DE5-B5E5-4846-894B-824497118143}.Debug|x86.Build.0 = Debug|Any CPU
		{0FC87DE5-B5E5-4846-894B-824497118143}.Release|Any CPU.ActiveCfg = Debug|Any CPU
		{0FC87DE5-B5E5-4846-894B-824497118143}.Release|Any CPU.Build.0 = Debug|Any CPU
		{0FC87DE5-B5E5-4846-894B-824497118143}.Release|ARM.ActiveCfg = Release|Any CPU
		{0FC87DE5-B5E5-4846-894B-824497118143}.Release|ARM.Build.0 = Release|Any CPU
		{0FC87DE5-B5E5-4846-894B-824497118143}.Release|ARM64.ActiveCfg = Release|Any CPU
		{0FC87DE5-B5E5-4846-894B-824497118143}.Release|ARM64.Build.0 = Release|Any CPU
		{0FC87DE5-B5E5-4846-894B-824497118143}.Release|iPhone.ActiveCfg = Release|Any CPU
		{0FC87DE5-B5E5-4846-894B-824497118143}.Release|iPhone.Build.0 = Release|Any CPU
		{0FC87DE5-B5E5-4846-894B-824497118143}.Release|iPhoneSimulator.ActiveCfg = Release|Any CPU
		{0FC87DE5-B5E5-4846-894B-824497118143}.Release|iPhoneSimulator.Build.0 = Release|Any CPU
		{0FC87DE5-B5E5-4846-894B-824497118143}.Release|x64.ActiveCfg = Release|Any CPU
		{0FC87DE5-B5E5-4846-894B-824497118143}.Release|x64.Build.0 = Release|Any CPU
		{0FC87DE5-B5E5-4846-894B-824497118143}.Release|x86.ActiveCfg = Release|Any CPU
		{0FC87DE5-B5E5-4846-894B-824497118143}.Release|x86.Build.0 = Release|Any CPU
		{E7FA15FC-418F-4FFE-9DC1-CF68AFA860AA}.Debug|Any CPU.ActiveCfg = Debug|Any CPU
		{E7FA15FC-418F-4FFE-9DC1-CF68AFA860AA}.Debug|Any CPU.Build.0 = Debug|Any CPU
		{E7FA15FC-418F-4FFE-9DC1-CF68AFA860AA}.Debug|ARM.ActiveCfg = Debug|Any CPU
		{E7FA15FC-418F-4FFE-9DC1-CF68AFA860AA}.Debug|ARM.Build.0 = Debug|Any CPU
		{E7FA15FC-418F-4FFE-9DC1-CF68AFA860AA}.Debug|ARM64.ActiveCfg = Debug|Any CPU
		{E7FA15FC-418F-4FFE-9DC1-CF68AFA860AA}.Debug|ARM64.Build.0 = Debug|Any CPU
		{E7FA15FC-418F-4FFE-9DC1-CF68AFA860AA}.Debug|iPhone.ActiveCfg = Debug|Any CPU
		{E7FA15FC-418F-4FFE-9DC1-CF68AFA860AA}.Debug|iPhone.Build.0 = Debug|Any CPU
		{E7FA15FC-418F-4FFE-9DC1-CF68AFA860AA}.Debug|iPhoneSimulator.ActiveCfg = Debug|Any CPU
		{E7FA15FC-418F-4FFE-9DC1-CF68AFA860AA}.Debug|iPhoneSimulator.Build.0 = Debug|Any CPU
		{E7FA15FC-418F-4FFE-9DC1-CF68AFA860AA}.Debug|x64.ActiveCfg = Debug|Any CPU
		{E7FA15FC-418F-4FFE-9DC1-CF68AFA860AA}.Debug|x64.Build.0 = Debug|Any CPU
		{E7FA15FC-418F-4FFE-9DC1-CF68AFA860AA}.Debug|x86.ActiveCfg = Debug|Any CPU
		{E7FA15FC-418F-4FFE-9DC1-CF68AFA860AA}.Debug|x86.Build.0 = Debug|Any CPU
		{E7FA15FC-418F-4FFE-9DC1-CF68AFA860AA}.Release|Any CPU.ActiveCfg = Release|Any CPU
		{E7FA15FC-418F-4FFE-9DC1-CF68AFA860AA}.Release|Any CPU.Build.0 = Release|Any CPU
		{E7FA15FC-418F-4FFE-9DC1-CF68AFA860AA}.Release|ARM.ActiveCfg = Release|Any CPU
		{E7FA15FC-418F-4FFE-9DC1-CF68AFA860AA}.Release|ARM.Build.0 = Release|Any CPU
		{E7FA15FC-418F-4FFE-9DC1-CF68AFA860AA}.Release|ARM64.ActiveCfg = Release|Any CPU
		{E7FA15FC-418F-4FFE-9DC1-CF68AFA860AA}.Release|ARM64.Build.0 = Release|Any CPU
		{E7FA15FC-418F-4FFE-9DC1-CF68AFA860AA}.Release|iPhone.ActiveCfg = Release|Any CPU
		{E7FA15FC-418F-4FFE-9DC1-CF68AFA860AA}.Release|iPhone.Build.0 = Release|Any CPU
		{E7FA15FC-418F-4FFE-9DC1-CF68AFA860AA}.Release|iPhoneSimulator.ActiveCfg = Release|Any CPU
		{E7FA15FC-418F-4FFE-9DC1-CF68AFA860AA}.Release|iPhoneSimulator.Build.0 = Release|Any CPU
		{E7FA15FC-418F-4FFE-9DC1-CF68AFA860AA}.Release|x64.ActiveCfg = Release|Any CPU
		{E7FA15FC-418F-4FFE-9DC1-CF68AFA860AA}.Release|x64.Build.0 = Release|Any CPU
		{E7FA15FC-418F-4FFE-9DC1-CF68AFA860AA}.Release|x86.ActiveCfg = Release|Any CPU
		{E7FA15FC-418F-4FFE-9DC1-CF68AFA860AA}.Release|x86.Build.0 = Release|Any CPU
		{004EF9A7-6FF7-4ACA-9416-DCFB84A85B04}.Debug|Any CPU.ActiveCfg = Debug|Any CPU
		{004EF9A7-6FF7-4ACA-9416-DCFB84A85B04}.Debug|Any CPU.Build.0 = Debug|Any CPU
		{004EF9A7-6FF7-4ACA-9416-DCFB84A85B04}.Debug|ARM.ActiveCfg = Debug|ARM
		{004EF9A7-6FF7-4ACA-9416-DCFB84A85B04}.Debug|ARM.Build.0 = Debug|ARM
		{004EF9A7-6FF7-4ACA-9416-DCFB84A85B04}.Debug|ARM64.ActiveCfg = Debug|ARM64
		{004EF9A7-6FF7-4ACA-9416-DCFB84A85B04}.Debug|ARM64.Build.0 = Debug|ARM64
		{004EF9A7-6FF7-4ACA-9416-DCFB84A85B04}.Debug|iPhone.ActiveCfg = Debug|Any CPU
		{004EF9A7-6FF7-4ACA-9416-DCFB84A85B04}.Debug|iPhone.Build.0 = Debug|Any CPU
		{004EF9A7-6FF7-4ACA-9416-DCFB84A85B04}.Debug|iPhoneSimulator.ActiveCfg = Debug|Any CPU
		{004EF9A7-6FF7-4ACA-9416-DCFB84A85B04}.Debug|iPhoneSimulator.Build.0 = Debug|Any CPU
		{004EF9A7-6FF7-4ACA-9416-DCFB84A85B04}.Debug|x64.ActiveCfg = Debug|x64
		{004EF9A7-6FF7-4ACA-9416-DCFB84A85B04}.Debug|x64.Build.0 = Debug|x64
		{004EF9A7-6FF7-4ACA-9416-DCFB84A85B04}.Debug|x86.ActiveCfg = Debug|x86
		{004EF9A7-6FF7-4ACA-9416-DCFB84A85B04}.Debug|x86.Build.0 = Debug|x86
		{004EF9A7-6FF7-4ACA-9416-DCFB84A85B04}.Release|Any CPU.ActiveCfg = Release|Any CPU
		{004EF9A7-6FF7-4ACA-9416-DCFB84A85B04}.Release|Any CPU.Build.0 = Release|Any CPU
		{004EF9A7-6FF7-4ACA-9416-DCFB84A85B04}.Release|ARM.ActiveCfg = Release|ARM
		{004EF9A7-6FF7-4ACA-9416-DCFB84A85B04}.Release|ARM.Build.0 = Release|ARM
		{004EF9A7-6FF7-4ACA-9416-DCFB84A85B04}.Release|ARM64.ActiveCfg = Release|ARM64
		{004EF9A7-6FF7-4ACA-9416-DCFB84A85B04}.Release|ARM64.Build.0 = Release|ARM64
		{004EF9A7-6FF7-4ACA-9416-DCFB84A85B04}.Release|iPhone.ActiveCfg = Release|Any CPU
		{004EF9A7-6FF7-4ACA-9416-DCFB84A85B04}.Release|iPhone.Build.0 = Release|Any CPU
		{004EF9A7-6FF7-4ACA-9416-DCFB84A85B04}.Release|iPhoneSimulator.ActiveCfg = Release|Any CPU
		{004EF9A7-6FF7-4ACA-9416-DCFB84A85B04}.Release|iPhoneSimulator.Build.0 = Release|Any CPU
		{004EF9A7-6FF7-4ACA-9416-DCFB84A85B04}.Release|x64.ActiveCfg = Release|x64
		{004EF9A7-6FF7-4ACA-9416-DCFB84A85B04}.Release|x64.Build.0 = Release|x64
		{004EF9A7-6FF7-4ACA-9416-DCFB84A85B04}.Release|x86.ActiveCfg = Release|x86
		{004EF9A7-6FF7-4ACA-9416-DCFB84A85B04}.Release|x86.Build.0 = Release|x86
		{86DE0847-5552-4103-AA9F-53A5C8BDDAAE}.Debug|Any CPU.ActiveCfg = Debug|Any CPU
		{86DE0847-5552-4103-AA9F-53A5C8BDDAAE}.Debug|Any CPU.Build.0 = Debug|Any CPU
		{86DE0847-5552-4103-AA9F-53A5C8BDDAAE}.Debug|ARM.ActiveCfg = Debug|Any CPU
		{86DE0847-5552-4103-AA9F-53A5C8BDDAAE}.Debug|ARM.Build.0 = Debug|Any CPU
		{86DE0847-5552-4103-AA9F-53A5C8BDDAAE}.Debug|ARM64.ActiveCfg = Debug|Any CPU
		{86DE0847-5552-4103-AA9F-53A5C8BDDAAE}.Debug|ARM64.Build.0 = Debug|Any CPU
		{86DE0847-5552-4103-AA9F-53A5C8BDDAAE}.Debug|iPhone.ActiveCfg = Debug|Any CPU
		{86DE0847-5552-4103-AA9F-53A5C8BDDAAE}.Debug|iPhone.Build.0 = Debug|Any CPU
		{86DE0847-5552-4103-AA9F-53A5C8BDDAAE}.Debug|iPhoneSimulator.ActiveCfg = Debug|Any CPU
		{86DE0847-5552-4103-AA9F-53A5C8BDDAAE}.Debug|iPhoneSimulator.Build.0 = Debug|Any CPU
		{86DE0847-5552-4103-AA9F-53A5C8BDDAAE}.Debug|x64.ActiveCfg = Debug|Any CPU
		{86DE0847-5552-4103-AA9F-53A5C8BDDAAE}.Debug|x64.Build.0 = Debug|Any CPU
		{86DE0847-5552-4103-AA9F-53A5C8BDDAAE}.Debug|x86.ActiveCfg = Debug|Any CPU
		{86DE0847-5552-4103-AA9F-53A5C8BDDAAE}.Debug|x86.Build.0 = Debug|Any CPU
		{86DE0847-5552-4103-AA9F-53A5C8BDDAAE}.Release|Any CPU.ActiveCfg = Release|Any CPU
		{86DE0847-5552-4103-AA9F-53A5C8BDDAAE}.Release|Any CPU.Build.0 = Release|Any CPU
		{86DE0847-5552-4103-AA9F-53A5C8BDDAAE}.Release|ARM.ActiveCfg = Release|Any CPU
		{86DE0847-5552-4103-AA9F-53A5C8BDDAAE}.Release|ARM.Build.0 = Release|Any CPU
		{86DE0847-5552-4103-AA9F-53A5C8BDDAAE}.Release|ARM64.ActiveCfg = Release|Any CPU
		{86DE0847-5552-4103-AA9F-53A5C8BDDAAE}.Release|ARM64.Build.0 = Release|Any CPU
		{86DE0847-5552-4103-AA9F-53A5C8BDDAAE}.Release|iPhone.ActiveCfg = Release|Any CPU
		{86DE0847-5552-4103-AA9F-53A5C8BDDAAE}.Release|iPhone.Build.0 = Release|Any CPU
		{86DE0847-5552-4103-AA9F-53A5C8BDDAAE}.Release|iPhoneSimulator.ActiveCfg = Release|Any CPU
		{86DE0847-5552-4103-AA9F-53A5C8BDDAAE}.Release|iPhoneSimulator.Build.0 = Release|Any CPU
		{86DE0847-5552-4103-AA9F-53A5C8BDDAAE}.Release|x64.ActiveCfg = Release|Any CPU
		{86DE0847-5552-4103-AA9F-53A5C8BDDAAE}.Release|x64.Build.0 = Release|Any CPU
		{86DE0847-5552-4103-AA9F-53A5C8BDDAAE}.Release|x86.ActiveCfg = Release|Any CPU
		{86DE0847-5552-4103-AA9F-53A5C8BDDAAE}.Release|x86.Build.0 = Release|Any CPU
		{536443CD-F511-49BC-9ED0-0FFB27361E95}.Debug|Any CPU.ActiveCfg = Debug|Any CPU
		{536443CD-F511-49BC-9ED0-0FFB27361E95}.Debug|Any CPU.Build.0 = Debug|Any CPU
		{536443CD-F511-49BC-9ED0-0FFB27361E95}.Debug|ARM.ActiveCfg = Debug|Any CPU
		{536443CD-F511-49BC-9ED0-0FFB27361E95}.Debug|ARM.Build.0 = Debug|Any CPU
		{536443CD-F511-49BC-9ED0-0FFB27361E95}.Debug|ARM64.ActiveCfg = Debug|Any CPU
		{536443CD-F511-49BC-9ED0-0FFB27361E95}.Debug|ARM64.Build.0 = Debug|Any CPU
		{536443CD-F511-49BC-9ED0-0FFB27361E95}.Debug|iPhone.ActiveCfg = Debug|Any CPU
		{536443CD-F511-49BC-9ED0-0FFB27361E95}.Debug|iPhone.Build.0 = Debug|Any CPU
		{536443CD-F511-49BC-9ED0-0FFB27361E95}.Debug|iPhoneSimulator.ActiveCfg = Debug|Any CPU
		{536443CD-F511-49BC-9ED0-0FFB27361E95}.Debug|iPhoneSimulator.Build.0 = Debug|Any CPU
		{536443CD-F511-49BC-9ED0-0FFB27361E95}.Debug|x64.ActiveCfg = Debug|Any CPU
		{536443CD-F511-49BC-9ED0-0FFB27361E95}.Debug|x64.Build.0 = Debug|Any CPU
		{536443CD-F511-49BC-9ED0-0FFB27361E95}.Debug|x86.ActiveCfg = Debug|Any CPU
		{536443CD-F511-49BC-9ED0-0FFB27361E95}.Debug|x86.Build.0 = Debug|Any CPU
		{536443CD-F511-49BC-9ED0-0FFB27361E95}.Release|Any CPU.ActiveCfg = Release|Any CPU
		{536443CD-F511-49BC-9ED0-0FFB27361E95}.Release|Any CPU.Build.0 = Release|Any CPU
		{536443CD-F511-49BC-9ED0-0FFB27361E95}.Release|ARM.ActiveCfg = Release|Any CPU
		{536443CD-F511-49BC-9ED0-0FFB27361E95}.Release|ARM.Build.0 = Release|Any CPU
		{536443CD-F511-49BC-9ED0-0FFB27361E95}.Release|ARM64.ActiveCfg = Release|Any CPU
		{536443CD-F511-49BC-9ED0-0FFB27361E95}.Release|ARM64.Build.0 = Release|Any CPU
		{536443CD-F511-49BC-9ED0-0FFB27361E95}.Release|iPhone.ActiveCfg = Release|Any CPU
		{536443CD-F511-49BC-9ED0-0FFB27361E95}.Release|iPhone.Build.0 = Release|Any CPU
		{536443CD-F511-49BC-9ED0-0FFB27361E95}.Release|iPhoneSimulator.ActiveCfg = Release|Any CPU
		{536443CD-F511-49BC-9ED0-0FFB27361E95}.Release|iPhoneSimulator.Build.0 = Release|Any CPU
		{536443CD-F511-49BC-9ED0-0FFB27361E95}.Release|x64.ActiveCfg = Release|Any CPU
		{536443CD-F511-49BC-9ED0-0FFB27361E95}.Release|x64.Build.0 = Release|Any CPU
		{536443CD-F511-49BC-9ED0-0FFB27361E95}.Release|x86.ActiveCfg = Release|Any CPU
		{536443CD-F511-49BC-9ED0-0FFB27361E95}.Release|x86.Build.0 = Release|Any CPU
		{9A40DE34-BD02-436F-BD0B-CF9DA910B7FA}.Debug|Any CPU.ActiveCfg = Debug|Any CPU
		{9A40DE34-BD02-436F-BD0B-CF9DA910B7FA}.Debug|Any CPU.Build.0 = Debug|Any CPU
		{9A40DE34-BD02-436F-BD0B-CF9DA910B7FA}.Debug|ARM.ActiveCfg = Debug|Any CPU
		{9A40DE34-BD02-436F-BD0B-CF9DA910B7FA}.Debug|ARM.Build.0 = Debug|Any CPU
		{9A40DE34-BD02-436F-BD0B-CF9DA910B7FA}.Debug|ARM64.ActiveCfg = Debug|Any CPU
		{9A40DE34-BD02-436F-BD0B-CF9DA910B7FA}.Debug|ARM64.Build.0 = Debug|Any CPU
		{9A40DE34-BD02-436F-BD0B-CF9DA910B7FA}.Debug|iPhone.ActiveCfg = Debug|Any CPU
		{9A40DE34-BD02-436F-BD0B-CF9DA910B7FA}.Debug|iPhone.Build.0 = Debug|Any CPU
		{9A40DE34-BD02-436F-BD0B-CF9DA910B7FA}.Debug|iPhoneSimulator.ActiveCfg = Debug|Any CPU
		{9A40DE34-BD02-436F-BD0B-CF9DA910B7FA}.Debug|iPhoneSimulator.Build.0 = Debug|Any CPU
		{9A40DE34-BD02-436F-BD0B-CF9DA910B7FA}.Debug|x64.ActiveCfg = Debug|Any CPU
		{9A40DE34-BD02-436F-BD0B-CF9DA910B7FA}.Debug|x64.Build.0 = Debug|Any CPU
		{9A40DE34-BD02-436F-BD0B-CF9DA910B7FA}.Debug|x86.ActiveCfg = Debug|Any CPU
		{9A40DE34-BD02-436F-BD0B-CF9DA910B7FA}.Debug|x86.Build.0 = Debug|Any CPU
		{9A40DE34-BD02-436F-BD0B-CF9DA910B7FA}.Release|Any CPU.ActiveCfg = Debug|Any CPU
		{9A40DE34-BD02-436F-BD0B-CF9DA910B7FA}.Release|Any CPU.Build.0 = Debug|Any CPU
		{9A40DE34-BD02-436F-BD0B-CF9DA910B7FA}.Release|ARM.ActiveCfg = Release|Any CPU
		{9A40DE34-BD02-436F-BD0B-CF9DA910B7FA}.Release|ARM.Build.0 = Release|Any CPU
		{9A40DE34-BD02-436F-BD0B-CF9DA910B7FA}.Release|ARM64.ActiveCfg = Release|Any CPU
		{9A40DE34-BD02-436F-BD0B-CF9DA910B7FA}.Release|ARM64.Build.0 = Release|Any CPU
		{9A40DE34-BD02-436F-BD0B-CF9DA910B7FA}.Release|iPhone.ActiveCfg = Release|Any CPU
		{9A40DE34-BD02-436F-BD0B-CF9DA910B7FA}.Release|iPhone.Build.0 = Release|Any CPU
		{9A40DE34-BD02-436F-BD0B-CF9DA910B7FA}.Release|iPhoneSimulator.ActiveCfg = Release|Any CPU
		{9A40DE34-BD02-436F-BD0B-CF9DA910B7FA}.Release|iPhoneSimulator.Build.0 = Release|Any CPU
		{9A40DE34-BD02-436F-BD0B-CF9DA910B7FA}.Release|x64.ActiveCfg = Release|Any CPU
		{9A40DE34-BD02-436F-BD0B-CF9DA910B7FA}.Release|x64.Build.0 = Release|Any CPU
		{9A40DE34-BD02-436F-BD0B-CF9DA910B7FA}.Release|x86.ActiveCfg = Release|Any CPU
		{9A40DE34-BD02-436F-BD0B-CF9DA910B7FA}.Release|x86.Build.0 = Release|Any CPU
		{3B2BF7EC-7FC0-492D-B7B1-768783FEE97A}.Debug|Any CPU.ActiveCfg = Debug|Any CPU
		{3B2BF7EC-7FC0-492D-B7B1-768783FEE97A}.Debug|Any CPU.Build.0 = Debug|Any CPU
		{3B2BF7EC-7FC0-492D-B7B1-768783FEE97A}.Debug|ARM.ActiveCfg = Debug|ARM
		{3B2BF7EC-7FC0-492D-B7B1-768783FEE97A}.Debug|ARM.Build.0 = Debug|ARM
		{3B2BF7EC-7FC0-492D-B7B1-768783FEE97A}.Debug|ARM64.ActiveCfg = Debug|ARM64
		{3B2BF7EC-7FC0-492D-B7B1-768783FEE97A}.Debug|ARM64.Build.0 = Debug|ARM64
		{3B2BF7EC-7FC0-492D-B7B1-768783FEE97A}.Debug|iPhone.ActiveCfg = Debug|Any CPU
		{3B2BF7EC-7FC0-492D-B7B1-768783FEE97A}.Debug|iPhone.Build.0 = Debug|Any CPU
		{3B2BF7EC-7FC0-492D-B7B1-768783FEE97A}.Debug|iPhoneSimulator.ActiveCfg = Debug|Any CPU
		{3B2BF7EC-7FC0-492D-B7B1-768783FEE97A}.Debug|x64.ActiveCfg = Debug|x64
		{3B2BF7EC-7FC0-492D-B7B1-768783FEE97A}.Debug|x64.Build.0 = Debug|x64
		{3B2BF7EC-7FC0-492D-B7B1-768783FEE97A}.Debug|x86.ActiveCfg = Debug|x86
		{3B2BF7EC-7FC0-492D-B7B1-768783FEE97A}.Debug|x86.Build.0 = Debug|x86
		{3B2BF7EC-7FC0-492D-B7B1-768783FEE97A}.Release|Any CPU.ActiveCfg = Debug|Any CPU
		{3B2BF7EC-7FC0-492D-B7B1-768783FEE97A}.Release|Any CPU.Build.0 = Debug|Any CPU
		{3B2BF7EC-7FC0-492D-B7B1-768783FEE97A}.Release|ARM.ActiveCfg = Release|ARM
		{3B2BF7EC-7FC0-492D-B7B1-768783FEE97A}.Release|ARM.Build.0 = Release|ARM
		{3B2BF7EC-7FC0-492D-B7B1-768783FEE97A}.Release|ARM64.ActiveCfg = Release|ARM64
		{3B2BF7EC-7FC0-492D-B7B1-768783FEE97A}.Release|ARM64.Build.0 = Release|ARM64
		{3B2BF7EC-7FC0-492D-B7B1-768783FEE97A}.Release|iPhone.ActiveCfg = Release|Any CPU
		{3B2BF7EC-7FC0-492D-B7B1-768783FEE97A}.Release|iPhone.Build.0 = Release|Any CPU
		{3B2BF7EC-7FC0-492D-B7B1-768783FEE97A}.Release|iPhoneSimulator.ActiveCfg = Release|Any CPU
		{3B2BF7EC-7FC0-492D-B7B1-768783FEE97A}.Release|iPhoneSimulator.Build.0 = Release|Any CPU
		{3B2BF7EC-7FC0-492D-B7B1-768783FEE97A}.Release|x64.ActiveCfg = Release|x64
		{3B2BF7EC-7FC0-492D-B7B1-768783FEE97A}.Release|x64.Build.0 = Release|x64
		{3B2BF7EC-7FC0-492D-B7B1-768783FEE97A}.Release|x86.ActiveCfg = Release|x86
		{3B2BF7EC-7FC0-492D-B7B1-768783FEE97A}.Release|x86.Build.0 = Release|x86
		{C9245153-A111-4ED4-8CCF-47CCB500B3F3}.Debug|Any CPU.ActiveCfg = Debug|Any CPU
		{C9245153-A111-4ED4-8CCF-47CCB500B3F3}.Debug|Any CPU.Build.0 = Debug|Any CPU
		{C9245153-A111-4ED4-8CCF-47CCB500B3F3}.Debug|ARM.ActiveCfg = Debug|Any CPU
		{C9245153-A111-4ED4-8CCF-47CCB500B3F3}.Debug|ARM.Build.0 = Debug|Any CPU
		{C9245153-A111-4ED4-8CCF-47CCB500B3F3}.Debug|ARM64.ActiveCfg = Debug|Any CPU
		{C9245153-A111-4ED4-8CCF-47CCB500B3F3}.Debug|ARM64.Build.0 = Debug|Any CPU
		{C9245153-A111-4ED4-8CCF-47CCB500B3F3}.Debug|iPhone.ActiveCfg = Debug|Any CPU
		{C9245153-A111-4ED4-8CCF-47CCB500B3F3}.Debug|iPhone.Build.0 = Debug|Any CPU
		{C9245153-A111-4ED4-8CCF-47CCB500B3F3}.Debug|iPhoneSimulator.ActiveCfg = Debug|Any CPU
		{C9245153-A111-4ED4-8CCF-47CCB500B3F3}.Debug|iPhoneSimulator.Build.0 = Debug|Any CPU
		{C9245153-A111-4ED4-8CCF-47CCB500B3F3}.Debug|x64.ActiveCfg = Debug|Any CPU
		{C9245153-A111-4ED4-8CCF-47CCB500B3F3}.Debug|x64.Build.0 = Debug|Any CPU
		{C9245153-A111-4ED4-8CCF-47CCB500B3F3}.Debug|x86.ActiveCfg = Debug|Any CPU
		{C9245153-A111-4ED4-8CCF-47CCB500B3F3}.Debug|x86.Build.0 = Debug|Any CPU
		{C9245153-A111-4ED4-8CCF-47CCB500B3F3}.Release|Any CPU.ActiveCfg = Debug|Any CPU
		{C9245153-A111-4ED4-8CCF-47CCB500B3F3}.Release|Any CPU.Build.0 = Debug|Any CPU
		{C9245153-A111-4ED4-8CCF-47CCB500B3F3}.Release|ARM.ActiveCfg = Release|Any CPU
		{C9245153-A111-4ED4-8CCF-47CCB500B3F3}.Release|ARM.Build.0 = Release|Any CPU
		{C9245153-A111-4ED4-8CCF-47CCB500B3F3}.Release|ARM64.ActiveCfg = Release|Any CPU
		{C9245153-A111-4ED4-8CCF-47CCB500B3F3}.Release|ARM64.Build.0 = Release|Any CPU
		{C9245153-A111-4ED4-8CCF-47CCB500B3F3}.Release|iPhone.ActiveCfg = Release|Any CPU
		{C9245153-A111-4ED4-8CCF-47CCB500B3F3}.Release|iPhone.Build.0 = Release|Any CPU
		{C9245153-A111-4ED4-8CCF-47CCB500B3F3}.Release|iPhoneSimulator.ActiveCfg = Release|Any CPU
		{C9245153-A111-4ED4-8CCF-47CCB500B3F3}.Release|iPhoneSimulator.Build.0 = Release|Any CPU
		{C9245153-A111-4ED4-8CCF-47CCB500B3F3}.Release|x64.ActiveCfg = Release|Any CPU
		{C9245153-A111-4ED4-8CCF-47CCB500B3F3}.Release|x64.Build.0 = Release|Any CPU
		{C9245153-A111-4ED4-8CCF-47CCB500B3F3}.Release|x86.ActiveCfg = Release|Any CPU
		{C9245153-A111-4ED4-8CCF-47CCB500B3F3}.Release|x86.Build.0 = Release|Any CPU
	EndGlobalSection
	GlobalSection(SolutionProperties) = preSolution
		HideSolutionNode = FALSE
	EndGlobalSection
	GlobalSection(NestedProjects) = preSolution
		{B2AB3B6E-89C6-4223-ACFF-4E3C027868A9} = {AB9AD206-4B1E-4B0C-88A2-5C769314E8A4}
		{D058A769-9AE6-438F-960C-2ECC287F6D1E} = {C3FDCDB7-0C29-472D-A406-E2F21A4B0EAE}
		{1B3F8AD2-4252-44CA-8DD6-A7702C46A25D} = {C3FDCDB7-0C29-472D-A406-E2F21A4B0EAE}
		{6F6832FA-2E11-4324-B336-5673DFE15862} = {C3FDCDB7-0C29-472D-A406-E2F21A4B0EAE}
		{BCAF5569-30DB-4D44-BF46-DFFE93DDCBD0} = {AB9AD206-4B1E-4B0C-88A2-5C769314E8A4}
		{1E8FBBC2-9E06-4960-A116-65CDEFEFE11D} = {AB9AD206-4B1E-4B0C-88A2-5C769314E8A4}
		{EDC997D0-2358-416F-A628-5DFD85728060} = {586C3CCB-82A5-47F0-A099-B9A31BB4EA88}
		{BF15264B-D7C7-4F09-B13B-487D60D649BD} = {BDB6346D-E97A-49F4-81D6-664390944360}
		{00B248D0-382A-4504-A126-76B9C892583E} = {BDB6346D-E97A-49F4-81D6-664390944360}
		{F5FFBB2C-23BE-4029-BFD1-1028F1461F86} = {BDB6346D-E97A-49F4-81D6-664390944360}
		{12BE5947-A64A-4968-96A6-5CA3CE36C244} = {C3FDCDB7-0C29-472D-A406-E2F21A4B0EAE}
		{9ACC68A5-5A5C-409D-A379-D62220A9F49F} = {BDB6346D-E97A-49F4-81D6-664390944360}
		{35664234-EB75-47BA-A082-9F96BDF6FC92} = {C3FDCDB7-0C29-472D-A406-E2F21A4B0EAE}
		{0FC87DE5-B5E5-4846-894B-824497118143} = {C3FDCDB7-0C29-472D-A406-E2F21A4B0EAE}
		{E7FA15FC-418F-4FFE-9DC1-CF68AFA860AA} = {BDB6346D-E97A-49F4-81D6-664390944360}
		{004EF9A7-6FF7-4ACA-9416-DCFB84A85B04} = {BDB6346D-E97A-49F4-81D6-664390944360}
		{86DE0847-5552-4103-AA9F-53A5C8BDDAAE} = {58DBC917-7CAE-49A2-8B1C-063A1F2AC5DF}
		{9A40DE34-BD02-436F-BD0B-CF9DA910B7FA} = {AB9AD206-4B1E-4B0C-88A2-5C769314E8A4}
		{3B2BF7EC-7FC0-492D-B7B1-768783FEE97A} = {AB9AD206-4B1E-4B0C-88A2-5C769314E8A4}
		{C9245153-A111-4ED4-8CCF-47CCB500B3F3} = {AB9AD206-4B1E-4B0C-88A2-5C769314E8A4}
	EndGlobalSection
	GlobalSection(ExtensibilityGlobals) = postSolution
		SolutionGuid = {0653DB4A-5BBE-4D78-99B2-DB1C82663246}
	EndGlobalSection
	GlobalSection(MonoDevelopProperties) = preSolution
		Policies = $0
		$0.DotNetNamingPolicy = $1
	EndGlobalSection
EndGlobal
