
Microsoft Visual Studio Solution File, Format Version 12.00
# Visual Studio Version 16
VisualStudioVersion = 16.0.31220.234
MinimumVisualStudioVersion = 10.0.40219.1
Project("{9A19103F-16F7-4668-BE54-9A1E7A4F7556}") = "CometApp1", "CometApp1\CometApp1.csproj", "{4067340A-BF74-4E4C-97BE-6C932B5FC9D6}"
EndProject
Project("{FAE04EC0-301F-11D3-BF4B-00C04F79EFBC}") = "CometApp1Test", "CometApp1Test\CometApp1Test.csproj", "{03029F26-9679-49FB-A28A-7A4EB50AE9D6}"
EndProject
Global
	GlobalSection(SolutionConfigurationPlatforms) = preSolution
		Debug|Any CPU = Debug|Any CPU
		Release|Any CPU = Release|Any CPU
	EndGlobalSection
	GlobalSection(ProjectConfigurationPlatforms) = postSolution
		{4067340A-BF74-4E4C-97BE-6C932B5FC9D6}.Debug|Any CPU.ActiveCfg = Debug|Any CPU
		{4067340A-BF74-4E4C-97BE-6C932B5FC9D6}.Debug|Any CPU.Build.0 = Debug|Any CPU
		{4067340A-BF74-4E4C-97BE-6C932B5FC9D6}.Debug|Any CPU.Deploy.0 = Debug|Any CPU
		{4067340A-BF74-4E4C-97BE-6C932B5FC9D6}.Release|Any CPU.ActiveCfg = Release|Any CPU
		{4067340A-BF74-4E4C-97BE-6C932B5FC9D6}.Release|Any CPU.Build.0 = Release|Any CPU
		{4067340A-BF74-4E4C-97BE-6C932B5FC9D6}.Release|Any CPU.Deploy.0 = Release|Any CPU
		{03029F26-9679-49FB-A28A-7A4EB50AE9D6}.Debug|Any CPU.ActiveCfg = Debug|Any CPU
		{03029F26-9679-49FB-A28A-7A4EB50AE9D6}.Debug|Any CPU.Build.0 = Debug|Any CPU
		{03029F26-9679-49FB-A28A-7A4EB50AE9D6}.Release|Any CPU.ActiveCfg = Release|Any CPU
		{03029F26-9679-49FB-A28A-7A4EB50AE9D6}.Release|Any CPU.Build.0 = Release|Any CPU
	EndGlobalSection
	GlobalSection(SolutionProperties) = preSolution
		HideSolutionNode = FALSE
	EndGlobalSection
	GlobalSection(ExtensibilityGlobals) = postSolution
		SolutionGuid = {61F7FB11-1E47-470C-91E2-47F8143E1572}
	EndGlobalSection
EndGlobal
