
Microsoft Visual Studio Solution File, Format Version 12.00
# Visual Studio Version 16
VisualStudioVersion = 16.0.31220.234
MinimumVisualStudioVersion = 10.0.40219.1
Project("{9A19103F-16F7-4668-BE54-9A1E7A4F7556}") = "CometApp1", "CometApp1\CometApp1.csproj", "{4067340A-BF74-4E4C-97BE-6C932B5FC9D6}"
EndProject
Project("{9A19103F-16F7-4668-BE54-9A1E7A4F7556}") = "CometApp1.WinUI", "CometApp1.WinUI\CometApp1.WinUI.csproj", "{CF0D7AA7-B62E-49CD-96C5-3A0257624B97}"
EndProject
Global
	GlobalSection(SolutionConfigurationPlatforms) = preSolution
		Debug|Any CPU = Debug|Any CPU
		Release|Any CPU = Release|Any CPU
	EndGlobalSection
	GlobalSection(ProjectConfigurationPlatforms) = postSolution
		{4067340A-BF74-4E4C-97BE-6C932B5FC9D6}.Debug|Any CPU.ActiveCfg = Debug|Any CPU
		{4067340A-BF74-4E4C-97BE-6C932B5FC9D6}.Debug|Any CPU.Build.0 = Debug|Any CPU
		{4067340A-BF74-4E4C-97BE-6C932B5FC9D6}.Debug|Any CPU.Deploy.0 = Debug|Any CPU
		{4067340A-BF74-4E4C-97BE-6C932B5FC9D6}.Release|Any CPU.ActiveCfg = Release|Any CPU
		{4067340A-BF74-4E4C-97BE-6C932B5FC9D6}.Release|Any CPU.Build.0 = Release|Any CPU
		{4067340A-BF74-4E4C-97BE-6C932B5FC9D6}.Release|Any CPU.Deploy.0 = Release|Any CPU
		{CF0D7AA7-B62E-49CD-96C5-3A0257624B97}.Debug|Any CPU.ActiveCfg = Debug|Any CPU
		{CF0D7AA7-B62E-49CD-96C5-3A0257624B97}.Debug|Any CPU.Build.0 = Debug|Any CPU
		{CF0D7AA7-B62E-49CD-96C5-3A0257624B97}.Debug|Any CPU.Deploy.0 = Debug|Any CPU
		{CF0D7AA7-B62E-49CD-96C5-3A0257624B97}.Release|Any CPU.ActiveCfg = Release|Any CPU
		{CF0D7AA7-B62E-49CD-96C5-3A0257624B97}.Release|Any CPU.Build.0 = Release|Any CPU
		{CF0D7AA7-B62E-49CD-96C5-3A0257624B97}.Release|Any CPU.Deploy.0 = Release|Any CPU
	EndGlobalSection
	GlobalSection(SolutionProperties) = preSolution
		HideSolutionNode = FALSE
	EndGlobalSection
	GlobalSection(ExtensibilityGlobals) = postSolution
		SolutionGuid = {61F7FB11-1E47-470C-91E2-47F8143E1572}
	EndGlobalSection
EndGlobal
