
Microsoft Visual Studio Solution File, Format Version 12.00
# Visual Studio 15
Project("{FAE04EC0-301F-11D3-BF4B-00C04F79EFBC}") = "NewApp", "NewApp\NewApp.csproj", "{032FBFD0-7AD6-4B97-8372-B94141CEA15C}"
EndProject
Project("{FAE04EC0-301F-11D3-BF4B-00C04F79EFBC}") = "NewApp.iOS", "NewApp.iOS\NewApp.iOS.csproj", "{BA2C8415-B3DC-409B-980E-DDDA5A5345BD}"
EndProject
Project("{FAE04EC0-301F-11D3-BF4B-00C04F79EFBC}") = "NewApp.Android", "NewApp.Android\NewApp.Android.csproj", "{8D9F8CF0-E178-402D-8D40-A88B7B5F3D42}"
EndProject
Global
	GlobalSection(SolutionConfigurationPlatforms) = preSolution
		Debug|Any CPU = Debug|Any CPU
		Release|Any CPU = Release|Any CPU
		Debug|iPhoneSimulator = Debug|iPhoneSimulator
		Release|iPhoneSimulator = Release|iPhoneSimulator
		Debug|iPhone = Debug|iPhone
		Release|iPhone = Release|iPhone
	EndGlobalSection
	GlobalSection(ProjectConfigurationPlatforms) = postSolution
		{032FBFD0-7AD6-4B97-8372-B94141CEA15C}.Debug|Any CPU.ActiveCfg = Debug|Any CPU
		{032FBFD0-7AD6-4B97-8372-B94141CEA15C}.Debug|Any CPU.Build.0 = Debug|Any CPU
		{032FBFD0-7AD6-4B97-8372-B94141CEA15C}.Release|Any CPU.ActiveCfg = Release|Any CPU
		{032FBFD0-7AD6-4B97-8372-B94141CEA15C}.Release|Any CPU.Build.0 = Release|Any CPU
		{032FBFD0-7AD6-4B97-8372-B94141CEA15C}.Debug|iPhoneSimulator.ActiveCfg = Debug|Any CPU
		{032FBFD0-7AD6-4B97-8372-B94141CEA15C}.Debug|iPhoneSimulator.Build.0 = Debug|Any CPU
		{032FBFD0-7AD6-4B97-8372-B94141CEA15C}.Release|iPhoneSimulator.ActiveCfg = Release|Any CPU
		{032FBFD0-7AD6-4B97-8372-B94141CEA15C}.Release|iPhoneSimulator.Build.0 = Release|Any CPU
		{032FBFD0-7AD6-4B97-8372-B94141CEA15C}.Debug|iPhone.ActiveCfg = Debug|Any CPU
		{032FBFD0-7AD6-4B97-8372-B94141CEA15C}.Debug|iPhone.Build.0 = Debug|Any CPU
		{032FBFD0-7AD6-4B97-8372-B94141CEA15C}.Release|iPhone.ActiveCfg = Release|Any CPU
		{032FBFD0-7AD6-4B97-8372-B94141CEA15C}.Release|iPhone.Build.0 = Release|Any CPU
		{BA2C8415-B3DC-409B-980E-DDDA5A5345BD}.Debug|Any CPU.ActiveCfg = Debug|iPhoneSimulator
		{BA2C8415-B3DC-409B-980E-DDDA5A5345BD}.Release|Any CPU.ActiveCfg = Release|iPhoneSimulator
		{BA2C8415-B3DC-409B-980E-DDDA5A5345BD}.Release|Any CPU.Build.0 = Release|iPhoneSimulator
		{BA2C8415-B3DC-409B-980E-DDDA5A5345BD}.Debug|iPhoneSimulator.ActiveCfg = Debug|iPhoneSimulator
		{BA2C8415-B3DC-409B-980E-DDDA5A5345BD}.Debug|iPhoneSimulator.Build.0 = Debug|iPhoneSimulator
		{BA2C8415-B3DC-409B-980E-DDDA5A5345BD}.Release|iPhoneSimulator.ActiveCfg = Release|iPhoneSimulator
		{BA2C8415-B3DC-409B-980E-DDDA5A5345BD}.Release|iPhoneSimulator.Build.0 = Release|iPhoneSimulator
		{BA2C8415-B3DC-409B-980E-DDDA5A5345BD}.Debug|iPhone.ActiveCfg = Debug|iPhone
		{BA2C8415-B3DC-409B-980E-DDDA5A5345BD}.Debug|iPhone.Build.0 = Debug|iPhone
		{BA2C8415-B3DC-409B-980E-DDDA5A5345BD}.Release|iPhone.ActiveCfg = Release|iPhone
		{BA2C8415-B3DC-409B-980E-DDDA5A5345BD}.Release|iPhone.Build.0 = Release|iPhone
		{7FCB4590-5B53-4CF7-B00C-3722F34EB950}.Debug|Any CPU.ActiveCfg = Debug|Any CPU
		{7FCB4590-5B53-4CF7-B00C-3722F34EB950}.Debug|Any CPU.Build.0 = Debug|Any CPU
		{7FCB4590-5B53-4CF7-B00C-3722F34EB950}.Release|Any CPU.ActiveCfg = Debug|Any CPU
		{7FCB4590-5B53-4CF7-B00C-3722F34EB950}.Release|Any CPU.Build.0 = Debug|Any CPU
	EndGlobalSection
EndGlobal
