
Microsoft Visual Studio Solution File, Format Version 12.00
# Visual Studio 15
Project("{FAE04EC0-301F-11D3-BF4B-00C04F79EFBC}") = "HotUI.Samples", "HotUI.Samples.csproj", "{379AF22B-C8AB-4AC5-B178-2F1D32C2C975}"
EndProject
Global
	GlobalSection(SolutionConfigurationPlatforms) = preSolution
		Debug|Any CPU = Debug|Any CPU
		Release|Any CPU = Release|Any CPU
	EndGlobalSection
	GlobalSection(ProjectConfigurationPlatforms) = postSolution
		{379AF22B-C8AB-4AC5-B178-2F1D32C2C975}.Debug|Any CPU.ActiveCfg = Debug|Any CPU
		{379AF22B-C8AB-4AC5-B178-2F1D32C2C975}.Debug|Any CPU.Build.0 = Debug|Any CPU
		{379AF22B-C8AB-4AC5-B178-2F1D32C2C975}.Release|Any CPU.ActiveCfg = Release|Any CPU
		{379AF22B-C8AB-4AC5-B178-2F1D32C2C975}.Release|Any CPU.Build.0 = Release|Any CPU
	EndGlobalSection
EndGlobal
